{"format_version":"1.0","provider_schemas":{"registry.terraform.io/vmware/tanzu-mission-control":{"provider":{"version":0,"block":{"attributes":{"ca_cert":{"type":"string","description_kind":"plain","optional":true,"sensitive":true},"ca_file":{"type":"string","description_kind":"plain","optional":true},"client_auth_cert":{"type":"string","description_kind":"plain","optional":true,"sensitive":true},"client_auth_cert_file":{"type":"string","description_kind":"plain","optional":true},"client_auth_key":{"type":"string","description_kind":"plain","optional":true,"sensitive":true},"client_auth_key_file":{"type":"string","description_kind":"plain","optional":true},"endpoint":{"type":"string","description_kind":"plain","optional":true},"insecure_allow_unverified_ssl":{"type":"bool","description_kind":"plain","optional":true},"vmw_cloud_api_token":{"type":"string","description_kind":"plain","optional":true,"sensitive":true},"vmw_cloud_endpoint":{"type":"string","description_kind":"plain","optional":true}},"block_types":{"self_managed":{"nesting_mode":"list","block":{"attributes":{"oidc_issuer":{"type":"string","description":"URL of the OpenID Connect (OIDC) issuer configured with self-managed Taznu mission control instance","description_kind":"plain","optional":true},"password":{"type":"string","description":"Password for the above mentioned Username field configured in the OIDC","description_kind":"plain","optional":true,"sensitive":true},"username":{"type":"string","description":"Username configured in the OIDC","description_kind":"plain","optional":true}},"description_kind":"plain"},"max_items":1}},"description_kind":"plain"}},"resource_schemas":{"tanzu-mission-control_akscluster":{"version":0,"block":{"attributes":{"credential_name":{"type":"string","description":"Name of the Azure Credential in Tanzu Mission Control","description_kind":"plain","required":true},"id":{"type":"string","description_kind":"plain","optional":true,"computed":true},"kubeconfig":{"type":"string","description":"Kubeconfig for connecting to newly created cluster base64 encoded. This will only be returned if you have elected to wait for kubeconfig.","description_kind":"plain","computed":true},"name":{"type":"string","description":"Name of this cluster","description_kind":"plain","required":true},"ready_wait_timeout":{"type":"string","description":"Wait timeout duration until cluster resource reaches READY state. Accepted timeout duration values like 5s, 45m, or 3h, higher than zero.  The default duration is 30m","description_kind":"plain","optional":true},"resource_group":{"type":"string","description":"Resource group for this cluster","description_kind":"plain","required":true},"subscription_id":{"type":"string","description":"Azure Subscription for this cluster","description_kind":"plain","required":true},"wait_for_kubeconfig":{"type":"bool","description":"Wait until pinniped extension is ready to provide kubeconfig","description_kind":"plain","optional":true}},"block_types":{"meta":{"nesting_mode":"list","block":{"attributes":{"annotations":{"type":["map","string"],"description":"Annotations for the resource","description_kind":"plain","optional":true,"computed":true},"description":{"type":"string","description":"Description of the resource","description_kind":"plain","optional":true},"labels":{"type":["map","string"],"description":"Labels for the resource","description_kind":"plain","optional":true},"resource_version":{"type":"string","description":"Resource version of the resource","description_kind":"plain","computed":true},"uid":{"type":"string","description":"UID of the resource","description_kind":"plain","computed":true}},"description":"Metadata for the resource","description_kind":"plain"},"max_items":1},"spec":{"nesting_mode":"list","block":{"attributes":{"agent_name":{"type":"string","description":"Name of the cluster in TMC","description_kind":"plain","optional":true,"computed":true},"cluster_group":{"type":"string","description":"Name of the cluster group to which this cluster belongs","description_kind":"plain","optional":true},"proxy":{"type":"string","description":"Optional proxy name is the name of the Proxy Config to be used for the cluster","description_kind":"plain","optional":true},"resource_id":{"type":"string","description":"Resource ID of the cluster in Azure.","description_kind":"plain","optional":true,"computed":true}},"block_types":{"config":{"nesting_mode":"list","block":{"attributes":{"disk_encryption_set":{"type":"string","description":"Resource ID of the disk encryption set to use for enabling","description_kind":"plain","optional":true},"kubernetes_version":{"type":"string","description":"Kubernetes version of the cluster","description_kind":"plain","required":true},"location":{"type":"string","description":"The geo-location where the resource lives for the cluster.","description_kind":"plain","required":true},"node_resource_group_name":{"type":"string","description":"Name of the resource group containing nodepools.","description_kind":"plain","optional":true,"computed":true},"tags":{"type":["map","string"],"description":"Metadata to apply to the cluster to assist with categorization and organization","description_kind":"plain","optional":true,"computed":true}},"block_types":{"access_config":{"nesting_mode":"list","block":{"attributes":{"disable_local_accounts":{"type":"bool","description":"Disable local accounts","description_kind":"plain","optional":true},"enable_rbac":{"type":"bool","description":"Enable kubernetes RBAC","description_kind":"plain","optional":true}},"block_types":{"aad_config":{"nesting_mode":"list","block":{"attributes":{"admin_group_ids":{"type":["list","string"],"description":"List of AAD group object IDs that will have admin role of the cluster.","description_kind":"plain","optional":true},"enable_azure_rbac":{"type":"bool","description":"Enable Azure RBAC for Kubernetes authorization","description_kind":"plain","optional":true},"managed":{"type":"bool","description":"Enable Managed RBAC","description_kind":"plain","optional":true},"tenant_id":{"type":"string","description":"AAD tenant ID to use for authentication. If not specified, will use the tenant of the deployment subscription.","description_kind":"plain","optional":true}},"description":"Azure Active Directory config","description_kind":"plain"},"max_items":1}},"description":"Access config","description_kind":"plain"},"max_items":1},"addon_config":{"nesting_mode":"list","block":{"block_types":{"azure_keyvault_secrets_provider_addon_config":{"nesting_mode":"list","block":{"attributes":{"enable":{"type":"bool","description":"Enable Azure Key Vault Secrets Provider","description_kind":"plain","optional":true},"enable_secret_rotation":{"type":"bool","description":"Enable secrets rotation","description_kind":"plain","optional":true},"rotation_poll_interval":{"type":"string","description":"Secret rotation interval","description_kind":"plain","optional":true}},"description":"Keyvault secrets provider addon","description_kind":"plain"}},"azure_policy_addon_config":{"nesting_mode":"list","block":{"attributes":{"enable":{"type":"bool","description":"Enable policy addon","description_kind":"plain","optional":true}},"description":"Azure policy addon","description_kind":"plain"}},"monitor_addon_config":{"nesting_mode":"list","block":{"attributes":{"enable":{"type":"bool","description":"Enable monitor","description_kind":"plain","optional":true},"log_analytics_workspace_id":{"type":"string","description":"Log analytics workspace ID for the monitoring addon","description_kind":"plain","optional":true}},"description":"Monitor addon","description_kind":"plain"}}},"description":"Addons Config","description_kind":"plain"},"max_items":1},"api_server_access_config":{"nesting_mode":"list","block":{"attributes":{"authorized_ip_ranges":{"type":["list","string"],"description":"IP ranges authorized to access the Kubernetes API server","description_kind":"plain","optional":true},"enable_private_cluster":{"type":"bool","description":"Enable Private Cluster","description_kind":"plain","required":true}},"description":"API Server Access Config","description_kind":"plain"},"max_items":1},"auto_upgrade_config":{"nesting_mode":"list","block":{"attributes":{"upgrade_channel":{"type":"string","description":"Upgrade Channel. Allowed values include: NONE, PATCH, STABLE, RAPID or NODE_IMAGE","description_kind":"plain","optional":true}},"description":"Auto Upgrade Config","description_kind":"plain"},"max_items":1},"identity_config":{"nesting_mode":"list","block":{"attributes":{"type":{"type":"string","description":"Type of managed identity used by the cluster (default IDENTITY_TYPE_SYSTEM_ASSIGNED). Allowed values include: IDENTITY_TYPE_SYSTEM_ASSIGNED or IDENTITY_TYPE_USER_ASSIGNED","description_kind":"plain","optional":true}},"block_types":{"user_assigned":{"nesting_mode":"list","block":{"attributes":{"resource_id":{"type":"string","description":"The ARM resource ID of user assigned identity in the form: '/subscriptions/{subscriptionId}/resourceGroups/{resourceGroupName}/providers/Microsoft.ManagedIdentity/userAssignedIdentities/{identityName}'","description_kind":"plain","required":true}},"description":"User Assigned Managed Identity Config","description_kind":"plain"},"max_items":1}},"description":"Managed Identity Config","description_kind":"plain"},"max_items":1},"linux_config":{"nesting_mode":"list","block":{"attributes":{"admin_username":{"type":"string","description":"Administrator username to use for Linux VMs","description_kind":"plain","required":true},"ssh_keys":{"type":["list","string"],"description":"Certificate public key used to authenticate with VMs through SSH. The certificate must be in PEM format with or without headers","description_kind":"plain","optional":true}},"description":"Linux Config","description_kind":"plain"},"max_items":1},"network_config":{"nesting_mode":"list","block":{"attributes":{"dns_prefix":{"type":"string","description":"DNS prefix of the cluster","description_kind":"plain","required":true},"dns_service_ip":{"type":"string","description":"IP address assigned to the Kubernetes DNS service. This key can only be set when the network_config.network_plugin key is set to 'azure'.","description_kind":"plain","optional":true,"computed":true},"docker_bridge_cidr":{"type":"string","description":"A CIDR notation IP range assigned to the Docker bridge network","description_kind":"plain","optional":true,"computed":true},"load_balancer_sku":{"type":"string","description":"Load balancer SKU","description_kind":"plain","optional":true,"computed":true},"network_plugin":{"type":"string","description":"Network plugin. It is used for building Kubernetes network. Allowed values: azure, kubenet. Specify 'azure' for routable pod IPs from VNET, 'kubenet' for non-routable pod IPs with an overlay network, Defaults to 'kubenet'","description_kind":"plain","optional":true,"computed":true},"network_plugin_mode":{"type":"string","description":"Network plugin mode. Allowed values: overlay. Used to control the mode the network plugin should operate in. For example, 'overlay' used with networkPlugin=azure will use an overlay network (non-VNET IPs) for pods in the cluster.","description_kind":"plain","optional":true,"computed":true},"network_policy":{"type":"string","description":"Network policy","description_kind":"plain","optional":true},"pod_cidr":{"type":["list","string"],"description":"CIDR notation IP ranges from which to assign pod IPs","description_kind":"plain","optional":true,"computed":true},"service_cidr":{"type":["list","string"],"description":"CIDR notation IP ranges from which to assign service cluster IP. This key can only be set when the network_config.network_plugin key is set to 'azure'.","description_kind":"plain","optional":true,"computed":true}},"description":"Network Config","description_kind":"plain"},"min_items":1,"max_items":1},"sku":{"nesting_mode":"list","block":{"attributes":{"name":{"type":"string","description":"Name of the cluster SKU. Allowed values include: BASIC.","description_kind":"plain","optional":true,"computed":true},"tier":{"type":"string","description":"Tier of the cluster SKU. Allowed values include: FREE or PAID.","description_kind":"plain","optional":true,"computed":true}},"description":"Azure Kubernetes Service SKU","description_kind":"plain"},"max_items":1},"storage_config":{"nesting_mode":"list","block":{"attributes":{"enable_disk_csi_driver":{"type":"bool","description":"Enable the azure disk CSI driver for the storage","description_kind":"plain","optional":true,"computed":true},"enable_file_csi_driver":{"type":"bool","description":"Enable the azure file CSI driver for the storage","description_kind":"plain","optional":true,"computed":true},"enable_snapshot_controller":{"type":"bool","description":"Enable the snapshot controller for the storage","description_kind":"plain","optional":true,"computed":true}},"description":"Storage Config","description_kind":"plain"},"max_items":1}},"description":"AKS config for the cluster control plane","description_kind":"plain"},"min_items":1,"max_items":1},"nodepool":{"nesting_mode":"list","block":{"attributes":{"name":{"type":"string","description":"Name of the nodepool, immutable","description_kind":"plain","required":true}},"block_types":{"spec":{"nesting_mode":"list","block":{"attributes":{"availability_zones":{"type":["list","string"],"description":"The list of Availability zones to use for nodepool. This can only be specified if the type of the nodepool is AvailabilitySet.","description_kind":"plain","optional":true,"computed":true},"count":{"type":"number","description":"Count is the number of nodes","description_kind":"plain","required":true},"enable_node_public_ip":{"type":"bool","description":"Whether each node is allocated its own public IP","description_kind":"plain","optional":true},"max_pods":{"type":"number","description":"The maximum number of pods that can run on a node","description_kind":"plain","optional":true,"computed":true},"mode":{"type":"string","description":"The mode of the nodepool. Allowed values include: SYSTEM or USER. A cluster must have at least one 'SYSTEM' nodepool at all times.","description_kind":"plain","required":true},"node_image_version":{"type":"string","description":"The node image version of the nodepool.","description_kind":"plain","optional":true,"computed":true},"node_labels":{"type":["map","string"],"description":"The node labels to be persisted across all nodes in nodepool","description_kind":"plain","optional":true},"os_disk_size_gb":{"type":"number","description":"OS Disk Size in GB to be used to specify the disk size for every machine in the nodepool. If you specify 0, it will apply the default osDisk size according to the vmSize specified","description_kind":"plain","optional":true,"computed":true},"os_disk_type":{"type":"string","description":"OS Disk Type. Allowed values include: EPHEMERAL or MANAGED.","description_kind":"plain","optional":true,"computed":true},"os_type":{"type":"string","description":"The OS type of the nodepool. Allowed values include: LINUX.","description_kind":"plain","optional":true},"pod_subnet_id":{"type":"string","description":"The ID of a subnet in an existing VNet into which to assign pods in the cluster. Requires network-plugin to be azure and not compatible with network-plugin-mode overlay","description_kind":"plain","optional":true},"scale_set_eviction_policy":{"type":"string","description":"Scale set eviction policy, Allowed values include: DELETE or DEALLOCATE.","description_kind":"plain","optional":true},"scale_set_priority":{"type":"string","description":"Scale set priority. Allowed values include: REGULAR or SPOT.","description_kind":"plain","optional":true,"computed":true},"spot_max_price":{"type":"number","description":"Max spot price","description_kind":"plain","optional":true},"tags":{"type":["map","string"],"description":"AKS specific node tags","description_kind":"plain","optional":true},"type":{"type":"string","description":"The Nodepool type. Allowed values include: VIRTUAL_MACHINE_SCALE_SETS or AVAILABILITY_SET.","description_kind":"plain","optional":true},"vm_size":{"type":"string","description":"Virtual Machine Size","description_kind":"plain","required":true},"vnet_subnet_id":{"type":"string","description":"The ID of a subnet in an existing VNet into which to deploy the cluster. If this is not specified, a VNET and subnet will be generated and used. If no podSubnetID is specified, this applies to nodes and pods, otherwise it applies to just nodes","description_kind":"plain","optional":true}},"block_types":{"auto_scaling_config":{"nesting_mode":"list","block":{"attributes":{"enable":{"type":"bool","description":"Enable auto scaling","description_kind":"plain","optional":true},"max_count":{"type":"number","description":"Maximum node count","description_kind":"plain","optional":true},"min_count":{"type":"number","description":"Minimum node count","description_kind":"plain","optional":true}},"description":"Auto scaling config.","description_kind":"plain"},"max_items":1},"taints":{"nesting_mode":"list","block":{"attributes":{"effect":{"type":"string","description":"Current effect state of the node pool","description_kind":"plain","optional":true},"key":{"type":"string","description":"The taint key to be applied to a node","description_kind":"plain","optional":true},"value":{"type":"string","description":"The taint value corresponding to the taint key","description_kind":"plain","optional":true}},"description":"The taints added to new nodes during nodepool create and scale","description_kind":"plain"}},"upgrade_config":{"nesting_mode":"list","block":{"attributes":{"max_surge":{"type":"string","description":"Max Surge","description_kind":"plain","optional":true}},"description":"upgrade config","description_kind":"plain"},"max_items":1}},"description":"Spec for the nodepool","description_kind":"plain"},"min_items":1,"max_items":1}},"description":"Nodepool definitions for the cluster","description_kind":"plain"},"min_items":1}},"description":"Spec for the cluster","description_kind":"plain"},"min_items":1,"max_items":1}},"description":"Tanzu Mission Control AKS Cluster Resource","description_kind":"plain"}},"tanzu-mission-control_backup_schedule":{"version":0,"block":{"attributes":{"backup_scope":{"type":"string","description":"Scope for backup schedule.\nValid values are (FULL_CLUSTER, SET_NAMESPACES, LABEL_SELECTOR)","description_kind":"plain","required":true},"id":{"type":"string","description_kind":"plain","optional":true,"computed":true},"name":{"type":"string","description":"The name of the backup schedule","description_kind":"plain","required":true}},"block_types":{"meta":{"nesting_mode":"list","block":{"attributes":{"annotations":{"type":["map","string"],"description":"Annotations for the resource","description_kind":"plain","optional":true,"computed":true},"description":{"type":"string","description":"Description of the resource","description_kind":"plain","optional":true},"labels":{"type":["map","string"],"description":"Labels for the resource","description_kind":"plain","optional":true},"resource_version":{"type":"string","description":"Resource version of the resource","description_kind":"plain","computed":true},"uid":{"type":"string","description":"UID of the resource","description_kind":"plain","computed":true}},"description":"Metadata for the resource","description_kind":"plain"},"max_items":1},"scope":{"nesting_mode":"list","block":{"block_types":{"cluster":{"nesting_mode":"list","block":{"attributes":{"cluster_name":{"type":"string","description":"Cluster name","description_kind":"plain","required":true},"management_cluster_name":{"type":"string","description":"Management cluster name","description_kind":"plain","required":true},"provisioner_name":{"type":"string","description":"Cluster provisioner name","description_kind":"plain","required":true}},"description":"Cluster scope block","description_kind":"plain"},"max_items":1},"cluster_group":{"nesting_mode":"list","block":{"attributes":{"cluster_group_name":{"type":"string","description":"Cluster group name","description_kind":"plain","required":true}},"description":"Cluster group scope block","description_kind":"plain"},"max_items":1}},"description":"Scope block for Back up schedule (cluster/cluster group)","description_kind":"plain"},"min_items":1,"max_items":1},"selector":{"nesting_mode":"list","block":{"attributes":{"excluded_names":{"type":["list","string"],"description":"Specifies the name of excluded clusters.","description_kind":"plain","optional":true},"names":{"type":["list","string"],"description":"Specifies name of cluster to be selected.","description_kind":"plain","optional":true}},"block_types":{"label_selector":{"nesting_mode":"list","block":{"attributes":{"match_labels":{"type":["map","string"],"description":"A map of {key,value} pairs. A single {key,value} in the map is equivalent to an element of match_expressions, whose key field is \"key\", the operator is \"In\" and the values array contains only \"value\".\nThe requirements are ANDed.","description_kind":"plain","optional":true}},"block_types":{"match_expression":{"nesting_mode":"list","block":{"attributes":{"key":{"type":"string","description":"Key is the label key that the selector applies to.","description_kind":"plain","required":true},"operator":{"type":"string","description":"Operator represents a key's relationship to a set of values.\nValid operators are \"In\", \"NotIn\", \"Exists\" and \"DoesNotExist\".","description_kind":"plain","required":true},"values":{"type":["list","string"],"description":"Values is an array of string values.\nIf the operator is \"In\" or \"NotIn\", the values array must be non-empty.\nIf the operator is \"Exists\" or \"DoesNotExist\", the values array must be empty.\nThis array is replaced during a strategic merge patch.","description_kind":"plain","optional":true}},"description":"(Repeatable Block) A list of label selector requirements. The requirements are ANDed.","description_kind":"plain"}}},"description":"The label selector to selectively adding individual clusters to the cluster group backup schedule.\nIf not specified, all clusters are included.","description_kind":"plain"},"max_items":1}},"description":"Selector of the cluster group backup schedule","description_kind":"plain"}},"spec":{"nesting_mode":"list","block":{"attributes":{"paused":{"type":"bool","description":"Paused specifies whether the schedule is paused or not. (Default: False)","description_kind":"plain","optional":true}},"block_types":{"schedule":{"nesting_mode":"list","block":{"attributes":{"rate":{"type":"string","description":"Cron expression of backup schedule rate/interval","description_kind":"plain","required":true}},"description":"Schedule block","description_kind":"plain"},"min_items":1,"max_items":1},"template":{"nesting_mode":"list","block":{"attributes":{"backup_ttl":{"type":"string","description":"The backup retention period.","description_kind":"plain","optional":true},"csi_snapshot_timeout":{"type":"string","description":"Specifies the time used to wait for CSI VolumeSnapshot status turns to ReadyToUse during creation, before returning error as timeout.\nThe default value is 10 minute.\nFormat is the time number and time sign, example: \"50s\" (50 seconds)","description_kind":"plain","optional":true},"default_volumes_to_fs_backup":{"type":"bool","description":"Specifies whether all pod volumes should be backed up via file system backup by default.\n(Default: True)","description_kind":"plain","optional":true},"default_volumes_to_restic":{"type":"bool","description":"Specifies whether restic should be used to take a backup of all pod volumes by default.\n(Default: False)","description_kind":"plain","optional":true},"excluded_cluster_scoped_resources":{"type":["list","string"],"description":"List of cluster-scoped resource type names to exclude from the backup.\nIf set to \"*\", all cluster-scoped resource types are excluded.","description_kind":"plain","optional":true},"excluded_namespace_scoped_resources":{"type":["list","string"],"description":"List of of namespace-scoped resource type names to exclude from the backup.\nIf set to \"*\", all namespace-scoped resource types are excluded.","description_kind":"plain","optional":true},"excluded_namespaces":{"type":["list","string"],"description":"The namespaces to be excluded in the backup.\nCan't be used if scope is SET_NAMESPACES.","description_kind":"plain","optional":true},"excluded_resources":{"type":["list","string"],"description":"The name list for the resources to be excluded in backup.","description_kind":"plain","optional":true},"include_cluster_resources":{"type":"bool","description":"A flag which specifies whether cluster-scoped resources should be included for consideration in the backup.\nIf set to true, all cluster-scoped resources will be backed up. If set to false, all cluster-scoped resources will be excluded from the backup.\nIf unset, all cluster-scoped resources are included if and only if all namespaces are included and there are no excluded namespaces.\nOtherwise, only cluster-scoped resources associated with namespace-scoped resources included in the backup spec are backed up.\nFor example, if a PersistentVolumeClaim is included in the backup, its associated PersistentVolume (which is cluster-scoped) would also be backed up.\n(Default: False)","description_kind":"plain","optional":true},"included_cluster_scoped_resources":{"type":["list","string"],"description":"List of cluster-scoped resource type names to include in the backup.\nIf set to \"*\", all cluster-scoped resource types are included.\n  The default value is empty, which means only related cluster-scoped resources are included.","description_kind":"plain","optional":true},"included_namespace_scoped_resources":{"type":["list","string"],"description":"List of of namespace-scoped resource type names to include in the backup.\nThe default value is \"*\".","description_kind":"plain","optional":true},"included_namespaces":{"type":["list","string"],"description":"The namespace to be included for backup from.\nIf empty, all namespaces are included.\nCan't be used if scope is FULL_CLUSTER.\nRequired if scope is SET_NAMESPACES.","description_kind":"plain","optional":true},"included_resources":{"type":["list","string"],"description":"The name list for the resources to be included into backup. If empty, all resources are included.","description_kind":"plain","optional":true},"ordered_resources":{"type":["map","string"],"description":"Specifies the backup order of resources of specific Kind. The map key is the Kind name and value is a list of resource names separated by commas.\nEach resource name has format \"namespace/resourcename\".\nFor cluster resources, simply use \"resourcename\".","description_kind":"plain","optional":true},"snapshot_move_data":{"type":"bool","description":"Specifies whether snapshot data should be moved to the target location.(Default:False)","description_kind":"plain","optional":true},"snapshot_volumes":{"type":"bool","description":"A flag which specifies whether to take cloud snapshots of any PV's referenced in the set of objects included in the Backup.\nIf set to true, snapshots will be taken, otherwise, snapshots will be skipped.\nIf left unset, snapshots will be attempted if volume snapshots are configured for the cluster.","description_kind":"plain","optional":true},"storage_location":{"type":"string","description":"The name of a BackupStorageLocation where the backup should be stored.","description_kind":"plain","optional":true},"sys_excluded_namespaces":{"type":["list","string"],"description":"System excluded namespaces for state.","description_kind":"plain","computed":true},"volume_snapshot_locations":{"type":["list","string"],"description":"A list containing names of VolumeSnapshotLocations associated with this backup.","description_kind":"plain","optional":true}},"block_types":{"hooks":{"nesting_mode":"list","block":{"block_types":{"resource":{"nesting_mode":"list","block":{"attributes":{"excluded_namespaces":{"type":["list","string"],"description":"Specifies the namespaces to which this hook spec does not apply.","description_kind":"plain","optional":true},"included_namespaces":{"type":["list","string"],"description":"Specifies the namespaces to which this hook spec applies.\nIf empty, it applies to all namespaces.","description_kind":"plain","optional":true},"name":{"type":"string","description":"The name of the hook resource.","description_kind":"plain","required":true}},"block_types":{"label_selector":{"nesting_mode":"list","block":{"attributes":{"match_labels":{"type":["map","string"],"description":"A map of {key,value} pairs. A single {key,value} in the map is equivalent to an element of match_expressions, whose key field is \"key\", the operator is \"In\" and the values array contains only \"value\".\nThe requirements are ANDed.","description_kind":"plain","optional":true}},"block_types":{"match_expression":{"nesting_mode":"list","block":{"attributes":{"key":{"type":"string","description":"Key is the label key that the selector applies to.","description_kind":"plain","required":true},"operator":{"type":"string","description":"Operator represents a key's relationship to a set of values.\nValid operators are \"In\", \"NotIn\", \"Exists\" and \"DoesNotExist\".","description_kind":"plain","required":true},"values":{"type":["list","string"],"description":"Values is an array of string values.\nIf the operator is \"In\" or \"NotIn\", the values array must be non-empty.\nIf the operator is \"Exists\" or \"DoesNotExist\", the values array must be empty.\nThis array is replaced during a strategic merge patch.","description_kind":"plain","optional":true}},"description":"(Repeatable Block) A list of label selector requirements. The requirements are ANDed.","description_kind":"plain"}}},"description":"The label selector to selectively adding individual objects to the hook resource.\nIf not specified, all objects are included.","description_kind":"plain"},"max_items":1},"post_hook":{"nesting_mode":"list","block":{"block_types":{"exec":{"nesting_mode":"list","block":{"attributes":{"command":{"type":["list","string"],"description":"The command and arguments to execute.","description_kind":"plain","required":true},"container":{"type":"string","description":"The container in the pod where the command should be executed.\nIf not specified, the pod's first container is used.","description_kind":"plain","required":true},"on_error":{"type":"string","description":"Specifies how Velero should behave if it encounters an error executing this hook.\nValid values are (FAIL, CONTINUE)","description_kind":"plain","optional":true},"timeout":{"type":"string","description":"Defines the maximum amount of time Velero should wait for the hook to complete before considering the execution a failure.","description_kind":"plain","optional":true}},"description":"Exec block defines an exec hook.","description_kind":"plain"},"min_items":1,"max_items":1}},"description":"(Repeatable Block) A list of backup hooks to execute after storing the item in the backup.\nThese are executed after all \"additional items\" from item actions are processed.","description_kind":"plain"}},"pre_hook":{"nesting_mode":"list","block":{"block_types":{"exec":{"nesting_mode":"list","block":{"attributes":{"command":{"type":["list","string"],"description":"The command and arguments to execute.","description_kind":"plain","required":true},"container":{"type":"string","description":"The container in the pod where the command should be executed.\nIf not specified, the pod's first container is used.","description_kind":"plain","required":true},"on_error":{"type":"string","description":"Specifies how Velero should behave if it encounters an error executing this hook.\nValid values are (FAIL, CONTINUE)","description_kind":"plain","optional":true},"timeout":{"type":"string","description":"Defines the maximum amount of time Velero should wait for the hook to complete before considering the execution a failure.","description_kind":"plain","optional":true}},"description":"Exec block defines an exec hook.","description_kind":"plain"},"min_items":1,"max_items":1}},"description":"(Repeatable Block) A list of backup hooks to execute after storing the item in the backup.\nThese are executed after all \"additional items\" from item actions are processed.","description_kind":"plain"}}},"description":"(Repeatable Block) Resources are hooks that should be executed when backing up individual instances of a resource.","description_kind":"plain"}}},"description":"Hooks block represent custom actions that should be executed at different phases of the backup.","description_kind":"plain"},"max_items":1},"label_selector":{"nesting_mode":"list","block":{"attributes":{"match_labels":{"type":["map","string"],"description":"A map of {key,value} pairs. A single {key,value} in the map is equivalent to an element of match_expressions, whose key field is \"key\", the operator is \"In\" and the values array contains only \"value\".\nThe requirements are ANDed.","description_kind":"plain","optional":true}},"block_types":{"match_expression":{"nesting_mode":"list","block":{"attributes":{"key":{"type":"string","description":"Key is the label key that the selector applies to.","description_kind":"plain","required":true},"operator":{"type":"string","description":"Operator represents a key's relationship to a set of values.\nValid operators are \"In\", \"NotIn\", \"Exists\" and \"DoesNotExist\".","description_kind":"plain","required":true},"values":{"type":["list","string"],"description":"Values is an array of string values.\nIf the operator is \"In\" or \"NotIn\", the values array must be non-empty.\nIf the operator is \"Exists\" or \"DoesNotExist\", the values array must be empty.\nThis array is replaced during a strategic merge patch.","description_kind":"plain","optional":true}},"description":"(Repeatable Block) A list of label selector requirements. The requirements are ANDed.","description_kind":"plain"}}},"description":"The label selector to selectively adding individual objects to the backup schedule.\nIf not specified, all objects are included.\nCan't be used if scope is FULL_CLUSTER or SET_NAMESPACES.\nRequired if scope is LABEL_SELECTOR and Or Label Selectors are not defined","description_kind":"plain"},"max_items":1},"or_label_selector":{"nesting_mode":"list","block":{"attributes":{"match_labels":{"type":["map","string"],"description":"A map of {key,value} pairs. A single {key,value} in the map is equivalent to an element of match_expressions, whose key field is \"key\", the operator is \"In\" and the values array contains only \"value\".\nThe requirements are ANDed.","description_kind":"plain","optional":true}},"block_types":{"match_expression":{"nesting_mode":"list","block":{"attributes":{"key":{"type":"string","description":"Key is the label key that the selector applies to.","description_kind":"plain","required":true},"operator":{"type":"string","description":"Operator represents a key's relationship to a set of values.\nValid operators are \"In\", \"NotIn\", \"Exists\" and \"DoesNotExist\".","description_kind":"plain","required":true},"values":{"type":["list","string"],"description":"Values is an array of string values.\nIf the operator is \"In\" or \"NotIn\", the values array must be non-empty.\nIf the operator is \"Exists\" or \"DoesNotExist\", the values array must be empty.\nThis array is replaced during a strategic merge patch.","description_kind":"plain","optional":true}},"description":"(Repeatable Block) A list of label selector requirements. The requirements are ANDed.","description_kind":"plain"}}},"description":"(Repeatable Block) A list of label selectors to filter with when adding individual objects to the backup.\nIf multiple provided they will be joined by the OR operator.\nLabelSelector as well as OrLabelSelectors cannot co-exist in backup request, only one of them can be used.\nCan't be used if scope is FULL_CLUSTER or SET_NAMESPACES.\nRequired if scope is LABEL_SELECTOR and Label Selector is not defined","description_kind":"plain"}}},"description":"Backup schedule template block, backup definition to be run on the provided schedule","description_kind":"plain"},"max_items":1}},"description":"Backup schedule spec block","description_kind":"plain"},"min_items":1,"max_items":1}},"description_kind":"plain"}},"tanzu-mission-control_cluster":{"version":0,"block":{"attributes":{"id":{"type":"string","description_kind":"plain","optional":true,"computed":true},"management_cluster_name":{"type":"string","description":"Name of the management cluster","description_kind":"plain","optional":true},"name":{"type":"string","description":"Name of this cluster","description_kind":"plain","required":true},"provisioner_name":{"type":"string","description":"Provisioner of the cluster","description_kind":"plain","optional":true},"ready_wait_timeout":{"type":"string","description":"Wait timeout duration until cluster resource reaches READY state. Accepted timeout duration values like 5s, 45m, or 3h, higher than zero. Should be set to 0 in case of simple attach cluster where kubeconfig input is not provided.","description_kind":"plain","optional":true},"status":{"type":["map","string"],"description":"Status of the cluster","description_kind":"plain","computed":true}},"block_types":{"attach_k8s_cluster":{"nesting_mode":"list","block":{"attributes":{"description":{"type":"string","description":"Attach cluster description","description_kind":"plain","optional":true},"kubeconfig_file":{"type":"string","description":"Attach cluster KUBECONFIG path","description_kind":"plain","optional":true},"kubeconfig_raw":{"type":"string","description":"Attach cluster KUBECONFIG","description_kind":"plain","optional":true,"sensitive":true}},"description_kind":"plain"},"max_items":1},"meta":{"nesting_mode":"list","block":{"attributes":{"annotations":{"type":["map","string"],"description":"Annotations for the resource","description_kind":"plain","optional":true,"computed":true},"description":{"type":"string","description":"Description of the resource","description_kind":"plain","optional":true},"labels":{"type":["map","string"],"description":"Labels for the resource","description_kind":"plain","optional":true},"resource_version":{"type":"string","description":"Resource version of the resource","description_kind":"plain","computed":true},"uid":{"type":"string","description":"UID of the resource","description_kind":"plain","computed":true}},"description":"Metadata for the resource","description_kind":"plain"},"max_items":1},"spec":{"nesting_mode":"list","block":{"attributes":{"cluster_group":{"type":"string","description":"Name of the cluster group to which this cluster belongs","description_kind":"plain","optional":true},"image_registry":{"type":"string","description":"Optional image registry name is the name of the image registry to be used for the cluster","description_kind":"plain","optional":true},"proxy":{"type":"string","description":"Optional proxy name is the name of the Proxy Config to be used for the cluster","description_kind":"plain","optional":true}},"block_types":{"tkg_aws":{"nesting_mode":"list","block":{"block_types":{"advanced_configs":{"nesting_mode":"list","block":{"attributes":{"key":{"type":"string","description":"The key of the advanced configuration parameters","description_kind":"plain","required":true},"value":{"type":"string","description":"The value of the advanced configuration parameters","description_kind":"plain","required":true}},"description":"Advanced configuration for TKGm cluster","description_kind":"plain"}},"distribution":{"nesting_mode":"list","block":{"attributes":{"os_arch":{"type":"string","description":"Arch of the OS used for the cluster","description_kind":"plain","optional":true,"computed":true},"os_name":{"type":"string","description":"Name of the OS used for the cluster","description_kind":"plain","optional":true,"computed":true},"os_version":{"type":"string","description":"Version of the OS used for the cluster","description_kind":"plain","optional":true,"computed":true},"provisioner_credential_name":{"type":"string","description":"Specifies name of the account in which to create the cluster","description_kind":"plain","optional":true},"region":{"type":"string","description":"Specifies region of the cluster","description_kind":"plain","required":true},"version":{"type":"string","description":"Specifies version of the cluster","description_kind":"plain","required":true}},"description":"Kubernetes version distribution for the cluster","description_kind":"plain"},"min_items":1,"max_items":1},"settings":{"nesting_mode":"list","block":{"block_types":{"network":{"nesting_mode":"list","block":{"block_types":{"cluster":{"nesting_mode":"list","block":{"attributes":{"api_server_port":{"type":"number","description":"APIServerPort specifies the port address for the cluster that defaults to 6443.","description_kind":"plain","optional":true}},"block_types":{"pods":{"nesting_mode":"list","block":{"attributes":{"cidr_blocks":{"type":"string","description":"CIDRBlocks specifies one or more of IP address ranges","description_kind":"plain","required":true}},"description":"Pod CIDR for Kubernetes pods defaults to 192.168.0.0/16","description_kind":"plain"},"min_items":1},"services":{"nesting_mode":"list","block":{"attributes":{"cidr_blocks":{"type":"string","description":"CIDRBlocks specifies one or more of IP address ranges","description_kind":"plain","required":true}},"description":"Service CIDR for kubernetes services defaults to 10.96.0.0/12","description_kind":"plain"},"min_items":1}},"description":"Cluster network specifies kubernetes network information for the cluster","description_kind":"plain"},"min_items":1,"max_items":1},"provider":{"nesting_mode":"list","block":{"block_types":{"subnets":{"nesting_mode":"list","block":{"attributes":{"availability_zone":{"type":"string","description":"AWS availability zone e.g. us-west-2a","description_kind":"plain","optional":true},"cidr_block_subnet":{"type":"string","description":"CIDR for AWS subnet which must be in the range of AWS VPC CIDR block","description_kind":"plain","optional":true},"is_public":{"type":"bool","description":"Describes if it is public subnet or private subnet","description_kind":"plain","optional":true},"subnet_id":{"type":"string","description":"This is the subnet ID of AWS. The rest of the fields are ignored if this field is specified","description_kind":"plain","optional":true}},"description":"Optional list of subnets used to place the nodes in the cluster","description_kind":"plain"}},"vpc":{"nesting_mode":"list","block":{"attributes":{"cidr_block_vpc":{"type":"string","description":"CIDR for AWS VPC. A valid example is 10.0.0.0/16","description_kind":"plain","optional":true,"computed":true},"vpc_id":{"type":"string","description":"AWS VPC ID. The rest of the fields are ignored if this field is specified. Kindly add the VPC ID to the terraform script in case of existing VPC.","description_kind":"plain","optional":true,"computed":true}},"description":"AWS VPC configuration for the cluster","description_kind":"plain"},"min_items":1,"max_items":1}},"description":"Provider Network specifies provider specific network information for the cluster","description_kind":"plain"},"min_items":1}},"description":"Network Settings specifies network-related settings for the cluster","description_kind":"plain"},"min_items":1,"max_items":1},"security":{"nesting_mode":"list","block":{"attributes":{"ssh_key":{"type":"string","description":"SSH key for provisioning and accessing the cluster VMs","description_kind":"plain","required":true}},"description":"Security Settings specifies security-related settings for the cluster","description_kind":"plain"},"min_items":1,"max_items":1}},"description":"AWS related settings for workload cluster","description_kind":"plain"},"min_items":1,"max_items":1},"topology":{"nesting_mode":"list","block":{"block_types":{"control_plane":{"nesting_mode":"list","block":{"attributes":{"availability_zones":{"type":["list","string"],"description":"List of availability zones for the control plane nodes","description_kind":"plain","required":true},"high_availability":{"type":"bool","description":"Flag which controls if the cluster needs to be highly available. HA cluster creates three controlplane machines, and non HA creates just one","description_kind":"plain","optional":true},"instance_type":{"type":"string","description":"Control plane instance type","description_kind":"plain","required":true}},"description":"AWS specific control plane configuration for workload cluster object","description_kind":"plain"},"min_items":1,"max_items":1},"node_pools":{"nesting_mode":"list","block":{"block_types":{"info":{"nesting_mode":"list","block":{"attributes":{"description":{"type":"string","description":"Description of the nodepool","description_kind":"plain","optional":true},"name":{"type":"string","description":"Name of the nodepool","description_kind":"plain","required":true}},"description":"Info is the meta information of nodepool for cluster","description_kind":"plain"},"min_items":1,"max_items":1},"spec":{"nesting_mode":"list","block":{"attributes":{"worker_node_count":{"type":"string","description":"Count is the number of nodes","description_kind":"plain","optional":true}},"block_types":{"tkg_aws":{"nesting_mode":"list","block":{"attributes":{"availability_zone":{"type":"string","description":"Availability zone for the nodepool that is to be used when you are creating a nodepool for cluster in TMC hosted AWS solution","description_kind":"plain","optional":true},"instance_type":{"type":"string","description":"Nodepool instance type whose potential values could be found using cluster:options api","description_kind":"plain","required":true},"nodepool_subnet_id":{"type":"string","description":"Subnet ID of the private subnet in which you want the nodes to be created in","description_kind":"plain","computed":true},"version":{"type":"string","description":"Kubernetes version of the node pool","description_kind":"plain","required":true}},"block_types":{"node_placement":{"nesting_mode":"list","block":{"attributes":{"aws_availability_zone":{"type":"string","description":"The Availability Zone where the AWS nodes are placed","description_kind":"plain","required":true}},"description":"List of Availability Zones to place the AWS nodes on. Please use this field to provision a nodepool for workload cluster on an attached TKG AWS management cluster","description_kind":"plain"},"min_items":1,"max_items":1}},"description":"Nodepool config for tkg aws","description_kind":"plain"},"max_items":1}},"description":"Spec for the cluster nodepool","description_kind":"plain"},"max_items":1}},"description":"Nodepool specific configuration","description_kind":"plain"}}},"description":"Topology configuration of the cluster","description_kind":"plain"},"min_items":1,"max_items":1}},"description":"The Tanzu Kubernetes Grid (TKGm) AWS cluster spec","description_kind":"plain"},"max_items":1},"tkg_service_vsphere":{"nesting_mode":"list","block":{"block_types":{"distribution":{"nesting_mode":"list","block":{"attributes":{"os_arch":{"type":"string","description":"Arch of the OS used for the cluster","description_kind":"plain","optional":true,"computed":true},"os_name":{"type":"string","description":"Name of the OS used for the cluster","description_kind":"plain","optional":true,"computed":true},"os_version":{"type":"string","description":"Version of the OS used for the cluster","description_kind":"plain","optional":true,"computed":true},"version":{"type":"string","description":"Version of the cluster","description_kind":"plain","required":true}},"description":"VSphere specific distribution","description_kind":"plain"},"min_items":1,"max_items":1},"settings":{"nesting_mode":"list","block":{"block_types":{"network":{"nesting_mode":"list","block":{"block_types":{"pods":{"nesting_mode":"list","block":{"attributes":{"cidr_blocks":{"type":["list","string"],"description":"CIDRBlocks specifies one or more ranges of IP addresses","description_kind":"plain","required":true}},"description":"Pod CIDR for Kubernetes pods defaults to 192.168.0.0/16","description_kind":"plain"},"min_items":1},"services":{"nesting_mode":"list","block":{"attributes":{"cidr_blocks":{"type":["list","string"],"description":"CIDRBlocks specifies one or more ranges of IP addresses","description_kind":"plain","required":true}},"description":"Service CIDR for kubernetes services defaults to 10.96.0.0/12","description_kind":"plain"},"min_items":1}},"description":"Network Settings specifies network-related settings for the cluster","description_kind":"plain"},"min_items":1,"max_items":1},"storage":{"nesting_mode":"list","block":{"attributes":{"classes":{"type":["list","string"],"description":"Classes is a list of storage classes from the supervisor namespace to expose within a cluster. If omitted, all storage classes from the supervisor namespace will be exposed within the cluster.","description_kind":"plain","optional":true},"default_class":{"type":"string","description":"DefaultClass is the valid storage class name which is treated as the default storage class within a cluster. If omitted, no default storage class is set.","description_kind":"plain","optional":true}},"description":"StorageSettings specifies storage-related settings for the cluster","description_kind":"plain"},"max_items":1}},"description":"VSphere related settings for workload cluster","description_kind":"plain"},"min_items":1,"max_items":1},"topology":{"nesting_mode":"list","block":{"block_types":{"control_plane":{"nesting_mode":"list","block":{"attributes":{"class":{"type":"string","description":"Control plane instance type","description_kind":"plain","required":true},"high_availability":{"type":"bool","description":"High Availability or Non High Availability Cluster. HA cluster creates three controlplane machines, and non HA creates just one","description_kind":"plain","optional":true},"storage_class":{"type":"string","description":"Storage Class to be used for storage of the disks which store the root filesystems of the nodes","description_kind":"plain","required":true}},"block_types":{"volumes":{"nesting_mode":"list","block":{"attributes":{"capacity":{"type":"number","description":"Volume capacity is in gib","description_kind":"plain","optional":true},"mount_path":{"type":"string","description":"It is the directory where the volume device is to be mounted","description_kind":"plain","optional":true},"name":{"type":"string","description":"It is the volume name","description_kind":"plain","optional":true},"pvc_storage_class":{"type":"string","description":"This is the storage class for PVC which in case omitted, default storage class will be used for the disks","description_kind":"plain","optional":true}},"description":"Configurable volumes for control plane nodes","description_kind":"plain"}}},"description":"Control plane specific configuration","description_kind":"plain"},"min_items":1,"max_items":1},"node_pools":{"nesting_mode":"list","block":{"block_types":{"info":{"nesting_mode":"list","block":{"attributes":{"description":{"type":"string","description":"Description for the nodepool","description_kind":"plain","optional":true},"name":{"type":"string","description":"Name of the nodepool","description_kind":"plain","optional":true}},"description":"Info is the meta information of nodepool for cluster","description_kind":"plain"},"min_items":1,"max_items":1},"spec":{"nesting_mode":"list","block":{"attributes":{"cloud_label":{"type":["map","string"],"description":"Cloud labels","description_kind":"plain","optional":true},"node_label":{"type":["map","string"],"description":"Node labels","description_kind":"plain","optional":true},"worker_node_count":{"type":"string","description":"Count is the number of nodes","description_kind":"plain","optional":true}},"block_types":{"tkg_service_vsphere":{"nesting_mode":"list","block":{"attributes":{"class":{"type":"string","description":"Control plane instance type","description_kind":"plain","required":true},"failure_domain":{"type":"string","description":"Configure the failure domain of node pool. The potential values could be found using cluster:options api.","description_kind":"plain","optional":true},"storage_class":{"type":"string","description":"Storage Class to be used for storage of the disks which store the root filesystems of the nodes","description_kind":"plain","required":true}},"block_types":{"volumes":{"nesting_mode":"list","block":{"attributes":{"capacity":{"type":"number","description":"Volume capacity is in gib","description_kind":"plain","optional":true},"mount_path":{"type":"string","description":"It is the directory where the volume device is to be mounted","description_kind":"plain","optional":true},"name":{"type":"string","description":"It is the volume name","description_kind":"plain","optional":true},"pvc_storage_class":{"type":"string","description":"This is the storage class for PVC which in case omitted, default storage class will be used for the disks","description_kind":"plain","optional":true}},"description":"Configurable volumes for control plane nodes","description_kind":"plain"}}},"description":"Nodepool config for tkg service vsphere","description_kind":"plain"},"max_items":1}},"description":"Spec for the cluster nodepool","description_kind":"plain"},"max_items":1}},"description":"Nodepool specific configuration","description_kind":"plain"}}},"description":"Topology specific configuration","description_kind":"plain"},"min_items":1,"max_items":1}},"description":"The Tanzu Kubernetes Grid Service (TKGs) cluster spec","description_kind":"plain"},"max_items":1},"tkg_vsphere":{"nesting_mode":"list","block":{"block_types":{"advanced_configs":{"nesting_mode":"list","block":{"attributes":{"key":{"type":"string","description":"The key of the advanced configuration parameters","description_kind":"plain","required":true},"value":{"type":"string","description":"The value of the advanced configuration parameters","description_kind":"plain","required":true}},"description":"Advanced configuration for TKGm cluster","description_kind":"plain"}},"distribution":{"nesting_mode":"list","block":{"attributes":{"os_arch":{"type":"string","description":"Arch of the OS used for the cluster","description_kind":"plain","optional":true,"computed":true},"os_name":{"type":"string","description":"Name of the OS used for the cluster","description_kind":"plain","optional":true,"computed":true},"os_version":{"type":"string","description":"Version of the OS used for the cluster","description_kind":"plain","optional":true,"computed":true},"version":{"type":"string","description":"Version specifies the version of the Kubernetes cluster","description_kind":"plain","required":true}},"block_types":{"workspace":{"nesting_mode":"list","block":{"attributes":{"datacenter":{"type":"string","description_kind":"plain","required":true},"datastore":{"type":"string","description_kind":"plain","required":true},"folder":{"type":"string","description_kind":"plain","required":true},"resource_pool":{"type":"string","description_kind":"plain","required":true},"workspace_network":{"type":"string","description_kind":"plain","required":true}},"description":"Workspace defines a workspace configuration for the vSphere cloud provider","description_kind":"plain"},"min_items":1,"max_items":1}},"description":"VSphere specific distribution","description_kind":"plain"},"min_items":1,"max_items":1},"settings":{"nesting_mode":"list","block":{"block_types":{"network":{"nesting_mode":"list","block":{"attributes":{"api_server_port":{"type":"number","description":"APIServerPort specifies the port address for the cluster that defaults to 6443.","description_kind":"plain","optional":true},"control_plane_end_point":{"type":"string","description":"ControlPlaneEndpoint specifies the control plane virtual IP address. The value should be unique for every create request, else cluster creation shall fail. This field is not needed when AVI enabled while creating a legacy cluster on TKGm.","description_kind":"plain","optional":true}},"block_types":{"pods":{"nesting_mode":"list","block":{"attributes":{"cidr_blocks":{"type":["list","string"],"description":"CIDRBlocks specifies one or more ranges of IP addresses","description_kind":"plain","required":true}},"description":"Pod CIDR for Kubernetes pods defaults to 192.168.0.0/16","description_kind":"plain"},"min_items":1},"services":{"nesting_mode":"list","block":{"attributes":{"cidr_blocks":{"type":["list","string"],"description":"CIDRBlocks specifies one or more ranges of IP addresses","description_kind":"plain","required":true}},"description":"Service CIDR for kubernetes services defaults to 10.96.0.0/12","description_kind":"plain"},"min_items":1}},"description":"Network Settings specifies network-related settings for the cluster","description_kind":"plain"},"min_items":1,"max_items":1},"security":{"nesting_mode":"list","block":{"attributes":{"ssh_key":{"type":"string","description":"SSH key for provisioning and accessing the cluster VMs","description_kind":"plain","required":true}},"description":"Security Settings specifies security-related settings for the cluster","description_kind":"plain"},"min_items":1,"max_items":1}},"description":"VSphere related settings for workload cluster","description_kind":"plain"},"min_items":1,"max_items":1},"topology":{"nesting_mode":"list","block":{"block_types":{"control_plane":{"nesting_mode":"list","block":{"attributes":{"high_availability":{"type":"bool","description":"High Availability or Non High Availability Cluster. HA cluster creates three controlplane machines, and non HA creates just one","description_kind":"plain","optional":true}},"block_types":{"vm_config":{"nesting_mode":"list","block":{"attributes":{"cpu":{"type":"string","description":"Number of CPUs per node","description_kind":"plain","optional":true},"disk_size":{"type":"string","description":"Root disk size in gigabytes for the VM","description_kind":"plain","optional":true},"memory":{"type":"string","description":"Memory associated with the node in megabytes","description_kind":"plain","optional":true}},"description":"VM specific configuration","description_kind":"plain"},"min_items":1,"max_items":1}},"description":"VSphere specific control plane configuration for workload cluster object","description_kind":"plain"},"min_items":1,"max_items":1},"node_pools":{"nesting_mode":"list","block":{"block_types":{"info":{"nesting_mode":"list","block":{"attributes":{"description":{"type":"string","description":"Description of the nodepool","description_kind":"plain","optional":true},"name":{"type":"string","description":"Name of the nodepool","description_kind":"plain","required":true}},"description":"Info is the meta information of nodepool for cluster","description_kind":"plain"},"min_items":1,"max_items":1},"spec":{"nesting_mode":"list","block":{"attributes":{"worker_node_count":{"type":"string","description":"Count is the number of nodes","description_kind":"plain","optional":true}},"block_types":{"tkg_vsphere":{"nesting_mode":"list","block":{"block_types":{"vm_config":{"nesting_mode":"list","block":{"attributes":{"cpu":{"type":"string","description":"Number of CPUs per node","description_kind":"plain","optional":true},"disk_size":{"type":"string","description":"Root disk size in gigabytes for the VM","description_kind":"plain","optional":true},"memory":{"type":"string","description":"Memory associated with the node in megabytes","description_kind":"plain","optional":true}},"description":"VM specific configuration","description_kind":"plain"},"min_items":1,"max_items":1}},"description":"Nodepool config for tkgm vsphere","description_kind":"plain"},"max_items":1}},"description":"Spec for the cluster nodepool","description_kind":"plain"},"max_items":1}},"description":"Nodepool specific configuration","description_kind":"plain"}}},"description":"Topology specific configuration","description_kind":"plain"},"min_items":1,"max_items":1}},"description":"The Tanzu Kubernetes Grid (TKGm) vSphere cluster spec","description_kind":"plain"},"max_items":1}},"description":"Spec for the cluster","description_kind":"plain"},"max_items":1}},"description_kind":"plain"}},"tanzu-mission-control_cluster_group":{"version":0,"block":{"attributes":{"id":{"type":"string","description_kind":"plain","optional":true,"computed":true},"name":{"type":"string","description_kind":"plain","required":true}},"block_types":{"meta":{"nesting_mode":"list","block":{"attributes":{"annotations":{"type":["map","string"],"description":"Annotations for the resource","description_kind":"plain","optional":true,"computed":true},"description":{"type":"string","description":"Description of the resource","description_kind":"plain","optional":true},"labels":{"type":["map","string"],"description":"Labels for the resource","description_kind":"plain","optional":true},"resource_version":{"type":"string","description":"Resource version of the resource","description_kind":"plain","computed":true},"uid":{"type":"string","description":"UID of the resource","description_kind":"plain","computed":true}},"description":"Metadata for the resource","description_kind":"plain"},"max_items":1}},"description_kind":"plain"}},"tanzu-mission-control_cluster_node_pool":{"version":0,"block":{"attributes":{"cluster_name":{"type":"string","description":"Name of the cluster","description_kind":"plain","required":true},"id":{"type":"string","description_kind":"plain","optional":true,"computed":true},"management_cluster_name":{"type":"string","description":"Name of the management cluster","description_kind":"plain","required":true},"name":{"type":"string","description":"Name of this nodepool","description_kind":"plain","required":true},"provisioner_name":{"type":"string","description":"Provisioner of the cluster","description_kind":"plain","required":true},"ready_wait_timeout":{"type":"string","description":"Wait timeout duration until nodepool resource reaches READY state. Accepted timeout duration values like 5s, 45m, or 3h, higher than zero.","description_kind":"plain","optional":true},"status":{"type":["map","string"],"description":"Status of node pool resource","description_kind":"plain","computed":true}},"block_types":{"meta":{"nesting_mode":"list","block":{"attributes":{"annotations":{"type":["map","string"],"description":"Annotations for the resource","description_kind":"plain","optional":true,"computed":true},"description":{"type":"string","description":"Description of the resource","description_kind":"plain","optional":true},"labels":{"type":["map","string"],"description":"Labels for the resource","description_kind":"plain","optional":true},"resource_version":{"type":"string","description":"Resource version of the resource","description_kind":"plain","computed":true},"uid":{"type":"string","description":"UID of the resource","description_kind":"plain","computed":true}},"description":"Metadata for the resource","description_kind":"plain"},"max_items":1},"spec":{"nesting_mode":"list","block":{"attributes":{"cloud_labels":{"type":["map","string"],"description":"Cloud labels","description_kind":"plain","optional":true},"node_labels":{"type":["map","string"],"description":"Node labels","description_kind":"plain","optional":true},"worker_node_count":{"type":"string","description":"Count is the number of nodes","description_kind":"plain","required":true}},"block_types":{"tkg_aws":{"nesting_mode":"list","block":{"attributes":{"class":{"type":"string","description":"Nodepool instance type","description_kind":"plain","optional":true},"storage_class":{"type":"string","description":"Storage Class to be used for storage of the disks which store the root filesystem of the nodes","description_kind":"plain","optional":true}},"description":"TKGAWSNodepool is the nodepool spec for TKG AWS cluster","description_kind":"plain"}},"tkg_service_vsphere":{"nesting_mode":"list","block":{"attributes":{"class":{"type":"string","description":"Nodepool instance type","description_kind":"plain","required":true},"failure_domain":{"type":"string","description":"Configure the failure domain of node pool. The potential values could be found using cluster:options api. This parameter will be ignored by the backend if the TKG service vsphere cluster doesn't support.","description_kind":"plain","optional":true},"storage_class":{"type":"string","description":"Storage Class to be used for storage of the disks which store the root filesystem of the nodes","description_kind":"plain","required":true}},"block_types":{"volumes":{"nesting_mode":"list","block":{"attributes":{"capacity":{"type":"number","description":"Volume capacity is in gib","description_kind":"plain","optional":true},"mount_path":{"type":"string","description":"It is the directory where the volume device is to be mounted","description_kind":"plain","optional":true},"name":{"type":"string","description":"It is the volume name","description_kind":"plain","optional":true},"pvc_storage_class":{"type":"string","description":"This is the storage class for PVC which in case omitted, default storage class will be used for the disks","description_kind":"plain","optional":true}},"description":"Configurable volumes for nodepool nodes","description_kind":"plain"}}},"description":"TKGServiceVsphereNodepool is the nodepool spec for TKG service vsphere cluster","description_kind":"plain"}},"tkg_vsphere":{"nesting_mode":"list","block":{"block_types":{"vm_config":{"nesting_mode":"list","block":{"attributes":{"cpu":{"type":"string","description":"Number of CPUs per node","description_kind":"plain","optional":true},"disk_size":{"type":"string","description":"Root disk size in gigabytes for the VM","description_kind":"plain","optional":true},"memory":{"type":"string","description":"Memory associated with the node in megabytes","description_kind":"plain","optional":true}},"description":"VM specific configuration","description_kind":"plain"},"min_items":1,"max_items":1}},"description":"TkgVsphereNodepool is the nodepool config for the TKG vsphere cluster","description_kind":"plain"}}},"description":"Spec for the cluster nodepool","description_kind":"plain"}}},"description_kind":"plain"}},"tanzu-mission-control_credential":{"version":0,"block":{"attributes":{"id":{"type":"string","description_kind":"plain","optional":true,"computed":true},"name":{"type":"string","description":"Name of this credential","description_kind":"plain","required":true},"ready_wait_timeout":{"type":"string","description":"Wait timeout duration until credential resource reaches VALID state. Accepted timeout duration values like 5s, 5m, or 1h, higher than zero.","description_kind":"plain","optional":true},"status":{"type":["map","string"],"description":"Status of credential resource","description_kind":"plain","computed":true}},"block_types":{"meta":{"nesting_mode":"list","block":{"attributes":{"annotations":{"type":["map","string"],"description":"Annotations for the resource","description_kind":"plain","optional":true,"computed":true},"description":{"type":"string","description":"Description of the resource","description_kind":"plain","optional":true},"labels":{"type":["map","string"],"description":"Labels for the resource","description_kind":"plain","optional":true},"resource_version":{"type":"string","description":"Resource version of the resource","description_kind":"plain","computed":true},"uid":{"type":"string","description":"UID of the resource","description_kind":"plain","computed":true}},"description":"Metadata for the resource","description_kind":"plain"},"max_items":1},"spec":{"nesting_mode":"list","block":{"attributes":{"capability":{"type":"string","description":"The Tanzu capability for which the credential shall be used. Value must be in list [DATA_PROTECTION TANZU_OBSERVABILITY TANZU_SERVICE_MESH PROXY_CONFIG MANAGED_K8S_PROVIDER IMAGE_REGISTRY]","description_kind":"plain","optional":true},"provider":{"type":"string","description":"The Tanzu provider for which describes credential data type. Value must be in list [PROVIDER_UNSPECIFIED,AWS_EC2,GENERIC_S3,AZURE_AD,AWS_EKS,AZURE_AKS,GENERIC_KEY_VALUE]","description_kind":"plain","optional":true}},"block_types":{"data":{"nesting_mode":"list","block":{"attributes":{"generic_credential":{"type":"string","description":"Generic credential data type used to hold a blob of data represented as string","description_kind":"plain","optional":true}},"block_types":{"aws_credential":{"nesting_mode":"list","block":{"attributes":{"account_id":{"type":"string","description":"Account ID of the AWS credential","description_kind":"plain","optional":true},"generic_credential":{"type":"string","description":"Generic credential","description_kind":"plain","optional":true}},"block_types":{"iam_role":{"nesting_mode":"list","block":{"attributes":{"arn":{"type":"string","description":"AWS IAM role ARN","description_kind":"plain","optional":true},"ext_id":{"type":"string","description":"An external ID used to assume an AWS IAM role","description_kind":"plain","optional":true}},"description":"AWS IAM role ARN and external ID","description_kind":"plain"},"max_items":1}},"description":"AWS credential data type","description_kind":"plain"},"max_items":1},"azure_credential":{"nesting_mode":"list","block":{"block_types":{"service_principal":{"nesting_mode":"list","block":{"attributes":{"azure_cloud_name":{"type":"string","description":"Azure Cloud name","description_kind":"plain","optional":true},"client_id":{"type":"string","description":"Client ID of the Service Principal","description_kind":"plain","required":true},"client_secret":{"type":"string","description":"Client Secret of the Service Principal","description_kind":"plain","optional":true},"resource_group":{"type":"string","description":"Resource Group name","description_kind":"plain","required":true},"subscription_id":{"type":"string","description":"Subscription ID of the Azure credential","description_kind":"plain","required":true},"tenant_id":{"type":"string","description":"Tenant ID of the Azure credential","description_kind":"plain","required":true}},"description":"Azure service principal","description_kind":"plain"},"max_items":1},"service_principal_with_certificate":{"nesting_mode":"list","block":{"attributes":{"azure_cloud_name":{"type":"string","description":"Azure Cloud name","description_kind":"plain","optional":true},"client_certificate":{"type":"string","description":"Client certificate of the Service Principal","description_kind":"plain","required":true},"client_id":{"type":"string","description":"Client ID of the Service Principal","description_kind":"plain","required":true},"managed_subscriptions":{"type":["list","string"],"description":"IDs of the Azure Subscriptions that the Service Principal can manage","description_kind":"plain","optional":true},"subscription_id":{"type":"string","description":"Subscription ID of the Azure credential","description_kind":"plain","required":true},"tenant_id":{"type":"string","description":"Tenant ID of the Azure credential","description_kind":"plain","required":true}},"description":"Azure service principal","description_kind":"plain"},"max_items":1}},"description":"Azure credential","description_kind":"plain"},"max_items":1},"key_value":{"nesting_mode":"list","block":{"attributes":{"data":{"type":["map","string"],"description":"Data secret data in the format of key-value pair","description_kind":"plain","optional":true},"type":{"type":"string","description":"Type of Secret data, usually mapped to k8s secret type. Supported types: [SECRET_TYPE_UNSPECIFIED,OPAQUE_SECRET_TYPE,DOCKERCONFIGJSON_SECRET_TYPE]","description_kind":"plain","optional":true}},"description":"Key Value credential","description_kind":"plain"},"max_items":1}},"description":"Holds credentials sensitive data","description_kind":"plain"},"max_items":1}},"description":"Spec of credential resource","description_kind":"plain"},"max_items":1}},"description_kind":"plain"}},"tanzu-mission-control_custom_iam_role":{"version":0,"block":{"attributes":{"id":{"type":"string","description_kind":"plain","optional":true,"computed":true},"name":{"type":"string","description":"The name of the iam role","description_kind":"plain","required":true}},"block_types":{"meta":{"nesting_mode":"list","block":{"attributes":{"annotations":{"type":["map","string"],"description":"Annotations for the resource","description_kind":"plain","optional":true,"computed":true},"description":{"type":"string","description":"Description of the resource","description_kind":"plain","optional":true},"labels":{"type":["map","string"],"description":"Labels for the resource","description_kind":"plain","optional":true},"resource_version":{"type":"string","description":"Resource version of the resource","description_kind":"plain","computed":true},"uid":{"type":"string","description":"UID of the resource","description_kind":"plain","computed":true}},"description":"Metadata for the resource","description_kind":"plain"},"max_items":1},"spec":{"nesting_mode":"list","block":{"attributes":{"allowed_scopes":{"type":["list","string"],"description":"The allowed scopes for the iam role.\nValid values are (ORGANIZATION, MANAGEMENT_CLUSTER, PROVISIONER, CLUSTER_GROUP, CLUSTER, WORKSPACE, NAMESPACE)","description_kind":"plain","required":true},"is_deprecated":{"type":"bool","description":"Flag representing whether role is deprecated.","description_kind":"plain","optional":true},"tanzu_permissions":{"type":["list","string"],"description":"Tanzu-specific permissions for the role.","description_kind":"plain","optional":true}},"block_types":{"aggregation_rule":{"nesting_mode":"list","block":{"block_types":{"cluster_role_selector":{"nesting_mode":"list","block":{"attributes":{"match_labels":{"type":["map","string"],"description":"Map of {key,value} pairs.\nA single {key,value} in the match_labels map is equivalent to an element of match_expression, whose key field is \"key\", the operator is \"In\", and the values array contains only \"value\". \nThe requirements are ANDed.","description_kind":"plain","optional":true}},"block_types":{"match_expression":{"nesting_mode":"list","block":{"attributes":{"key":{"type":"string","description":"Key is the label key that the selector applies to.","description_kind":"plain","required":true},"operator":{"type":"string","description":"Operator represents a key's relationship to a set of values.\nValid operators are \"In\", \"NotIn\", \"Exists\" and \"DoesNotExist\".","description_kind":"plain","required":true},"values":{"type":["list","string"],"description":"Values is an array of string values.\nIf the operator is \"In\" or \"NotIn\", the values array must be non-empty.\nIf the operator is \"Exists\" or \"DoesNotExist\", the values array must be empty.\nThis array is replaced during a strategic merge patch.","description_kind":"plain","optional":true}},"description":"List of label selector requirements.\nThe requirements are ANDed.","description_kind":"plain"}}},"description":"Cluster role selector for the iam role.","description_kind":"plain"},"min_items":1}},"description":"Aggregation rules for the iam role.","description_kind":"plain"},"max_items":1},"kubernetes_permissions":{"nesting_mode":"list","block":{"block_types":{"rule":{"nesting_mode":"list","block":{"attributes":{"api_groups":{"type":["list","string"],"description":"API groups.","description_kind":"plain","optional":true},"resource_names":{"type":["list","string"],"description":"Restricts the rule to resources by name.","description_kind":"plain","optional":true},"resources":{"type":["list","string"],"description":"Resources for the role.","description_kind":"plain","optional":true},"url_paths":{"type":["list","string"],"description":"Non-resource urls for the role.","description_kind":"plain","optional":true},"verbs":{"type":["list","string"],"description":"Verbs.","description_kind":"plain","required":true}},"description":"Kubernetes rules.","description_kind":"plain"},"min_items":1}},"description":"Kubernetes permissions for the iam role.","description_kind":"plain"},"max_items":1}},"description":"Spec block of iam role","description_kind":"plain"},"min_items":1,"max_items":1}},"description_kind":"plain"}},"tanzu-mission-control_custom_policy":{"version":0,"block":{"attributes":{"id":{"type":"string","description_kind":"plain","optional":true,"computed":true},"name":{"type":"string","description":"Name of the custom policy","description_kind":"plain","required":true}},"block_types":{"meta":{"nesting_mode":"list","block":{"attributes":{"annotations":{"type":["map","string"],"description":"Annotations for the resource","description_kind":"plain","optional":true,"computed":true},"description":{"type":"string","description":"Description of the resource","description_kind":"plain","optional":true},"labels":{"type":["map","string"],"description":"Labels for the resource","description_kind":"plain","optional":true},"resource_version":{"type":"string","description":"Resource version of the resource","description_kind":"plain","computed":true},"uid":{"type":"string","description":"UID of the resource","description_kind":"plain","computed":true}},"description":"Metadata for the resource","description_kind":"plain"},"max_items":1},"scope":{"nesting_mode":"list","block":{"block_types":{"cluster":{"nesting_mode":"list","block":{"attributes":{"management_cluster_name":{"type":"string","description":"Name of the management cluster","description_kind":"plain","optional":true},"name":{"type":"string","description":"Name of this cluster","description_kind":"plain","required":true},"provisioner_name":{"type":"string","description":"Provisioner of the cluster","description_kind":"plain","optional":true}},"description":"The schema for cluster policy full name","description_kind":"plain"},"max_items":1},"cluster_group":{"nesting_mode":"list","block":{"attributes":{"cluster_group":{"type":"string","description":"Name of this cluster group","description_kind":"plain","required":true}},"description":"The schema for cluster group policy full name","description_kind":"plain"},"max_items":1},"organization":{"nesting_mode":"list","block":{"attributes":{"organization":{"type":"string","description":"ID of this organization","description_kind":"plain","required":true}},"description":"The schema for organization policy full name","description_kind":"plain"},"max_items":1},"workspace":{"nesting_mode":"list","block":{"attributes":{"workspace":{"type":"string","description":"Name of this workspace","description_kind":"plain","required":true}},"description":"The schema for workspace policy full name","description_kind":"plain"},"max_items":1}},"description":"Scope for the custom, security, image, network, namespace quota and mutation policy, having one of the valid scopes for custom, security, mutation, and namespace quota policy: cluster, cluster_group or organization and valid scopes for image and network policy: workspace or organization.","description_kind":"plain"},"min_items":1,"max_items":1},"spec":{"nesting_mode":"list","block":{"block_types":{"input":{"nesting_mode":"list","block":{"block_types":{"custom":{"nesting_mode":"list","block":{"attributes":{"audit":{"type":"bool","description":"Audit (dry-run).","description_kind":"plain","optional":true},"parameters":{"type":"string","description":"JSON encoded template parameters.","description_kind":"plain","optional":true},"template_name":{"type":"string","description":"Name of custom template.","description_kind":"plain","required":true}},"block_types":{"target_kubernetes_resources":{"nesting_mode":"list","block":{"attributes":{"api_groups":{"type":["list","string"],"description":"APIGroup is a group containing the resource type.","description_kind":"plain","required":true},"kinds":{"type":["list","string"],"description":"Kind is the name of the object schema (resource type).","description_kind":"plain","required":true}},"description":"A list of kubernetes api resources on which the policy will be enforced, identified using apiGroups and kinds.","description_kind":"plain"},"min_items":1}},"description":"The input schema for custom policy tmc_external_ips recipe version v1","description_kind":"plain"},"max_items":1},"tmc_block_nodeport_service":{"nesting_mode":"list","block":{"attributes":{"audit":{"type":"bool","description":"Audit (dry-run).","description_kind":"plain","optional":true}},"block_types":{"target_kubernetes_resources":{"nesting_mode":"list","block":{"attributes":{"api_groups":{"type":["list","string"],"description":"APIGroup is a group containing the resource type.","description_kind":"plain","required":true},"kinds":{"type":["list","string"],"description":"Kind is the name of the object schema (resource type).","description_kind":"plain","required":true}},"description":"A list of kubernetes api resources on which the policy will be enforced, identified using apiGroups and kinds.","description_kind":"plain"},"min_items":1}},"description":"The input schema for custom policy tmc_block_nodeport_service recipe version v1","description_kind":"plain"},"max_items":1},"tmc_block_resources":{"nesting_mode":"list","block":{"attributes":{"audit":{"type":"bool","description":"Audit (dry-run).","description_kind":"plain","optional":true}},"block_types":{"target_kubernetes_resources":{"nesting_mode":"list","block":{"attributes":{"api_groups":{"type":["list","string"],"description":"APIGroup is a group containing the resource type.","description_kind":"plain","required":true},"kinds":{"type":["list","string"],"description":"Kind is the name of the object schema (resource type).","description_kind":"plain","required":true}},"description":"A list of kubernetes api resources on which the policy will be enforced, identified using apiGroups and kinds.","description_kind":"plain"},"min_items":1}},"description":"The input schema for custom policy tmc_block_resources recipe version v1","description_kind":"plain"},"max_items":1},"tmc_block_rolebinding_subjects":{"nesting_mode":"list","block":{"attributes":{"audit":{"type":"bool","description":"Audit (dry-run).","description_kind":"plain","optional":true}},"block_types":{"parameters":{"nesting_mode":"list","block":{"block_types":{"disallowed_subjects":{"nesting_mode":"list","block":{"attributes":{"kind":{"type":"string","description":"The kind of subject to disallow, can be User/Group/ServiceAccount.","description_kind":"plain","required":true},"name":{"type":"string","description":"The name of the subject to disallow.","description_kind":"plain","required":true}},"description":"Disallowed Subjects.","description_kind":"plain"},"min_items":1}},"description":"Parameters.","description_kind":"plain"},"min_items":1},"target_kubernetes_resources":{"nesting_mode":"list","block":{"attributes":{"api_groups":{"type":["list","string"],"description":"APIGroup is a group containing the resource type.","description_kind":"plain","required":true},"kinds":{"type":["list","string"],"description":"Kind is the name of the object schema (resource type).","description_kind":"plain","required":true}},"description":"A list of kubernetes api resources on which the policy will be enforced, identified using apiGroups and kinds.","description_kind":"plain"},"min_items":1}},"description":"The input schema for custom policy tmc_block_rolebinding_subjects recipe version v1","description_kind":"plain"},"max_items":1},"tmc_external_ips":{"nesting_mode":"list","block":{"attributes":{"audit":{"type":"bool","description":"Audit (dry-run).","description_kind":"plain","optional":true}},"block_types":{"parameters":{"nesting_mode":"list","block":{"attributes":{"allowed_ips":{"type":["list","string"],"description":"Allowed IPs.","description_kind":"plain","required":true}},"description":"Parameters.","description_kind":"plain"},"min_items":1},"target_kubernetes_resources":{"nesting_mode":"list","block":{"attributes":{"api_groups":{"type":["list","string"],"description":"APIGroup is a group containing the resource type.","description_kind":"plain","required":true},"kinds":{"type":["list","string"],"description":"Kind is the name of the object schema (resource type).","description_kind":"plain","required":true}},"description":"A list of kubernetes api resources on which the policy will be enforced, identified using apiGroups and kinds.","description_kind":"plain"},"min_items":1}},"description":"The input schema for custom policy tmc_external_ips recipe version v1","description_kind":"plain"},"max_items":1},"tmc_https_ingress":{"nesting_mode":"list","block":{"attributes":{"audit":{"type":"bool","description":"Audit (dry-run).","description_kind":"plain","optional":true}},"block_types":{"target_kubernetes_resources":{"nesting_mode":"list","block":{"attributes":{"api_groups":{"type":["list","string"],"description":"APIGroup is a group containing the resource type.","description_kind":"plain","required":true},"kinds":{"type":["list","string"],"description":"Kind is the name of the object schema (resource type).","description_kind":"plain","required":true}},"description":"A list of kubernetes api resources on which the policy will be enforced, identified using apiGroups and kinds.","description_kind":"plain"},"min_items":1}},"description":"The input schema for custom policy tmc_https_ingress recipe version v1","description_kind":"plain"},"max_items":1},"tmc_require_labels":{"nesting_mode":"list","block":{"attributes":{"audit":{"type":"bool","description":"Audit (dry-run).","description_kind":"plain","optional":true}},"block_types":{"parameters":{"nesting_mode":"list","block":{"block_types":{"labels":{"nesting_mode":"list","block":{"attributes":{"key":{"type":"string","description":"The label key to enforce.","description_kind":"plain","required":true},"value":{"type":"string","description":"Optional label value to enforce (if left empty, only key will be enforced).","description_kind":"plain","optional":true}},"description":"Labels.","description_kind":"plain"},"min_items":1}},"description":"Parameters.","description_kind":"plain"},"min_items":1},"target_kubernetes_resources":{"nesting_mode":"list","block":{"attributes":{"api_groups":{"type":["list","string"],"description":"APIGroup is a group containing the resource type.","description_kind":"plain","required":true},"kinds":{"type":["list","string"],"description":"Kind is the name of the object schema (resource type).","description_kind":"plain","required":true}},"description":"A list of kubernetes api resources on which the policy will be enforced, identified using apiGroups and kinds.","description_kind":"plain"},"min_items":1}},"description":"The input schema for custom policy tmc_require_labels recipe version v1","description_kind":"plain"},"max_items":1}},"description":"Input for the custom policy, having one of the valid recipes: [tmc_block_nodeport_service tmc_block_resources tmc_block_rolebinding_subjects tmc_external_ips tmc_https_ingress tmc_require_labels custom].","description_kind":"plain"},"min_items":1,"max_items":1},"namespace_selector":{"nesting_mode":"list","block":{"block_types":{"match_expressions":{"nesting_mode":"list","block":{"attributes":{"key":{"type":"string","description":"Key is the label key that the selector applies to","description_kind":"plain","optional":true},"operator":{"type":"string","description":"Operator represents a key's relationship to a set of values","description_kind":"plain","optional":true},"values":{"type":["list","string"],"description":"Values is an array of string values","description_kind":"plain","required":true}},"description":"Match expressions is a list of label selector requirements, the requirements are ANDed","description_kind":"plain"},"min_items":1}},"description":"Label based Namespace Selector for the policy","description_kind":"plain"},"max_items":1}},"description":"Spec for the custom policy","description_kind":"plain"},"min_items":1,"max_items":1}},"description_kind":"plain"}},"tanzu-mission-control_custom_policy_template":{"version":0,"block":{"attributes":{"id":{"type":"string","description_kind":"plain","optional":true,"computed":true},"name":{"type":"string","description":"The name of the custom policy template","description_kind":"plain","required":true}},"block_types":{"meta":{"nesting_mode":"list","block":{"attributes":{"annotations":{"type":["map","string"],"description":"Annotations for the resource","description_kind":"plain","optional":true,"computed":true},"description":{"type":"string","description":"Description of the resource","description_kind":"plain","optional":true},"labels":{"type":["map","string"],"description":"Labels for the resource","description_kind":"plain","optional":true},"resource_version":{"type":"string","description":"Resource version of the resource","description_kind":"plain","computed":true},"uid":{"type":"string","description":"UID of the resource","description_kind":"plain","computed":true}},"description":"Metadata for the resource","description_kind":"plain"},"max_items":1},"spec":{"nesting_mode":"list","block":{"attributes":{"is_deprecated":{"type":"bool","description":"Flag representing whether the custom policy template is deprecated.","description_kind":"plain","optional":true},"object_type":{"type":"string","description":"The type of Kubernetes resource encoded in Object.\nCurrently, we only support OPAGatekeeper based 'ConstraintTemplate' object.","description_kind":"plain","optional":true},"template_manifest":{"type":"string","description":"YAML formatted Kubernetes resource.\nThe Kubernetes object has to be of the type defined in ObjectType ('ConstraintTemplate').\nThe object name must match the name of the wrapping policy template.\nThis will be applied on the cluster after a policy is created using this version of the template.\nThis contains the latest version of the object. For previous versions, check Versions API.","description_kind":"plain","required":true},"template_type":{"type":"string","description":"The type of policy template.\nCurrently, we only support 'OPAGatekeeper' based policy templates.","description_kind":"plain","optional":true}},"block_types":{"data_inventory":{"nesting_mode":"list","block":{"attributes":{"group":{"type":"string","description":"API resource group","description_kind":"plain","required":true},"kind":{"type":"string","description":"API resource kind","description_kind":"plain","required":true},"version":{"type":"string","description":"API resource version","description_kind":"plain","required":true}},"description":"List of Kubernetes api-resource kinds that need to be synced/replicated in Gatekeeper in order to enforce policy rules on those resources.\nNote: This is used for OPAGatekeeper based templates, and should be used if the policy enforcement logic in Rego code uses cached data using \"data.inventory\" fields.","description_kind":"plain"}}},"description":"Spec block of the custom policy template","description_kind":"plain"},"min_items":1,"max_items":1}},"description_kind":"plain"}},"tanzu-mission-control_ekscluster":{"version":0,"block":{"attributes":{"credential_name":{"type":"string","description":"Name of the AWS Credential in Tanzu Mission Control","description_kind":"plain","required":true},"id":{"type":"string","description_kind":"plain","optional":true,"computed":true},"kubeconfig":{"type":"string","description":"Kubeconfig for connecting to newly created cluster base64 encoded. This will only be returned if you have elected to wait for kubeconfig.","description_kind":"plain","computed":true},"name":{"type":"string","description":"Name of this cluster","description_kind":"plain","required":true},"ready_wait_timeout":{"type":"string","description":"Wait timeout duration until cluster resource reaches READY state. Accepted timeout duration values like 5s, 45m, or 3h, higher than zero","description_kind":"plain","optional":true},"region":{"type":"string","description":"AWS Region of this cluster","description_kind":"plain","required":true},"status":{"type":["map","string"],"description":"Status of the cluster","description_kind":"plain","computed":true},"wait_for_kubeconfig":{"type":"bool","description":"Wait until pinniped extension is ready to provide kubeconfig","description_kind":"plain","optional":true}},"block_types":{"meta":{"nesting_mode":"list","block":{"attributes":{"annotations":{"type":["map","string"],"description":"Annotations for the resource","description_kind":"plain","optional":true,"computed":true},"description":{"type":"string","description":"Description of the resource","description_kind":"plain","optional":true},"labels":{"type":["map","string"],"description":"Labels for the resource","description_kind":"plain","optional":true},"resource_version":{"type":"string","description":"Resource version of the resource","description_kind":"plain","computed":true},"uid":{"type":"string","description":"UID of the resource","description_kind":"plain","computed":true}},"description":"Metadata for the resource","description_kind":"plain"},"max_items":1},"spec":{"nesting_mode":"list","block":{"attributes":{"cluster_group":{"type":"string","description":"Name of the cluster group to which this cluster belongs","description_kind":"plain","optional":true},"proxy":{"type":"string","description":"Optional proxy name is the name of the Proxy Config to be used for the cluster","description_kind":"plain","optional":true}},"block_types":{"config":{"nesting_mode":"list","block":{"attributes":{"kubernetes_version":{"type":"string","description":"Kubernetes version of the cluster","description_kind":"plain","required":true},"role_arn":{"type":"string","description":"ARN of the IAM role that provides permissions for the Kubernetes control plane to make calls to AWS API operations","description_kind":"plain","required":true},"tags":{"type":["map","string"],"description":"The metadata to apply to the cluster to assist with categorization and organization","description_kind":"plain","optional":true,"computed":true}},"block_types":{"addons_config":{"nesting_mode":"list","block":{"block_types":{"vpc_cni_config":{"nesting_mode":"list","block":{"block_types":{"eni_config":{"nesting_mode":"list","block":{"attributes":{"id":{"type":"string","description":"Subnet id for the ENI","description_kind":"plain","required":true},"security_groups":{"type":["set","string"],"description":"Security groups for the ENI","description_kind":"plain","optional":true}},"description":"ENI config for the VPC CNI addon","description_kind":"plain"}}},"description":"VPC CNI addon config contains the configuration for the VPC CNI addon of the cluster","description_kind":"plain"},"max_items":1}},"description":"Addons config contains the configuration for all the addons of the cluster, which support customization of addon configuration","description_kind":"plain"},"max_items":1},"kubernetes_network_config":{"nesting_mode":"list","block":{"attributes":{"service_cidr":{"type":"string","description":"Service CIDR for Kubernetes services","description_kind":"plain","required":true}},"description":"Kubernetes Network Config","description_kind":"plain"},"max_items":1},"logging":{"nesting_mode":"list","block":{"attributes":{"api_server":{"type":"bool","description":"Enable API server logs","description_kind":"plain","optional":true},"audit":{"type":"bool","description":"Enable audit logs","description_kind":"plain","optional":true},"authenticator":{"type":"bool","description":"Enable authenticator logs","description_kind":"plain","optional":true},"controller_manager":{"type":"bool","description":"Enable controller manager logs","description_kind":"plain","optional":true},"scheduler":{"type":"bool","description":"Enable scheduler logs","description_kind":"plain","optional":true}},"description":"EKS logging configuration","description_kind":"plain"},"max_items":1},"vpc":{"nesting_mode":"list","block":{"attributes":{"enable_private_access":{"type":"bool","description":"Enable Kubernetes API requests within your cluster's VPC (such as node to control plane communication) use the private VPC endpoint (see [Amazon EKS cluster endpoint access control](https://docs.aws.amazon.com/eks/latest/userguide/cluster-endpoint.html))","description_kind":"plain","optional":true},"enable_public_access":{"type":"bool","description":"Enable cluster API server access from the internet. You can, optionally, limit the CIDR blocks that can access the public endpoint using public_access_cidrs (see [Amazon EKS cluster endpoint access control](https://docs.aws.amazon.com/eks/latest/userguide/cluster-endpoint.html))","description_kind":"plain","optional":true},"public_access_cidrs":{"type":["set","string"],"description":"Specify which addresses from the internet can communicate to the public endpoint, if public endpoint is enabled (see [Amazon EKS cluster endpoint access control](https://docs.aws.amazon.com/eks/latest/userguide/cluster-endpoint.html))","description_kind":"plain","optional":true},"security_groups":{"type":["set","string"],"description":"Security groups for the cluster VMs","description_kind":"plain","optional":true},"subnet_ids":{"type":["set","string"],"description":"Subnet ids used by the cluster (see [Amazon EKS VPC and subnet requirements and considerations](https://docs.aws.amazon.com/eks/latest/userguide/network_reqs.html#network-requirements-subnets))","description_kind":"plain","required":true}},"description":"VPC config","description_kind":"plain"},"min_items":1,"max_items":1}},"description":"EKS config for the cluster control plane","description_kind":"plain"},"min_items":1,"max_items":1},"nodepool":{"nesting_mode":"list","block":{"block_types":{"info":{"nesting_mode":"list","block":{"attributes":{"description":{"type":"string","description":"Description for the nodepool","description_kind":"plain","optional":true},"name":{"type":"string","description":"Name of the nodepool, immutable","description_kind":"plain","required":true}},"description":"Info for the nodepool","description_kind":"plain"},"min_items":1,"max_items":1},"spec":{"nesting_mode":"list","block":{"attributes":{"ami_type":{"type":"string","description":"AMI type, immutable","description_kind":"plain","optional":true,"computed":true},"capacity_type":{"type":"string","description":"Capacity Type","description_kind":"plain","optional":true,"computed":true},"instance_types":{"type":["set","string"],"description":"Nodepool instance types, immutable","description_kind":"plain","optional":true,"computed":true},"node_labels":{"type":["map","string"],"description":"Kubernetes node labels","description_kind":"plain","optional":true},"release_version":{"type":"string","description":"AMI release version","description_kind":"plain","optional":true,"computed":true},"role_arn":{"type":"string","description":"ARN of the IAM role that provides permissions for the Kubernetes nodepool to make calls to AWS API operations, immutable","description_kind":"plain","required":true},"root_disk_size":{"type":"number","description":"Root disk size in GiB, immutable","description_kind":"plain","optional":true,"computed":true},"subnet_ids":{"type":["set","string"],"description":"Subnets required for the nodepool","description_kind":"plain","required":true},"tags":{"type":["map","string"],"description":"EKS specific tags","description_kind":"plain","optional":true}},"block_types":{"ami_info":{"nesting_mode":"list","block":{"attributes":{"ami_id":{"type":"string","description":"ID of the AMI to be used","description_kind":"plain","optional":true},"override_bootstrap_cmd":{"type":"string","description":"Override bootstrap command for the custom AMI","description_kind":"plain","optional":true}},"description":"AMI info for the nodepool if AMI type is specified as CUSTOM","description_kind":"plain"},"max_items":1},"launch_template":{"nesting_mode":"list","block":{"attributes":{"id":{"type":"string","description":"The ID of the launch template","description_kind":"plain","optional":true},"name":{"type":"string","description":"The name of the launch template","description_kind":"plain","optional":true},"version":{"type":"string","description":"The version of the launch template to use","description_kind":"plain","optional":true}},"description":"Launch template for the nodepool","description_kind":"plain"},"max_items":1},"remote_access":{"nesting_mode":"list","block":{"attributes":{"security_groups":{"type":["set","string"],"description":"Security groups for the VMs","description_kind":"plain","optional":true},"ssh_key":{"type":"string","description":"SSH key allows you to connect to your instances and gather diagnostic information if there are issues.","description_kind":"plain","optional":true}},"description":"Remote access to worker nodes, immutable","description_kind":"plain"},"max_items":1},"scaling_config":{"nesting_mode":"list","block":{"attributes":{"desired_size":{"type":"number","description":"Desired size of nodepool","description_kind":"plain","optional":true},"max_size":{"type":"number","description":"Maximum size of nodepool","description_kind":"plain","optional":true},"min_size":{"type":"number","description":"Minimum size of nodepool","description_kind":"plain","optional":true}},"description":"Nodepool scaling config","description_kind":"plain"},"max_items":1},"taints":{"nesting_mode":"list","block":{"attributes":{"effect":{"type":"string","description":"Current effect state of the node pool","description_kind":"plain","optional":true},"key":{"type":"string","description":"The taint key to be applied to a node","description_kind":"plain","optional":true},"value":{"type":"string","description":"The taint value corresponding to the taint key","description_kind":"plain","optional":true}},"description":"If specified, the node's taints","description_kind":"plain"}},"update_config":{"nesting_mode":"list","block":{"attributes":{"max_unavailable_nodes":{"type":"string","description":"Maximum number of nodes unavailable at once during a version update","description_kind":"plain","optional":true},"max_unavailable_percentage":{"type":"string","description":"Maximum percentage of nodes unavailable during a version update","description_kind":"plain","optional":true}},"description":"Update config for the nodepool","description_kind":"plain"},"max_items":1}},"description":"Spec for the cluster","description_kind":"plain"},"min_items":1,"max_items":1}},"description":"Nodepool definitions for the cluster","description_kind":"plain"},"min_items":1}},"description":"Spec for the cluster","description_kind":"plain"},"max_items":1}},"description":"Tanzu Mission Control EKS Cluster Resource","description_kind":"plain"}},"tanzu-mission-control_enable_data_protection":{"version":0,"block":{"attributes":{"id":{"type":"string","description_kind":"plain","optional":true,"computed":true}},"block_types":{"deletion_policy":{"nesting_mode":"list","block":{"attributes":{"delete_backups":{"type":"bool","description":"Destroy backups upon deleting data protection.\n(default: false)","description_kind":"plain","optional":true},"force":{"type":"bool","description":"Disable data protection on all clusters in the cluster group even if cluster level schedules present.","description_kind":"plain","optional":true,"computed":true}},"description":"Deletion policy block of data protection","description_kind":"plain"},"max_items":1},"meta":{"nesting_mode":"list","block":{"attributes":{"annotations":{"type":["map","string"],"description":"Annotations for the resource","description_kind":"plain","optional":true,"computed":true},"description":{"type":"string","description":"Description of the resource","description_kind":"plain","optional":true},"labels":{"type":["map","string"],"description":"Labels for the resource","description_kind":"plain","optional":true},"resource_version":{"type":"string","description":"Resource version of the resource","description_kind":"plain","computed":true},"uid":{"type":"string","description":"UID of the resource","description_kind":"plain","computed":true}},"description":"Metadata for the resource","description_kind":"plain"},"max_items":1},"scope":{"nesting_mode":"list","block":{"block_types":{"cluster":{"nesting_mode":"list","block":{"attributes":{"cluster_name":{"type":"string","description":"Cluster name","description_kind":"plain","required":true},"management_cluster_name":{"type":"string","description":"Management cluster name","description_kind":"plain","required":true},"provisioner_name":{"type":"string","description":"Cluster provisioner name","description_kind":"plain","required":true}},"description":"Cluster scope block","description_kind":"plain"},"max_items":1},"cluster_group":{"nesting_mode":"list","block":{"attributes":{"cluster_group_name":{"type":"string","description":"Cluster group name","description_kind":"plain","required":true}},"description":"Cluster group scope block","description_kind":"plain"},"max_items":1}},"description":"Scope block for Data Protection (cluster/cluster group)","description_kind":"plain"},"min_items":1,"max_items":1},"spec":{"nesting_mode":"list","block":{"attributes":{"disable_restic":{"type":"bool","description":"A flag to indicate whether to skip installation of restic server (https://github.com/restic/restic).\nOtherwise, restic would be enabled by default as part of Data Protection installation.\n(Default: False)","description_kind":"plain","optional":true,"computed":true},"enable_all_api_group_versions_backup":{"type":"bool","description":"A flag to indicate whether to backup all the supported API Group versions of a resource on the cluster.\n(Default: False)","description_kind":"plain","optional":true,"computed":true},"enable_csi_snapshots":{"type":"bool","description":"A flag to indicate whether to install CSI snapshotting related capabilities.\n(Default: False)","description_kind":"plain","optional":true,"computed":true},"use_node_agent":{"type":"bool","description":"A flag to indicate whether to install the node agent daemonset which is responsible for volume data transfer to the target location.","description_kind":"plain","optional":true,"computed":true}},"block_types":{"selector":{"nesting_mode":"list","block":{"attributes":{"excludednames":{"type":["list","string"],"description_kind":"plain","optional":true},"names":{"type":["list","string"],"description_kind":"plain","optional":true}},"block_types":{"labelselector":{"nesting_mode":"list","block":{"block_types":{"matchexpressions":{"nesting_mode":"list","block":{"attributes":{"key":{"type":"string","description_kind":"plain","optional":true},"operator":{"type":"string","description_kind":"plain","optional":true},"values":{"type":["list","string"],"description_kind":"plain","required":true}},"description_kind":"plain"}}},"description_kind":"plain"}}},"description":"A selector to include/exclude specific clusters in a cluster group (optional)","description_kind":"plain"},"max_items":1}},"description":"Spec of enable data protection","description_kind":"plain"},"max_items":1}},"description_kind":"plain"}},"tanzu-mission-control_git_repository":{"version":0,"block":{"attributes":{"id":{"type":"string","description_kind":"plain","optional":true,"computed":true},"name":{"type":"string","description":"Name of the Repository.","description_kind":"plain","required":true},"namespace_name":{"type":"string","description":"Name of Namespace.","description_kind":"plain","required":true},"status":{"type":["map","string"],"description":"Status for the Repository.","description_kind":"plain","computed":true}},"block_types":{"meta":{"nesting_mode":"list","block":{"attributes":{"annotations":{"type":["map","string"],"description":"Annotations for the resource","description_kind":"plain","optional":true,"computed":true},"description":{"type":"string","description":"Description of the resource","description_kind":"plain","optional":true},"labels":{"type":["map","string"],"description":"Labels for the resource","description_kind":"plain","optional":true},"resource_version":{"type":"string","description":"Resource version of the resource","description_kind":"plain","computed":true},"uid":{"type":"string","description":"UID of the resource","description_kind":"plain","computed":true}},"description":"Metadata for the resource","description_kind":"plain"},"max_items":1},"scope":{"nesting_mode":"list","block":{"block_types":{"cluster":{"nesting_mode":"list","block":{"attributes":{"management_cluster_name":{"type":"string","description":"Name of the management cluster","description_kind":"plain","optional":true},"name":{"type":"string","description":"Name of this cluster","description_kind":"plain","required":true},"provisioner_name":{"type":"string","description":"Provisioner of the cluster","description_kind":"plain","optional":true}},"description":"The schema for cluster full name","description_kind":"plain"},"max_items":1},"cluster_group":{"nesting_mode":"list","block":{"attributes":{"name":{"type":"string","description":"Name of the cluster group","description_kind":"plain","required":true}},"description":"The schema for cluster group full name","description_kind":"plain"},"max_items":1}},"description":"Scope for the git repository, having one of the valid scopes: cluster, cluster_group.","description_kind":"plain"},"min_items":1,"max_items":1},"spec":{"nesting_mode":"list","block":{"attributes":{"git_implementation":{"type":"string","description":"GitImplementation specifies which client library implementation to use. go-git is the default git implementation.","description_kind":"plain","optional":true},"interval":{"type":"string","description":"Interval at which to check gitrepository for updates. This is the interval at which Tanzu Mission Control will attempt to reconcile changes in the repository to the cluster. A sync interval of 0 would result in no future syncs. If no value is entered, a default interval of 5 minutes will be applied as `5m`.","description_kind":"plain","optional":true},"secret_ref":{"type":"string","description":"Reference to the secret. Repository credential.","description_kind":"plain","optional":true},"url":{"type":"string","description":"URL of the git repository. Repository URL should begin with http, https, or ssh","description_kind":"plain","required":true}},"block_types":{"ref":{"nesting_mode":"list","block":{"attributes":{"branch":{"type":"string","description":"Branch from git to checkout. When branch is given, then that branch from the git repository will be checked out. If the given branch doesn’t exist in the git repository, then adding the git repository will fail. If no branch is given, the `master` branch will be used.","description_kind":"plain","optional":true},"commit":{"type":"string","description":"Commit SHA to checkout. Takes precedence over all other reference fields. When git_implementation is `GO_GIT`, this can be combined with branch to shallow clone branch in which the commit is expected to exist.","description_kind":"plain","optional":true},"semver":{"type":"string","description":"SemVer expression to checkout from git tags. Takes precedence over tag. When semver is given, then the latest tag matching that semver will be checked out from the git repository. If no tag in the git repository matches semver, then adding the git repository will fail. If semver is given, tag and branch will be ignored if they are populated.","description_kind":"plain","optional":true},"tag":{"type":"string","description":"Tag from git to checkout. Takes precedence over branch. When a tag is given, that tag from the git repository will be checked out. If the given tag doesn’t exist in the git repository, then adding the git repository will fail. If both tag and branch are given, tag overrides branch and the branch value will be ignored.","description_kind":"plain","optional":true}},"description":"Reference specifies git reference to resolve.","description_kind":"plain"},"max_items":1}},"description":"Spec for the Repository.","description_kind":"plain"},"min_items":1,"max_items":1}},"description_kind":"plain"}},"tanzu-mission-control_helm_feature":{"version":0,"block":{"attributes":{"id":{"type":"string","description_kind":"plain","optional":true,"computed":true},"status":{"type":["map","string"],"description":"Status for the helm feature.","description_kind":"plain","computed":true}},"block_types":{"meta":{"nesting_mode":"list","block":{"attributes":{"annotations":{"type":["map","string"],"description":"Annotations for the resource","description_kind":"plain","optional":true,"computed":true},"description":{"type":"string","description":"Description of the resource","description_kind":"plain","optional":true},"labels":{"type":["map","string"],"description":"Labels for the resource","description_kind":"plain","optional":true},"resource_version":{"type":"string","description":"Resource version of the resource","description_kind":"plain","computed":true},"uid":{"type":"string","description":"UID of the resource","description_kind":"plain","computed":true}},"description":"Metadata for the resource","description_kind":"plain"},"max_items":1},"scope":{"nesting_mode":"list","block":{"block_types":{"cluster":{"nesting_mode":"list","block":{"attributes":{"management_cluster_name":{"type":"string","description":"Name of the management cluster","description_kind":"plain","optional":true},"name":{"type":"string","description":"Name of this cluster","description_kind":"plain","required":true},"provisioner_name":{"type":"string","description":"Provisioner of the cluster","description_kind":"plain","optional":true}},"description":"The schema for cluster full name","description_kind":"plain"},"max_items":1},"cluster_group":{"nesting_mode":"list","block":{"attributes":{"name":{"type":"string","description":"Name of the cluster group","description_kind":"plain","required":true}},"description":"The schema for cluster group full name","description_kind":"plain"},"max_items":1}},"description":"Scope for the Helm feature, having one of the valid scopes: cluster, cluster_group.","description_kind":"plain"},"min_items":1,"max_items":1}},"description_kind":"plain"}},"tanzu-mission-control_helm_release":{"version":0,"block":{"attributes":{"feature_ref":{"type":"string","description":"when specified, ensures clean up of this Terraform resource from the state file by creating a dependency on the Helm feature when the Helm feature is disabled","description_kind":"plain","optional":true},"id":{"type":"string","description_kind":"plain","optional":true,"computed":true},"name":{"type":"string","description":"Name of the Repository.","description_kind":"plain","required":true},"namespace_name":{"type":"string","description":"Name of Namespace.","description_kind":"plain","required":true},"status":{"type":["list",["object",{"generated_resources":["list",["object",{"cluster_role_name":"string","role_binding_name":"string","service_account_name":"string"}]],"phase":"string"}]],"description":"status for helm release.","description_kind":"plain","computed":true}},"block_types":{"meta":{"nesting_mode":"list","block":{"attributes":{"annotations":{"type":["map","string"],"description":"Annotations for the resource","description_kind":"plain","optional":true,"computed":true},"description":{"type":"string","description":"Description of the resource","description_kind":"plain","optional":true},"labels":{"type":["map","string"],"description":"Labels for the resource","description_kind":"plain","optional":true},"resource_version":{"type":"string","description":"Resource version of the resource","description_kind":"plain","computed":true},"uid":{"type":"string","description":"UID of the resource","description_kind":"plain","computed":true}},"description":"Metadata for the resource","description_kind":"plain"},"max_items":1},"scope":{"nesting_mode":"list","block":{"block_types":{"cluster":{"nesting_mode":"list","block":{"attributes":{"management_cluster_name":{"type":"string","description":"Name of the management cluster","description_kind":"plain","optional":true},"name":{"type":"string","description":"Name of this cluster","description_kind":"plain","required":true},"provisioner_name":{"type":"string","description":"Provisioner of the cluster","description_kind":"plain","optional":true}},"description":"The schema for cluster full name","description_kind":"plain"},"max_items":1},"cluster_group":{"nesting_mode":"list","block":{"attributes":{"name":{"type":"string","description":"Name of the cluster group","description_kind":"plain","required":true}},"description":"The schema for cluster group full name","description_kind":"plain"},"max_items":1}},"description":"Scope for the Helm release, having one of the valid scopes: cluster, cluster_group.","description_kind":"plain"},"min_items":1,"max_items":1},"spec":{"nesting_mode":"list","block":{"attributes":{"inline_config":{"type":"string","description":"File to read inline values from (in yaml format).User need to specify the file path for inline config","description_kind":"plain","optional":true},"interval":{"type":"string","description":"Interval at which to reconcile the Helm release. This is the interval at which Tanzu Mission Control will attempt to reconcile changes in the helm release to the cluster. A sync interval of 0 would result in no future syncs. If no value is entered, a default interval of 5 minutes will be applied as `5m`.","description_kind":"plain","optional":true},"target_namespace":{"type":"string","description":"TargetNamespace sets or overrides the namespaces of resources yaml while applying on cluster.","description_kind":"plain","optional":true}},"block_types":{"chart_ref":{"nesting_mode":"list","block":{"block_types":{"git_repository":{"nesting_mode":"list","block":{"attributes":{"chart_path":{"type":"string","description":"Path of the chart in the git repository.","description_kind":"plain","required":true},"repository_name":{"type":"string","description":"Name of the Git repository.","description_kind":"plain","required":true},"repository_namespace":{"type":"string","description":"Namespace Name for the Git repository.","description_kind":"plain","required":true}},"description":"Git repository type spec.","description_kind":"plain"},"max_items":1},"helm_repository":{"nesting_mode":"list","block":{"attributes":{"chart_name":{"type":"string","description":"Name of the chart in the helm repository.","description_kind":"plain","required":true},"repository_name":{"type":"string","description":"Name of the Helm repository.","description_kind":"plain","required":true},"repository_namespace":{"type":"string","description":"Namespace Name for the Helm repository.","description_kind":"plain","required":true},"version":{"type":"string","description":"Chart version, applicable for helm repository type.","description_kind":"plain","required":true}},"description":"Helm repository type Spec.","description_kind":"plain"},"max_items":1}},"description":"Reference to the chart which will be installed.","description_kind":"plain"},"min_items":1,"max_items":1}},"description":"Spec for the Repository.","description_kind":"plain"},"min_items":1,"max_items":1}},"description_kind":"plain"}},"tanzu-mission-control_iam_policy":{"version":0,"block":{"attributes":{"id":{"type":"string","description_kind":"plain","optional":true,"computed":true}},"block_types":{"meta":{"nesting_mode":"list","block":{"attributes":{"annotations":{"type":["map","string"],"description":"Annotations for the resource","description_kind":"plain","optional":true,"computed":true},"description":{"type":"string","description":"Description of the resource","description_kind":"plain","optional":true},"labels":{"type":["map","string"],"description":"Labels for the resource","description_kind":"plain","optional":true},"resource_version":{"type":"string","description":"Resource version of the resource","description_kind":"plain","computed":true},"uid":{"type":"string","description":"UID of the resource","description_kind":"plain","computed":true}},"description":"Metadata for the resource","description_kind":"plain"},"max_items":1},"role_bindings":{"nesting_mode":"list","block":{"attributes":{"role":{"type":"string","description":"Role for this rolebinding: max length for a role is 126 characters.","description_kind":"plain","required":true}},"block_types":{"subjects":{"nesting_mode":"list","block":{"attributes":{"kind":{"type":"string","description":"Subject type, having one of the subject types: USER or GROUP or K8S_SERVICEACCOUNT","description_kind":"plain","required":true},"name":{"type":"string","description":"Subject name: allow max characters for email - 320 characters.","description_kind":"plain","required":true}},"description":"Subject for this rolebinding.","description_kind":"plain"},"min_items":1}},"description":"List of role bindings associated with the policy","description_kind":"plain"},"min_items":1},"scope":{"nesting_mode":"list","block":{"block_types":{"cluster":{"nesting_mode":"list","block":{"attributes":{"management_cluster_name":{"type":"string","description":"Name of the management cluster","description_kind":"plain","optional":true},"name":{"type":"string","description":"Name of this cluster","description_kind":"plain","required":true},"provisioner_name":{"type":"string","description":"Provisioner of the cluster","description_kind":"plain","optional":true}},"description":"The schema for cluster full name","description_kind":"plain"},"max_items":1},"cluster_group":{"nesting_mode":"list","block":{"attributes":{"name":{"type":"string","description":"Name of the cluster group","description_kind":"plain","required":true}},"description":"The schema for cluster group full name","description_kind":"plain"},"max_items":1},"namespace":{"nesting_mode":"list","block":{"attributes":{"cluster_name":{"type":"string","description":"Name of Cluster","description_kind":"plain","required":true},"management_cluster_name":{"type":"string","description":"Name of ManagementCluster","description_kind":"plain","optional":true},"name":{"type":"string","description":"Name of the Namespace","description_kind":"plain","required":true},"provisioner_name":{"type":"string","description":"Name of Provisioner","description_kind":"plain","optional":true}},"description":"The schema for namespace iam policy full name","description_kind":"plain"},"max_items":1},"organization":{"nesting_mode":"list","block":{"attributes":{"org_id":{"type":"string","description":"ID of the Organization","description_kind":"plain","required":true}},"description":"The schema for organization iam policy full name","description_kind":"plain"},"max_items":1},"workspace":{"nesting_mode":"list","block":{"attributes":{"name":{"type":"string","description":"Name of the workspace","description_kind":"plain","required":true}},"description":"The schema for workspace iam policy full name","description_kind":"plain"},"max_items":1}},"description":"Scope of the resource on which the rolebinding has to be added, having one of the valid scopes: organization, cluster_group, cluster, workspace or namespace.","description_kind":"plain"},"min_items":1,"max_items":1}},"description_kind":"plain"}},"tanzu-mission-control_image_policy":{"version":0,"block":{"attributes":{"id":{"type":"string","description_kind":"plain","optional":true,"computed":true},"name":{"type":"string","description":"Name of the image policy","description_kind":"plain","required":true}},"block_types":{"meta":{"nesting_mode":"list","block":{"attributes":{"annotations":{"type":["map","string"],"description":"Annotations for the resource","description_kind":"plain","optional":true,"computed":true},"description":{"type":"string","description":"Description of the resource","description_kind":"plain","optional":true},"labels":{"type":["map","string"],"description":"Labels for the resource","description_kind":"plain","optional":true},"resource_version":{"type":"string","description":"Resource version of the resource","description_kind":"plain","computed":true},"uid":{"type":"string","description":"UID of the resource","description_kind":"plain","computed":true}},"description":"Metadata for the resource","description_kind":"plain"},"max_items":1},"scope":{"nesting_mode":"list","block":{"block_types":{"cluster":{"nesting_mode":"list","block":{"attributes":{"management_cluster_name":{"type":"string","description":"Name of the management cluster","description_kind":"plain","optional":true},"name":{"type":"string","description":"Name of this cluster","description_kind":"plain","required":true},"provisioner_name":{"type":"string","description":"Provisioner of the cluster","description_kind":"plain","optional":true}},"description":"The schema for cluster policy full name","description_kind":"plain"},"max_items":1},"cluster_group":{"nesting_mode":"list","block":{"attributes":{"cluster_group":{"type":"string","description":"Name of this cluster group","description_kind":"plain","required":true}},"description":"The schema for cluster group policy full name","description_kind":"plain"},"max_items":1},"organization":{"nesting_mode":"list","block":{"attributes":{"organization":{"type":"string","description":"ID of this organization","description_kind":"plain","required":true}},"description":"The schema for organization policy full name","description_kind":"plain"},"max_items":1},"workspace":{"nesting_mode":"list","block":{"attributes":{"workspace":{"type":"string","description":"Name of this workspace","description_kind":"plain","required":true}},"description":"The schema for workspace policy full name","description_kind":"plain"},"max_items":1}},"description":"Scope for the custom, security, image, network, namespace quota and mutation policy, having one of the valid scopes for custom, security, mutation, and namespace quota policy: cluster, cluster_group or organization and valid scopes for image and network policy: workspace or organization.","description_kind":"plain"},"min_items":1,"max_items":1},"spec":{"nesting_mode":"list","block":{"block_types":{"input":{"nesting_mode":"list","block":{"block_types":{"allowed_name_tag":{"nesting_mode":"list","block":{"attributes":{"audit":{"type":"bool","description":"Audit (dry-run). Violations will be logged but not denied.","description_kind":"plain","optional":true}},"block_types":{"rules":{"nesting_mode":"list","block":{"attributes":{"imagename":{"type":"string","description":"Allowed image names, wildcards are supported(for example: fooservice/*). Empty field is equivalent to *.","description_kind":"plain","optional":true}},"block_types":{"tag":{"nesting_mode":"list","block":{"attributes":{"negate":{"type":"bool","description":"The negate flag used to exclude certain tag patterns.","description_kind":"plain","optional":true},"value":{"type":"string","description":"The value (support wildcard) is used to validate against the tag of the image.","description_kind":"plain","optional":true}},"description":"Allowed image tag, wildcards are supported (for example: v1.*). No validation is performed on tag if the field is empty.","description_kind":"plain"},"max_items":1}},"description":"It specifies a list of rules that defines allowed image patterns.","description_kind":"plain"},"min_items":1}},"description":"The input schema for image policy allowed-name-tag recipe version v1","description_kind":"plain"},"max_items":1},"block_latest_tag":{"nesting_mode":"list","block":{"attributes":{"audit":{"type":"bool","description":"Audit (dry-run). Violations will be logged but not denied.","description_kind":"plain","optional":true}},"description":"The input schema for image policy block-latest-tag recipe version v1","description_kind":"plain"},"max_items":1},"custom":{"nesting_mode":"list","block":{"attributes":{"audit":{"type":"bool","description":"Audit (dry-run). Violations will be logged but not denied.","description_kind":"plain","optional":true}},"block_types":{"rules":{"nesting_mode":"list","block":{"attributes":{"hostname":{"type":"string","description":"Allowed image hostnames, wildcards are supported(for example: *.mycompany.com). Empty field is equivalent to *.","description_kind":"plain","optional":true},"imagename":{"type":"string","description":"Allowed image names, wildcards are supported(for example: fooservice/*). Empty field is equivalent to *.","description_kind":"plain","optional":true},"port":{"type":"string","description":"Allowed port(if presented) of the image hostname, must associate with valid hostname. Wildcards are supported.","description_kind":"plain","optional":true},"requiredigest":{"type":"bool","description":"The flag used to enforce digest to appear in container images.","description_kind":"plain","optional":true}},"block_types":{"tag":{"nesting_mode":"list","block":{"attributes":{"negate":{"type":"bool","description":"The negate flag used to exclude certain tag patterns.","description_kind":"plain","optional":true},"value":{"type":"string","description":"The value (support wildcard) is used to validate against the tag of the image.","description_kind":"plain","optional":true}},"description":"Allowed image tag, wildcards are supported (for example: v1.*). No validation is performed on tag if the field is empty.","description_kind":"plain"},"max_items":1}},"description":"It specifies a list of rules that defines allowed image patterns.","description_kind":"plain"},"min_items":1}},"description":"The input schema for image policy custom recipe version v1","description_kind":"plain"},"max_items":1},"require_digest":{"nesting_mode":"list","block":{"attributes":{"audit":{"type":"bool","description":"Audit (dry-run). Violations will be logged but not denied.","description_kind":"plain","optional":true}},"description":"The input schema for image policy require-digest recipe version v1","description_kind":"plain"},"max_items":1}},"description":"Input for the image policy, having one of the valid recipes: allowed-name-tag, custom, block-latest-tag or require-digest.","description_kind":"plain"},"min_items":1,"max_items":1},"namespace_selector":{"nesting_mode":"list","block":{"block_types":{"match_expressions":{"nesting_mode":"list","block":{"attributes":{"key":{"type":"string","description":"Key is the label key that the selector applies to","description_kind":"plain","optional":true},"operator":{"type":"string","description":"Operator represents a key's relationship to a set of values","description_kind":"plain","optional":true},"values":{"type":["list","string"],"description":"Values is an array of string values","description_kind":"plain","required":true}},"description":"Match expressions is a list of label selector requirements, the requirements are ANDed","description_kind":"plain"},"min_items":1}},"description":"Label based Namespace Selector for the policy","description_kind":"plain"},"max_items":1}},"description":"Spec for the image policy","description_kind":"plain"},"min_items":1,"max_items":1}},"description_kind":"plain"}},"tanzu-mission-control_integration":{"version":0,"block":{"attributes":{"cluster_name":{"type":"string","description":"Name of this cluster","description_kind":"plain","required":true},"id":{"type":"string","description_kind":"plain","optional":true,"computed":true},"integration_name":{"type":"string","description":"Name of the Integration; valid options are currently only ['tanzu-service-mesh']","description_kind":"plain","required":true},"management_cluster_name":{"type":"string","description":"Name of the management cluster","description_kind":"plain","optional":true},"provisioner_name":{"type":"string","description":"Provisioner of the cluster","description_kind":"plain","optional":true},"status":{"type":["map","string"],"description":"Status of Integration","description_kind":"plain","computed":true}},"block_types":{"meta":{"nesting_mode":"list","block":{"attributes":{"annotations":{"type":["map","string"],"description":"Annotations for the resource","description_kind":"plain","optional":true,"computed":true},"description":{"type":"string","description":"Description of the resource","description_kind":"plain","optional":true},"labels":{"type":["map","string"],"description":"Labels for the resource","description_kind":"plain","optional":true},"resource_version":{"type":"string","description":"Resource version of the resource","description_kind":"plain","computed":true},"uid":{"type":"string","description":"UID of the resource","description_kind":"plain","computed":true}},"description":"Metadata for the resource","description_kind":"plain"},"max_items":1},"spec":{"nesting_mode":"list","block":{"attributes":{"configurations":{"type":"string","description":"Integration specific configurations in JSON format","description_kind":"plain","optional":true}},"description":"Specification for the Integration","description_kind":"plain"},"min_items":1,"max_items":1}},"description_kind":"plain"}},"tanzu-mission-control_kubernetes_secret":{"version":0,"block":{"attributes":{"export":{"type":"bool","description":"Export the secret to all namespaces.","description_kind":"plain","optional":true},"id":{"type":"string","description_kind":"plain","optional":true,"computed":true},"name":{"type":"string","description":"Name of the secret resource.","description_kind":"plain","required":true},"namespace_name":{"type":"string","description":"Name of Namespace where secret will be created.","description_kind":"plain","required":true},"org_id":{"type":"string","description":"ID of Organization.","description_kind":"plain","optional":true},"status":{"type":["map","string"],"description":"Status for the kubernetes Secret.","description_kind":"plain","computed":true}},"block_types":{"meta":{"nesting_mode":"list","block":{"attributes":{"annotations":{"type":["map","string"],"description":"Annotations for the resource","description_kind":"plain","optional":true,"computed":true},"description":{"type":"string","description":"Description of the resource","description_kind":"plain","optional":true},"labels":{"type":["map","string"],"description":"Labels for the resource","description_kind":"plain","optional":true},"resource_version":{"type":"string","description":"Resource version of the resource","description_kind":"plain","computed":true},"uid":{"type":"string","description":"UID of the resource","description_kind":"plain","computed":true}},"description":"Metadata for the resource","description_kind":"plain"},"max_items":1},"scope":{"nesting_mode":"list","block":{"block_types":{"cluster":{"nesting_mode":"list","block":{"attributes":{"management_cluster_name":{"type":"string","description":"Name of the management cluster","description_kind":"plain","optional":true},"name":{"type":"string","description":"Name of this cluster","description_kind":"plain","required":true},"provisioner_name":{"type":"string","description":"Provisioner of the cluster","description_kind":"plain","optional":true}},"description":"The schema for cluster full name","description_kind":"plain"},"max_items":1},"cluster_group":{"nesting_mode":"list","block":{"attributes":{"name":{"type":"string","description":"Name of the cluster group","description_kind":"plain","required":true}},"description":"The schema for cluster group full name","description_kind":"plain"},"max_items":1}},"description":"Scope for the kubernetes secret, having one of the valid scopes: cluster, cluster_group.","description_kind":"plain"},"min_items":1,"max_items":1},"spec":{"nesting_mode":"list","block":{"attributes":{"opaque":{"type":["map","string"],"description":"SecretType definition - SECRET_TYPE_OPAQUE, Kubernetes secrets type.","description_kind":"plain","optional":true,"sensitive":true}},"block_types":{"docker_config_json":{"nesting_mode":"list","block":{"attributes":{"image_registry_url":{"type":"string","description":"SecretType definition - Server URL of the registry.","description_kind":"plain","required":true},"password":{"type":"string","description":"SecretType definition - Password of the registry.","description_kind":"plain","required":true,"sensitive":true},"username":{"type":"string","description":"SecretType definition - Username of the registry.","description_kind":"plain","required":true}},"description":"SecretType definition - SECRET_TYPE_DOCKERCONFIGJSON, Kubernetes secrets type.","description_kind":"plain"}}},"description":"Spec for the kubernetes secret","description_kind":"plain"},"min_items":1,"max_items":1}},"description_kind":"plain"}},"tanzu-mission-control_kustomization":{"version":0,"block":{"attributes":{"id":{"type":"string","description_kind":"plain","optional":true,"computed":true},"name":{"type":"string","description":"Name of the Kustomization.","description_kind":"plain","required":true},"namespace_name":{"type":"string","description":"Name of Namespace.","description_kind":"plain","required":true},"status":{"type":["map","string"],"description":"Status for the Kustomization.","description_kind":"plain","computed":true}},"block_types":{"meta":{"nesting_mode":"list","block":{"attributes":{"annotations":{"type":["map","string"],"description":"Annotations for the resource","description_kind":"plain","optional":true,"computed":true},"description":{"type":"string","description":"Description of the resource","description_kind":"plain","optional":true},"labels":{"type":["map","string"],"description":"Labels for the resource","description_kind":"plain","optional":true},"resource_version":{"type":"string","description":"Resource version of the resource","description_kind":"plain","computed":true},"uid":{"type":"string","description":"UID of the resource","description_kind":"plain","computed":true}},"description":"Metadata for the resource","description_kind":"plain"},"max_items":1},"scope":{"nesting_mode":"list","block":{"block_types":{"cluster":{"nesting_mode":"list","block":{"attributes":{"management_cluster_name":{"type":"string","description":"Name of the management cluster","description_kind":"plain","optional":true},"name":{"type":"string","description":"Name of this cluster","description_kind":"plain","required":true},"provisioner_name":{"type":"string","description":"Provisioner of the cluster","description_kind":"plain","optional":true}},"description":"The schema for cluster full name","description_kind":"plain"},"max_items":1},"cluster_group":{"nesting_mode":"list","block":{"attributes":{"name":{"type":"string","description":"Name of the cluster group","description_kind":"plain","required":true}},"description":"The schema for cluster group full name","description_kind":"plain"},"max_items":1}},"description":"Scope for the kustomization, having one of the valid scopes: cluster, cluster_group.","description_kind":"plain"},"min_items":1,"max_items":1},"spec":{"nesting_mode":"list","block":{"attributes":{"interval":{"type":"string","description":"Interval defines the interval at which to reconcile kustomization.","description_kind":"plain","optional":true},"path":{"type":"string","description":"Path within the source from which configurations will be applied. The path must exactly match what is in the repository.","description_kind":"plain","required":true},"prune":{"type":"bool","description":"If true, the workloads will be deleted when the kustomization CR is deleted. When prune is enabled, removing the kustomization will trigger a removal of all kubernetes objects previously applied on all clusters of this cluster group by this kustomization.","description_kind":"plain","optional":true},"target_namespace":{"type":"string","description":"TargetNamespace sets or overrides the namespaces of resources/kustomization yaml while applying on cluster. Namespace specified here must exist on cluster. It won't be created as a result of specifying here. Enter the name of the namespace you want the kustomization to be synced to. Entering a target namespace removes the need to specify a namespace in your kustomization. If the namespace does not exist in the cluster, syncing the kustomization will fail.","description_kind":"plain","optional":true}},"block_types":{"source":{"nesting_mode":"list","block":{"attributes":{"name":{"type":"string","description":"Name of the repository.","description_kind":"plain","required":true},"namespace":{"type":"string","description":"Namespace of the repository.","description_kind":"plain","required":true}},"description":"Reference to the source from which the configurations will be applied. Please select an existing repository.","description_kind":"plain"},"min_items":1,"max_items":1}},"description":"Spec for the Repository.","description_kind":"plain"},"min_items":1,"max_items":1}},"description_kind":"plain"}},"tanzu-mission-control_management_cluster":{"version":0,"block":{"attributes":{"id":{"type":"string","description_kind":"plain","optional":true,"computed":true},"name":{"type":"string","description":"Name of this management cluster","description_kind":"plain","required":true},"org_id":{"type":"string","description":"ID of Organization.","description_kind":"plain","optional":true},"ready_wait_timeout":{"type":"string","description":"Wait timeout duration.","description_kind":"plain","optional":true},"status":{"type":["map","string"],"description":"Status of the management cluster","description_kind":"plain","computed":true}},"block_types":{"meta":{"nesting_mode":"list","block":{"attributes":{"annotations":{"type":["map","string"],"description":"Annotations for the resource","description_kind":"plain","optional":true,"computed":true},"description":{"type":"string","description":"Description of the resource","description_kind":"plain","optional":true},"labels":{"type":["map","string"],"description":"Labels for the resource","description_kind":"plain","optional":true},"resource_version":{"type":"string","description":"Resource version of the resource","description_kind":"plain","computed":true},"uid":{"type":"string","description":"UID of the resource","description_kind":"plain","computed":true}},"description":"Metadata for the resource","description_kind":"plain"},"max_items":1},"register_management_cluster":{"nesting_mode":"list","block":{"attributes":{"tkgm_description":{"type":"string","description":"Register management cluster description for only TKGm","description_kind":"plain","optional":true},"tkgm_kubeconfig_file":{"type":"string","description":"Register management cluster KUBECONFIG path for only TKGm","description_kind":"plain","optional":true},"tkgm_kubeconfig_raw":{"type":"string","description":"Register management cluster KUBECONFIG for only TKGm","description_kind":"plain","optional":true,"sensitive":true}},"description_kind":"plain"},"max_items":1},"spec":{"nesting_mode":"list","block":{"attributes":{"cluster_group":{"type":"string","description":"Cluster group name to be used by default for workload clusters","description_kind":"plain","required":true},"image_registry":{"type":"string","description":"Image registry which is only allowed for TKGm","description_kind":"plain","optional":true},"kubernetes_provider_type":{"type":"string","description":"Kubernetes provider type","description_kind":"plain","required":true},"managed_workload_cluster_image_registry":{"type":"string","description":"Managed workload cluster image registry","description_kind":"plain","optional":true},"managed_workload_cluster_proxy_name":{"type":"string","description":"Managed workload cluster proxy name","description_kind":"plain","optional":true},"management_proxy_name":{"type":"string","description":"Management cluster proxy name","description_kind":"plain","optional":true}},"description_kind":"plain"},"max_items":1}},"description":"Tanzu Mission Control Management Cluster Registration Resource","description_kind":"plain"}},"tanzu-mission-control_mutation_policy":{"version":0,"block":{"attributes":{"id":{"type":"string","description_kind":"plain","optional":true,"computed":true},"name":{"type":"string","description":"Name of the mutation policy","description_kind":"plain","required":true}},"block_types":{"meta":{"nesting_mode":"list","block":{"attributes":{"annotations":{"type":["map","string"],"description":"Annotations for the resource","description_kind":"plain","optional":true,"computed":true},"description":{"type":"string","description":"Description of the resource","description_kind":"plain","optional":true},"labels":{"type":["map","string"],"description":"Labels for the resource","description_kind":"plain","optional":true},"resource_version":{"type":"string","description":"Resource version of the resource","description_kind":"plain","computed":true},"uid":{"type":"string","description":"UID of the resource","description_kind":"plain","computed":true}},"description":"Metadata for the resource","description_kind":"plain"},"max_items":1},"scope":{"nesting_mode":"list","block":{"block_types":{"cluster":{"nesting_mode":"list","block":{"attributes":{"management_cluster_name":{"type":"string","description":"Name of the management cluster","description_kind":"plain","optional":true},"name":{"type":"string","description":"Name of this cluster","description_kind":"plain","required":true},"provisioner_name":{"type":"string","description":"Provisioner of the cluster","description_kind":"plain","optional":true}},"description":"The schema for cluster policy full name","description_kind":"plain"},"max_items":1},"cluster_group":{"nesting_mode":"list","block":{"attributes":{"cluster_group":{"type":"string","description":"Name of this cluster group","description_kind":"plain","required":true}},"description":"The schema for cluster group policy full name","description_kind":"plain"},"max_items":1},"organization":{"nesting_mode":"list","block":{"attributes":{"organization":{"type":"string","description":"ID of this organization","description_kind":"plain","required":true}},"description":"The schema for organization policy full name","description_kind":"plain"},"max_items":1},"workspace":{"nesting_mode":"list","block":{"attributes":{"workspace":{"type":"string","description":"Name of this workspace","description_kind":"plain","required":true}},"description":"The schema for workspace policy full name","description_kind":"plain"},"max_items":1}},"description":"Scope for the custom, security, image, network, namespace quota and mutation policy, having one of the valid scopes for custom, security, mutation, and namespace quota policy: cluster, cluster_group or organization and valid scopes for image and network policy: workspace or organization.","description_kind":"plain"},"min_items":1,"max_items":1},"spec":{"nesting_mode":"list","block":{"block_types":{"input":{"nesting_mode":"list","block":{"block_types":{"annotation":{"nesting_mode":"list","block":{"attributes":{"scope":{"type":"string","description":"Scope","description_kind":"plain","optional":true}},"block_types":{"annotation":{"nesting_mode":"list","block":{"attributes":{"key":{"type":"string","description_kind":"plain","required":true},"value":{"type":"string","description_kind":"plain","required":true}},"description_kind":"plain"},"max_items":1},"target_kubernetes_resources":{"nesting_mode":"list","block":{"attributes":{"api_groups":{"type":["list","string"],"description":"APIGroup is a group containing the resource type.","description_kind":"plain","required":true},"kinds":{"type":["list","string"],"description":"Kind is the name of the object schema (resource type).","description_kind":"plain","required":true}},"description":"A list of kubernetes api resources on which the policy will be enforced, identified using apiGroups and kinds.","description_kind":"plain"},"min_items":1}},"description":"The input schema for custom policy tmc_block_nodeport_service recipe version v1","description_kind":"plain"},"max_items":1},"label":{"nesting_mode":"list","block":{"attributes":{"scope":{"type":"string","description":"Scope","description_kind":"plain","optional":true}},"block_types":{"label":{"nesting_mode":"list","block":{"attributes":{"key":{"type":"string","description_kind":"plain","required":true},"value":{"type":"string","description_kind":"plain","required":true}},"description_kind":"plain"},"max_items":1},"target_kubernetes_resources":{"nesting_mode":"list","block":{"attributes":{"api_groups":{"type":["list","string"],"description":"APIGroup is a group containing the resource type.","description_kind":"plain","required":true},"kinds":{"type":["list","string"],"description":"Kind is the name of the object schema (resource type).","description_kind":"plain","required":true}},"description":"A list of kubernetes api resources on which the policy will be enforced, identified using apiGroups and kinds.","description_kind":"plain"},"min_items":1}},"description":"The input schema for custom policy tmc_block_nodeport_service recipe version v1","description_kind":"plain"},"max_items":1},"pod_security":{"nesting_mode":"list","block":{"block_types":{"allow_privilege_escalation":{"nesting_mode":"list","block":{"attributes":{"condition":{"type":"string","description_kind":"plain","required":true},"value":{"type":"bool","description_kind":"plain","required":true}},"description_kind":"plain"},"max_items":1},"capabilities_add":{"nesting_mode":"list","block":{"attributes":{"operation":{"type":"string","description":"Rule","description_kind":"plain","optional":true},"values":{"type":["list","string"],"description":"Values is an array of string values","description_kind":"plain","required":true}},"description":"Run as user","description_kind":"plain"},"max_items":1},"capabilities_drop":{"nesting_mode":"list","block":{"attributes":{"operation":{"type":"string","description":"Rule","description_kind":"plain","optional":true},"values":{"type":["list","string"],"description":"Values is an array of string values","description_kind":"plain","required":true}},"description":"Run as user","description_kind":"plain"},"max_items":1},"fs_group":{"nesting_mode":"list","block":{"attributes":{"condition":{"type":"string","description_kind":"plain","required":true},"value":{"type":"number","description_kind":"plain","required":true}},"description_kind":"plain"},"max_items":1},"privileged":{"nesting_mode":"list","block":{"attributes":{"condition":{"type":"string","description_kind":"plain","required":true},"value":{"type":"bool","description_kind":"plain","required":true}},"description_kind":"plain"},"max_items":1},"read_only_root_filesystem":{"nesting_mode":"list","block":{"attributes":{"condition":{"type":"string","description_kind":"plain","required":true},"value":{"type":"bool","description_kind":"plain","required":true}},"description_kind":"plain"},"max_items":1},"run_as_group":{"nesting_mode":"list","block":{"attributes":{"condition":{"type":"string","description_kind":"plain","required":true},"value":{"type":"number","description_kind":"plain","required":true}},"description_kind":"plain"},"max_items":1},"run_as_non_root":{"nesting_mode":"list","block":{"attributes":{"condition":{"type":"string","description_kind":"plain","required":true},"value":{"type":"bool","description_kind":"plain","required":true}},"description_kind":"plain"},"max_items":1},"run_as_user":{"nesting_mode":"list","block":{"attributes":{"condition":{"type":"string","description_kind":"plain","required":true},"value":{"type":"number","description_kind":"plain","required":true}},"description_kind":"plain"},"max_items":1},"se_linux_options":{"nesting_mode":"list","block":{"attributes":{"condition":{"type":"string","description":"SELinux condition","description_kind":"plain","optional":true},"level":{"type":"string","description":"SELinux level","description_kind":"plain","optional":true},"role":{"type":"string","description":"SELinux role","description_kind":"plain","optional":true},"type":{"type":"string","description":"SELinux type","description_kind":"plain","optional":true},"user":{"type":"string","description":"SELinux user","description_kind":"plain","optional":true}},"description":"Allowed selinux options","description_kind":"plain"}},"supplemental_groups":{"nesting_mode":"list","block":{"attributes":{"condition":{"type":"string","description_kind":"plain","optional":true},"values":{"type":["list","number"],"description_kind":"plain","required":true}},"description_kind":"plain"},"max_items":1}},"description":"The pod security schema","description_kind":"plain"},"max_items":1}},"description":"Input for the mutation policy.","description_kind":"plain"},"min_items":1,"max_items":1},"namespace_selector":{"nesting_mode":"list","block":{"block_types":{"match_expressions":{"nesting_mode":"list","block":{"attributes":{"key":{"type":"string","description":"Key is the label key that the selector applies to","description_kind":"plain","optional":true},"operator":{"type":"string","description":"Operator represents a key's relationship to a set of values","description_kind":"plain","optional":true},"values":{"type":["list","string"],"description":"Values is an array of string values","description_kind":"plain","required":true}},"description":"Match expressions is a list of label selector requirements, the requirements are ANDed","description_kind":"plain"},"min_items":1}},"description":"Label based Namespace Selector for the policy","description_kind":"plain"},"max_items":1}},"description":"Spec for the mutation policy","description_kind":"plain"},"min_items":1,"max_items":1}},"description_kind":"plain"}},"tanzu-mission-control_namespace":{"version":0,"block":{"attributes":{"cluster_name":{"type":"string","description_kind":"plain","required":true},"id":{"type":"string","description_kind":"plain","optional":true,"computed":true},"management_cluster_name":{"type":"string","description_kind":"plain","optional":true},"name":{"type":"string","description_kind":"plain","required":true},"provisioner_name":{"type":"string","description_kind":"plain","optional":true},"status":{"type":["map","string"],"description_kind":"plain","computed":true}},"block_types":{"meta":{"nesting_mode":"list","block":{"attributes":{"annotations":{"type":["map","string"],"description":"Annotations for the resource","description_kind":"plain","optional":true,"computed":true},"description":{"type":"string","description":"Description of the resource","description_kind":"plain","optional":true},"labels":{"type":["map","string"],"description":"Labels for the resource","description_kind":"plain","optional":true},"resource_version":{"type":"string","description":"Resource version of the resource","description_kind":"plain","computed":true},"uid":{"type":"string","description":"UID of the resource","description_kind":"plain","computed":true}},"description":"Metadata for the resource","description_kind":"plain"},"max_items":1},"spec":{"nesting_mode":"list","block":{"attributes":{"attach":{"type":"bool","description_kind":"plain","optional":true},"workspace_name":{"type":"string","description_kind":"plain","optional":true}},"description_kind":"plain"},"max_items":1}},"description_kind":"plain"}},"tanzu-mission-control_namespace_quota_policy":{"version":0,"block":{"attributes":{"id":{"type":"string","description_kind":"plain","optional":true,"computed":true},"name":{"type":"string","description":"Name of the namespace quota policy","description_kind":"plain","required":true}},"block_types":{"meta":{"nesting_mode":"list","block":{"attributes":{"annotations":{"type":["map","string"],"description":"Annotations for the resource","description_kind":"plain","optional":true,"computed":true},"description":{"type":"string","description":"Description of the resource","description_kind":"plain","optional":true},"labels":{"type":["map","string"],"description":"Labels for the resource","description_kind":"plain","optional":true},"resource_version":{"type":"string","description":"Resource version of the resource","description_kind":"plain","computed":true},"uid":{"type":"string","description":"UID of the resource","description_kind":"plain","computed":true}},"description":"Metadata for the resource","description_kind":"plain"},"max_items":1},"scope":{"nesting_mode":"list","block":{"block_types":{"cluster":{"nesting_mode":"list","block":{"attributes":{"management_cluster_name":{"type":"string","description":"Name of the management cluster","description_kind":"plain","optional":true},"name":{"type":"string","description":"Name of this cluster","description_kind":"plain","required":true},"provisioner_name":{"type":"string","description":"Provisioner of the cluster","description_kind":"plain","optional":true}},"description":"The schema for cluster policy full name","description_kind":"plain"},"max_items":1},"cluster_group":{"nesting_mode":"list","block":{"attributes":{"cluster_group":{"type":"string","description":"Name of this cluster group","description_kind":"plain","required":true}},"description":"The schema for cluster group policy full name","description_kind":"plain"},"max_items":1},"organization":{"nesting_mode":"list","block":{"attributes":{"organization":{"type":"string","description":"ID of this organization","description_kind":"plain","required":true}},"description":"The schema for organization policy full name","description_kind":"plain"},"max_items":1},"workspace":{"nesting_mode":"list","block":{"attributes":{"workspace":{"type":"string","description":"Name of this workspace","description_kind":"plain","required":true}},"description":"The schema for workspace policy full name","description_kind":"plain"},"max_items":1}},"description":"Scope for the custom, security, image, network, namespace quota and mutation policy, having one of the valid scopes for custom, security, mutation, and namespace quota policy: cluster, cluster_group or organization and valid scopes for image and network policy: workspace or organization.","description_kind":"plain"},"min_items":1,"max_items":1},"spec":{"nesting_mode":"list","block":{"block_types":{"input":{"nesting_mode":"list","block":{"block_types":{"custom":{"nesting_mode":"list","block":{"attributes":{"limits_cpu":{"type":"string","description":"The sum of CPU limits across all pods in a non-terminal state cannot exceed this value","description_kind":"plain","optional":true},"limits_memory":{"type":"string","description":"The sum of memory limits across all pods in a non-terminal state cannot exceed this value","description_kind":"plain","optional":true},"persistent_volume_claims":{"type":"number","description":"The total number of PersistentVolumeClaims that can exist in a namespace","description_kind":"plain","optional":true},"persistent_volume_claims_per_class":{"type":["map","number"],"description":"Across all persistent volume claims associated with each storage class, the total number of persistent volume claims that can exist in the namespace","description_kind":"plain","optional":true},"requests_cpu":{"type":"string","description":"The sum of CPU requests across all pods in a non-terminal state cannot exceed this value","description_kind":"plain","optional":true},"requests_memory":{"type":"string","description":"The sum of memory requests across all pods in a non-terminal state cannot exceed this value","description_kind":"plain","optional":true},"requests_storage":{"type":"string","description":"The sum of storage requests across all persistent volume claims cannot exceed this value","description_kind":"plain","optional":true},"requests_storage_per_class":{"type":["map","string"],"description":"Across all persistent volume claims associated with each storage class, the sum of storage requests cannot exceed this value","description_kind":"plain","optional":true},"resource_counts":{"type":["map","number"],"description":"The total number of Services of the given type that can exist in a namespace","description_kind":"plain","optional":true}},"description":"The input schema for namespace quota policy custom recipe version v1","description_kind":"plain"},"max_items":1},"large":{"nesting_mode":"list","block":{"description":"The input schema for namespace quota policy large recipe version v1","description_kind":"plain"},"max_items":1},"medium":{"nesting_mode":"list","block":{"description":"The input schema for namespace quota policy medium recipe version v1","description_kind":"plain"},"max_items":1},"small":{"nesting_mode":"list","block":{"description":"The input schema for namespace quota policy small recipe version v1","description_kind":"plain"},"max_items":1}},"description":"Input for the namespace quota policy, having one of the valid recipes: small, medium, large or custom.","description_kind":"plain"},"min_items":1,"max_items":1},"namespace_selector":{"nesting_mode":"list","block":{"block_types":{"match_expressions":{"nesting_mode":"list","block":{"attributes":{"key":{"type":"string","description":"Key is the label key that the selector applies to","description_kind":"plain","optional":true},"operator":{"type":"string","description":"Operator represents a key's relationship to a set of values","description_kind":"plain","optional":true},"values":{"type":["list","string"],"description":"Values is an array of string values","description_kind":"plain","required":true}},"description":"Match expressions is a list of label selector requirements, the requirements are ANDed","description_kind":"plain"},"min_items":1}},"description":"Label based Namespace Selector for the policy","description_kind":"plain"},"max_items":1}},"description":"Spec for the namespace namespace quota policy","description_kind":"plain"},"min_items":1,"max_items":1}},"description_kind":"plain"}},"tanzu-mission-control_network_policy":{"version":0,"block":{"attributes":{"id":{"type":"string","description_kind":"plain","optional":true,"computed":true},"name":{"type":"string","description":"Name of the network policy","description_kind":"plain","required":true}},"block_types":{"meta":{"nesting_mode":"list","block":{"attributes":{"annotations":{"type":["map","string"],"description":"Annotations for the resource","description_kind":"plain","optional":true,"computed":true},"description":{"type":"string","description":"Description of the resource","description_kind":"plain","optional":true},"labels":{"type":["map","string"],"description":"Labels for the resource","description_kind":"plain","optional":true},"resource_version":{"type":"string","description":"Resource version of the resource","description_kind":"plain","computed":true},"uid":{"type":"string","description":"UID of the resource","description_kind":"plain","computed":true}},"description":"Metadata for the resource","description_kind":"plain"},"max_items":1},"scope":{"nesting_mode":"list","block":{"block_types":{"cluster":{"nesting_mode":"list","block":{"attributes":{"management_cluster_name":{"type":"string","description":"Name of the management cluster","description_kind":"plain","optional":true},"name":{"type":"string","description":"Name of this cluster","description_kind":"plain","required":true},"provisioner_name":{"type":"string","description":"Provisioner of the cluster","description_kind":"plain","optional":true}},"description":"The schema for cluster policy full name","description_kind":"plain"},"max_items":1},"cluster_group":{"nesting_mode":"list","block":{"attributes":{"cluster_group":{"type":"string","description":"Name of this cluster group","description_kind":"plain","required":true}},"description":"The schema for cluster group policy full name","description_kind":"plain"},"max_items":1},"organization":{"nesting_mode":"list","block":{"attributes":{"organization":{"type":"string","description":"ID of this organization","description_kind":"plain","required":true}},"description":"The schema for organization policy full name","description_kind":"plain"},"max_items":1},"workspace":{"nesting_mode":"list","block":{"attributes":{"workspace":{"type":"string","description":"Name of this workspace","description_kind":"plain","required":true}},"description":"The schema for workspace policy full name","description_kind":"plain"},"max_items":1}},"description":"Scope for the custom, security, image, network, namespace quota and mutation policy, having one of the valid scopes for custom, security, mutation, and namespace quota policy: cluster, cluster_group or organization and valid scopes for image and network policy: workspace or organization.","description_kind":"plain"},"min_items":1,"max_items":1},"spec":{"nesting_mode":"list","block":{"block_types":{"input":{"nesting_mode":"list","block":{"block_types":{"allow_all":{"nesting_mode":"list","block":{"attributes":{"from_own_namespace":{"type":"bool","description":"Allow traffic only from own namespace. Allow traffic only from pods in the same namespace as the destination pod.","description_kind":"plain","optional":true}},"description":"The input schema for network policy allow-all recipe version v1","description_kind":"plain"},"max_items":1},"allow_all_egress":{"nesting_mode":"list","block":{"description":"The input schema for network policy allow-all-egress recipe version v1","description_kind":"plain"},"max_items":1},"allow_all_to_pods":{"nesting_mode":"list","block":{"attributes":{"from_own_namespace":{"type":"bool","description":"Allow traffic only from own namespace. Allow traffic only from pods in the same namespace as the destination pod.","description_kind":"plain","optional":true},"to_pod_labels":{"type":["map","string"],"description":"Pod Labels on which traffic should be allowed/denied. Use a label selector to identify the pods to which the policy applies.","description_kind":"plain","optional":true}},"description":"The input schema for network policy allow-all-to-pods recipe version v1","description_kind":"plain"},"max_items":1},"custom_egress":{"nesting_mode":"list","block":{"attributes":{"to_pod_labels":{"type":["map","string"],"description":"Pod Labels on which traffic should be allowed/denied. Use a label selector to identify the pods to which the policy applies.","description_kind":"plain","optional":true}},"block_types":{"rules":{"nesting_mode":"list","block":{"block_types":{"ports":{"nesting_mode":"list","block":{"attributes":{"port":{"type":"string","description":"The port on the given protocol. This can either be a numerical or named port on a pod.","description_kind":"plain","optional":true},"protocol":{"type":"string","description":"The protocol (TCP or UDP) which traffic must match.","description_kind":"plain","optional":true}},"description":"List of destination ports for outgoing traffic. Each item in this list is combined using a logical OR. Default is this rule matches all ports (traffic not restricted by port).","description_kind":"plain"},"min_items":1},"rule_spec":{"nesting_mode":"list","block":{"block_types":{"custom_ip":{"nesting_mode":"list","block":{"block_types":{"ip_block":{"nesting_mode":"list","block":{"attributes":{"cidr":{"type":"string","description":"CIDR is a string representing the IP Block Valid examples are \"192.168.1.1/24\" or \"2001:db9::/64\"","description_kind":"plain","required":true},"except":{"type":["list","string"],"description":"Except is a slice of CIDRs that should not be included within an IP Block Valid examples are \"192.168.1.1/24\" or \"2001:db9::/64\" Except values will be rejected if they are outside the CIDR range","description_kind":"plain","optional":true}},"description":"IPBlock defines policy on a particular IPBlock. If this field is set then neither of the namespaceSelector and PodSelector can be set.","description_kind":"plain"}}},"description":"The rule Spec (destination) for IP Block.","description_kind":"plain"}},"custom_selector":{"nesting_mode":"list","block":{"attributes":{"namespace_selector":{"type":["map","string"],"description":"Use a label selector to identify the namespaces to allow as egress destinations.","description_kind":"plain","optional":true},"pod_selector":{"type":["map","string"],"description":"Use a label selector to identify the pods to allow as egress destinations.","description_kind":"plain","optional":true}},"description":"The rule Spec (destination) for Selectors.","description_kind":"plain"}}},"description":"List of destinations for outgoing traffic of pods selected for this rule. Default is the rule matches all destinations (traffic not restricted by destinations).","description_kind":"plain"},"min_items":1}},"description":"This specifies list of egress rules to be applied to the selected pods.","description_kind":"plain"},"min_items":1}},"description":"The input schema for network policy custom egress recipe version v1","description_kind":"plain"},"max_items":1},"custom_ingress":{"nesting_mode":"list","block":{"attributes":{"to_pod_labels":{"type":["map","string"],"description":"Pod Labels on which traffic should be allowed/denied. Use a label selector to identify the pods to which the policy applies.","description_kind":"plain","optional":true}},"block_types":{"rules":{"nesting_mode":"list","block":{"block_types":{"ports":{"nesting_mode":"list","block":{"attributes":{"port":{"type":"string","description":"The port on the given protocol. This can either be a numerical or named port on a pod.","description_kind":"plain","optional":true},"protocol":{"type":"string","description":"The protocol (TCP or UDP) which traffic must match.","description_kind":"plain","optional":true}},"description":"List of ports which should be made accessible on the pods selected for this rule. Each item in this list is combined using a logical OR. Default is this rule matches all ports (traffic not restricted by port).","description_kind":"plain"},"min_items":1},"rule_spec":{"nesting_mode":"list","block":{"block_types":{"custom_ip":{"nesting_mode":"list","block":{"block_types":{"ip_block":{"nesting_mode":"list","block":{"attributes":{"cidr":{"type":"string","description":"CIDR is a string representing the IP Block Valid examples are \"192.168.1.1/24\" or \"2001:db9::/64\"","description_kind":"plain","required":true},"except":{"type":["list","string"],"description":"Except is a slice of CIDRs that should not be included within an IP Block Valid examples are \"192.168.1.1/24\" or \"2001:db9::/64\" Except values will be rejected if they are outside the CIDR range","description_kind":"plain","optional":true}},"description":"IPBlock defines policy on a particular IPBlock. If this field is set then neither of the namespaceSelector and PodSelector can be set.","description_kind":"plain"}}},"description":"The rule Spec (source) for IP Block.","description_kind":"plain"}},"custom_selector":{"nesting_mode":"list","block":{"attributes":{"namespace_selector":{"type":["map","string"],"description":"Use a label selector to identify the namespaces to allow as egress destinations.","description_kind":"plain","optional":true},"pod_selector":{"type":["map","string"],"description":"Use a label selector to identify the pods to allow as egress destinations.","description_kind":"plain","optional":true}},"description":"The rule Spec (source) for Selectors.","description_kind":"plain"}}},"description":"List of sources which should be able to access the pods selected for this rule. Default is the rule matches all sources (traffic not restricted by source). List of items of type V1alpha1CommonPolicySpecNetworkV1CustomIngressRulesRuleSpec0 OR V1alpha1CommonPolicySpecNetworkV1CustomIngressRulesRuleSpec1.","description_kind":"plain"},"min_items":1}},"description":"This specifies list of ingress rules to be applied to the selected pods.","description_kind":"plain"},"min_items":1}},"description":"The input schema for network policy custom ingress recipe version v1","description_kind":"plain"},"max_items":1},"deny_all":{"nesting_mode":"list","block":{"description":"The input schema for network policy deny-all recipe version v1","description_kind":"plain"},"max_items":1},"deny_all_egress":{"nesting_mode":"list","block":{"description":"The input schema for network policy deny-all-egress recipe version v1","description_kind":"plain"},"max_items":1},"deny_all_to_pods":{"nesting_mode":"list","block":{"attributes":{"to_pod_labels":{"type":["map","string"],"description":"Pod Labels on which traffic should be allowed/denied. Use a label selector to identify the pods to which the policy applies.","description_kind":"plain","optional":true}},"description":"The input schema for network policy deny-all-to-pods recipe version v1","description_kind":"plain"},"max_items":1}},"description":"Input for the network policy, having one of the valid recipes: allow-all, allow-all-to-pods, allow-all-egress, deny-all, deny-all-to-pods, deny-all-egress, custom-egress or custom-ingress.","description_kind":"plain"},"min_items":1,"max_items":1},"namespace_selector":{"nesting_mode":"list","block":{"block_types":{"match_expressions":{"nesting_mode":"list","block":{"attributes":{"key":{"type":"string","description":"Key is the label key that the selector applies to","description_kind":"plain","optional":true},"operator":{"type":"string","description":"Operator represents a key's relationship to a set of values","description_kind":"plain","optional":true},"values":{"type":["list","string"],"description":"Values is an array of string values","description_kind":"plain","required":true}},"description":"Match expressions is a list of label selector requirements, the requirements are ANDed","description_kind":"plain"},"min_items":1}},"description":"Label based Namespace Selector for the policy","description_kind":"plain"},"max_items":1}},"description":"Spec for the network policy","description_kind":"plain"},"min_items":1,"max_items":1}},"description_kind":"plain"}},"tanzu-mission-control_package_install":{"version":0,"block":{"attributes":{"id":{"type":"string","description_kind":"plain","optional":true,"computed":true},"name":{"type":"string","description":"Name of the package install resource.","description_kind":"plain","required":true},"namespace":{"type":"string","description":"Name of Namespace where package install will be created.","description_kind":"plain","required":true},"status":{"type":["list",["object",{"generated_resources":["list",["object",{"cluster_role_name":"string","role_binding_name":"string","service_account_name":"string"}]],"managed":"bool","package_install_phase":"string","referred_by":["list","string"],"resolved_version":"string"}]],"description":"status for package install.","description_kind":"plain","computed":true}},"block_types":{"meta":{"nesting_mode":"list","block":{"attributes":{"annotations":{"type":["map","string"],"description":"Annotations for the resource","description_kind":"plain","optional":true,"computed":true},"description":{"type":"string","description":"Description of the resource","description_kind":"plain","optional":true},"labels":{"type":["map","string"],"description":"Labels for the resource","description_kind":"plain","optional":true},"resource_version":{"type":"string","description":"Resource version of the resource","description_kind":"plain","computed":true},"uid":{"type":"string","description":"UID of the resource","description_kind":"plain","computed":true}},"description":"Metadata for the resource","description_kind":"plain"},"max_items":1},"scope":{"nesting_mode":"list","block":{"block_types":{"cluster":{"nesting_mode":"list","block":{"attributes":{"management_cluster_name":{"type":"string","description":"Name of the management cluster","description_kind":"plain","optional":true},"name":{"type":"string","description":"Name of this cluster","description_kind":"plain","required":true},"provisioner_name":{"type":"string","description":"Provisioner of the cluster","description_kind":"plain","optional":true}},"description":"The schema for cluster full name","description_kind":"plain"},"max_items":1}},"description":"Scope for the package install, having one of the valid scopes: cluster.","description_kind":"plain"},"min_items":1,"max_items":1},"spec":{"nesting_mode":"list","block":{"attributes":{"inline_values":{"type":["map","string"],"description":"Inline values to configure the Package Install.","description_kind":"plain","optional":true,"sensitive":true},"role_binding_scope":{"type":"string","description":"Role binding scope for service account which will be used by Package Install.","description_kind":"plain","computed":true}},"block_types":{"package_ref":{"nesting_mode":"list","block":{"attributes":{"package_metadata_name":{"type":"string","description":"Name of the Package Metadata.","description_kind":"plain","required":true}},"block_types":{"version_selection":{"nesting_mode":"list","block":{"attributes":{"constraints":{"type":"string","description":"Constraints to select Package. Example: constraints: 'v1.2.3', constraints: '\u003cv1.4.0' etc.","description_kind":"plain","required":true}},"description":"Version Selection of the Package.","description_kind":"plain"},"min_items":1,"max_items":1}},"description":"Reference to the Package which will be installed.","description_kind":"plain"},"min_items":1,"max_items":1}},"description":"spec for package install.","description_kind":"plain"},"min_items":1,"max_items":1}},"description_kind":"plain"}},"tanzu-mission-control_package_repository":{"version":0,"block":{"attributes":{"disabled":{"type":"bool","description":"If true, Package Repository is disabled for cluster.","description_kind":"plain","optional":true},"id":{"type":"string","description_kind":"plain","optional":true,"computed":true},"name":{"type":"string","description":"Name of the package repository resource.","description_kind":"plain","required":true},"namespace_name":{"type":"string","description":"Name of Namespace where package repository will be created.","description_kind":"plain","computed":true},"state":{"type":["list",["object",{"disabled":"bool","managed":"bool","package_repository_phase":"string","subscribed":"bool"}]],"description":"status for package repository.","description_kind":"plain","computed":true}},"block_types":{"meta":{"nesting_mode":"list","block":{"attributes":{"annotations":{"type":["map","string"],"description":"Annotations for the resource","description_kind":"plain","optional":true,"computed":true},"description":{"type":"string","description":"Description of the resource","description_kind":"plain","optional":true},"labels":{"type":["map","string"],"description":"Labels for the resource","description_kind":"plain","optional":true},"resource_version":{"type":"string","description":"Resource version of the resource","description_kind":"plain","computed":true},"uid":{"type":"string","description":"UID of the resource","description_kind":"plain","computed":true}},"description":"Metadata for the resource","description_kind":"plain"},"max_items":1},"scope":{"nesting_mode":"list","block":{"block_types":{"cluster":{"nesting_mode":"list","block":{"attributes":{"management_cluster_name":{"type":"string","description":"Name of the management cluster","description_kind":"plain","optional":true},"name":{"type":"string","description":"Name of this cluster","description_kind":"plain","required":true},"provisioner_name":{"type":"string","description":"Provisioner of the cluster","description_kind":"plain","optional":true}},"description":"The schema for cluster full name","description_kind":"plain"},"max_items":1}},"description":"Scope for the package repository, having one of the valid scopes: cluster.","description_kind":"plain"},"min_items":1,"max_items":1},"spec":{"nesting_mode":"list","block":{"block_types":{"imgpkg_bundle":{"nesting_mode":"list","block":{"attributes":{"image":{"type":"string","description":"image url string.","description_kind":"plain","required":true}},"description":"Docker image url; unqualified, tagged, or digest references supported.","description_kind":"plain"},"max_items":1}},"description":"spec for package repository.","description_kind":"plain"},"min_items":1,"max_items":1}},"description_kind":"plain"}},"tanzu-mission-control_provisioner":{"version":0,"block":{"attributes":{"id":{"type":"string","description_kind":"plain","optional":true,"computed":true},"management_cluster":{"type":"string","description":"Name of the management cluster. Edit operation such as create, update and delete is not supported for TKG vSphere \u0026 TKG service vSphere management cluster provisioners.","description_kind":"plain","required":true},"name":{"type":"string","description":"Name of the provisioner","description_kind":"plain","required":true},"org_id":{"type":"string","description":"ID of the organization","description_kind":"plain","optional":true}},"block_types":{"meta":{"nesting_mode":"list","block":{"attributes":{"annotations":{"type":["map","string"],"description":"Annotations for the resource","description_kind":"plain","optional":true,"computed":true},"description":{"type":"string","description":"Description of the resource","description_kind":"plain","optional":true},"labels":{"type":["map","string"],"description":"Labels for the resource","description_kind":"plain","optional":true},"resource_version":{"type":"string","description":"Resource version of the resource","description_kind":"plain","computed":true},"uid":{"type":"string","description":"UID of the resource","description_kind":"plain","computed":true}},"description":"Metadata for the resource","description_kind":"plain"},"max_items":1}},"description":"Tanzu Mission Control Provisioner Resource","description_kind":"plain"}},"tanzu-mission-control_repository_credential":{"version":0,"block":{"attributes":{"id":{"type":"string","description_kind":"plain","optional":true,"computed":true},"name":{"type":"string","description":"Name of the source secret.","description_kind":"plain","required":true},"org_id":{"type":"string","description":"ID of Organization.","description_kind":"plain","optional":true}},"block_types":{"meta":{"nesting_mode":"list","block":{"attributes":{"annotations":{"type":["map","string"],"description":"Annotations for the resource","description_kind":"plain","optional":true,"computed":true},"description":{"type":"string","description":"Description of the resource","description_kind":"plain","optional":true},"labels":{"type":["map","string"],"description":"Labels for the resource","description_kind":"plain","optional":true},"resource_version":{"type":"string","description":"Resource version of the resource","description_kind":"plain","computed":true},"uid":{"type":"string","description":"UID of the resource","description_kind":"plain","computed":true}},"description":"Metadata for the resource","description_kind":"plain"},"max_items":1},"scope":{"nesting_mode":"list","block":{"block_types":{"cluster":{"nesting_mode":"list","block":{"attributes":{"management_cluster_name":{"type":"string","description":"Name of the management cluster","description_kind":"plain","optional":true},"name":{"type":"string","description":"Name of this cluster","description_kind":"plain","required":true},"provisioner_name":{"type":"string","description":"Provisioner of the cluster","description_kind":"plain","optional":true}},"description":"The schema for cluster full name","description_kind":"plain"},"max_items":1},"cluster_group":{"nesting_mode":"list","block":{"attributes":{"name":{"type":"string","description":"Name of the cluster group","description_kind":"plain","required":true}},"description":"The schema for cluster group full name","description_kind":"plain"},"max_items":1}},"description":"Scope for the source secret, having one of the valid scopes: cluster, cluster_group.","description_kind":"plain"},"min_items":1,"max_items":1},"spec":{"nesting_mode":"list","block":{"block_types":{"data":{"nesting_mode":"list","block":{"block_types":{"ssh_key":{"nesting_mode":"list","block":{"attributes":{"identity":{"type":"string","description":"SSH Identity file.","description_kind":"plain","required":true,"sensitive":true},"known_hosts":{"type":"string","description":"Known Hosts file path.","description_kind":"plain","required":true}},"description":"The schema for SSH credential type spec.","description_kind":"plain"},"max_items":1},"username_password":{"nesting_mode":"list","block":{"attributes":{"password":{"type":"string","description":"Password for the basic authorization.","description_kind":"plain","required":true,"sensitive":true},"username":{"type":"string","description":"Username for the basic authorization.","description_kind":"plain","required":true}},"description":"The schema for Username/Password credential type spec.","description_kind":"plain"},"max_items":1}},"description":"The schema for spec credential type.","description_kind":"plain"},"min_items":1,"max_items":1}},"description":"Spec for source secret.","description_kind":"plain"},"min_items":1,"max_items":1}},"description_kind":"plain"}},"tanzu-mission-control_security_policy":{"version":0,"block":{"attributes":{"id":{"type":"string","description_kind":"plain","optional":true,"computed":true},"name":{"type":"string","description":"Name of the security policy","description_kind":"plain","required":true}},"block_types":{"meta":{"nesting_mode":"list","block":{"attributes":{"annotations":{"type":["map","string"],"description":"Annotations for the resource","description_kind":"plain","optional":true,"computed":true},"description":{"type":"string","description":"Description of the resource","description_kind":"plain","optional":true},"labels":{"type":["map","string"],"description":"Labels for the resource","description_kind":"plain","optional":true},"resource_version":{"type":"string","description":"Resource version of the resource","description_kind":"plain","computed":true},"uid":{"type":"string","description":"UID of the resource","description_kind":"plain","computed":true}},"description":"Metadata for the resource","description_kind":"plain"},"max_items":1},"scope":{"nesting_mode":"list","block":{"block_types":{"cluster":{"nesting_mode":"list","block":{"attributes":{"management_cluster_name":{"type":"string","description":"Name of the management cluster","description_kind":"plain","optional":true},"name":{"type":"string","description":"Name of this cluster","description_kind":"plain","required":true},"provisioner_name":{"type":"string","description":"Provisioner of the cluster","description_kind":"plain","optional":true}},"description":"The schema for cluster policy full name","description_kind":"plain"},"max_items":1},"cluster_group":{"nesting_mode":"list","block":{"attributes":{"cluster_group":{"type":"string","description":"Name of this cluster group","description_kind":"plain","required":true}},"description":"The schema for cluster group policy full name","description_kind":"plain"},"max_items":1},"organization":{"nesting_mode":"list","block":{"attributes":{"organization":{"type":"string","description":"ID of this organization","description_kind":"plain","required":true}},"description":"The schema for organization policy full name","description_kind":"plain"},"max_items":1},"workspace":{"nesting_mode":"list","block":{"attributes":{"workspace":{"type":"string","description":"Name of this workspace","description_kind":"plain","required":true}},"description":"The schema for workspace policy full name","description_kind":"plain"},"max_items":1}},"description":"Scope for the custom, security, image, network, namespace quota and mutation policy, having one of the valid scopes for custom, security, mutation, and namespace quota policy: cluster, cluster_group or organization and valid scopes for image and network policy: workspace or organization.","description_kind":"plain"},"min_items":1,"max_items":1},"spec":{"nesting_mode":"list","block":{"block_types":{"input":{"nesting_mode":"list","block":{"block_types":{"baseline":{"nesting_mode":"list","block":{"attributes":{"audit":{"type":"bool","description":"Audit (dry-run)","description_kind":"plain","optional":true},"disable_native_psp":{"type":"bool","description":"Disable native pod security policy","description_kind":"plain","optional":true}},"description":"The input schema for security policy baseline recipe version v1","description_kind":"plain"},"max_items":1},"custom":{"nesting_mode":"list","block":{"attributes":{"allow_host_namespace_sharing":{"type":"bool","description":"Allow host namespace sharing","description_kind":"plain","optional":true},"allow_host_network":{"type":"bool","description":"Allow host network","description_kind":"plain","optional":true},"allow_privilege_escalation":{"type":"bool","description":"Allow privilege escalation","description_kind":"plain","optional":true},"allow_privileged_containers":{"type":"bool","description":"Allow privileged containers","description_kind":"plain","optional":true},"allowed_volumes":{"type":["list","string"],"description":"Allowed volumes","description_kind":"plain","optional":true},"audit":{"type":"bool","description":"Audit (dry-run)","description_kind":"plain","optional":true},"disable_native_psp":{"type":"bool","description":"Disable native pod security policy","description_kind":"plain","optional":true},"read_only_root_file_system":{"type":"bool","description":"Read only root file system","description_kind":"plain","optional":true}},"block_types":{"allowed_host_paths":{"nesting_mode":"list","block":{"attributes":{"path_prefix":{"type":"string","description":"Path prefix","description_kind":"plain","optional":true},"read_only":{"type":"bool","description":"Read only flag","description_kind":"plain","optional":true}},"description":"Allowed host paths","description_kind":"plain"}},"allowed_host_port_range":{"nesting_mode":"list","block":{"attributes":{"max":{"type":"number","description":"Maximum allowed port","description_kind":"plain","optional":true},"min":{"type":"number","description":"Minimum allowed port","description_kind":"plain","optional":true}},"description":"Allowed host port range","description_kind":"plain"},"max_items":1},"allowed_se_linux_options":{"nesting_mode":"list","block":{"attributes":{"level":{"type":"string","description":"SELinux level","description_kind":"plain","optional":true},"role":{"type":"string","description":"SELinux role","description_kind":"plain","optional":true},"type":{"type":"string","description":"SELinux type","description_kind":"plain","optional":true},"user":{"type":"string","description":"SELinux user","description_kind":"plain","optional":true}},"description":"Allowed selinux options","description_kind":"plain"}},"fs_group":{"nesting_mode":"list","block":{"attributes":{"rule":{"type":"string","description":"Rule","description_kind":"plain","optional":true}},"block_types":{"ranges":{"nesting_mode":"list","block":{"attributes":{"max":{"type":"number","description":"Maximum group ID","description_kind":"plain","optional":true},"min":{"type":"number","description":"Minimum group ID","description_kind":"plain","optional":true}},"description":"Allowed group id ranges","description_kind":"plain"}}},"description":"fsGroup","description_kind":"plain"},"max_items":1},"linux_capabilities":{"nesting_mode":"list","block":{"attributes":{"allowed_capabilities":{"type":["list","string"],"description":"Allowed capabilities","description_kind":"plain","optional":true},"required_drop_capabilities":{"type":["list","string"],"description":"Required drop capabilities","description_kind":"plain","optional":true}},"description":"Linux capabilities","description_kind":"plain"},"max_items":1},"run_as_group":{"nesting_mode":"list","block":{"attributes":{"rule":{"type":"string","description":"Rule","description_kind":"plain","optional":true}},"block_types":{"ranges":{"nesting_mode":"list","block":{"attributes":{"max":{"type":"number","description":"Maximum group ID","description_kind":"plain","optional":true},"min":{"type":"number","description":"Minimum group ID","description_kind":"plain","optional":true}},"description":"Allowed group id ranges","description_kind":"plain"}}},"description":"Run as group","description_kind":"plain"},"max_items":1},"run_as_user":{"nesting_mode":"list","block":{"attributes":{"rule":{"type":"string","description":"Rule","description_kind":"plain","optional":true}},"block_types":{"ranges":{"nesting_mode":"list","block":{"attributes":{"max":{"type":"number","description":"Maximum user ID","description_kind":"plain","optional":true},"min":{"type":"number","description":"Minimum user ID","description_kind":"plain","optional":true}},"description":"Allowed user id ranges","description_kind":"plain"}}},"description":"Run as user","description_kind":"plain"},"max_items":1},"seccomp":{"nesting_mode":"list","block":{"attributes":{"allowed_localhost_files":{"type":["list","string"],"description":"Allowed local host files","description_kind":"plain","optional":true},"allowed_profiles":{"type":["list","string"],"description":"Allowed profiles","description_kind":"plain","optional":true}},"description":"Seccomp","description_kind":"plain"},"max_items":1},"supplemental_groups":{"nesting_mode":"list","block":{"attributes":{"rule":{"type":"string","description":"Rule","description_kind":"plain","optional":true}},"block_types":{"ranges":{"nesting_mode":"list","block":{"attributes":{"max":{"type":"number","description":"Maximum group ID","description_kind":"plain","optional":true},"min":{"type":"number","description":"Minimum group ID","description_kind":"plain","optional":true}},"description":"Allowed group id ranges","description_kind":"plain"}}},"description":"supplemental groups","description_kind":"plain"},"max_items":1},"sysctls":{"nesting_mode":"list","block":{"attributes":{"forbidden_sysctls":{"type":["list","string"],"description":"Forbidden sysctls","description_kind":"plain","optional":true}},"description":"Sysctls","description_kind":"plain"},"max_items":1}},"description":"The input schema for security policy custom recipe version v1","description_kind":"plain"},"max_items":1},"strict":{"nesting_mode":"list","block":{"attributes":{"audit":{"type":"bool","description":"Audit (dry-run)","description_kind":"plain","optional":true},"disable_native_psp":{"type":"bool","description":"Disable native pod security policy","description_kind":"plain","optional":true}},"description":"The input schema for security policy strict recipe version v1","description_kind":"plain"},"max_items":1}},"description":"Input for the security policy, having one of the valid recipes: baseline, custom or strict.","description_kind":"plain"},"min_items":1,"max_items":1},"namespace_selector":{"nesting_mode":"list","block":{"block_types":{"match_expressions":{"nesting_mode":"list","block":{"attributes":{"key":{"type":"string","description":"Key is the label key that the selector applies to","description_kind":"plain","optional":true},"operator":{"type":"string","description":"Operator represents a key's relationship to a set of values","description_kind":"plain","optional":true},"values":{"type":["list","string"],"description":"Values is an array of string values","description_kind":"plain","required":true}},"description":"Match expressions is a list of label selector requirements, the requirements are ANDed","description_kind":"plain"},"min_items":1}},"description":"Label based Namespace Selector for the policy","description_kind":"plain"},"max_items":1}},"description":"Spec for the security policy","description_kind":"plain"},"min_items":1,"max_items":1}},"description_kind":"plain"}},"tanzu-mission-control_tanzu_kubernetes_cluster":{"version":0,"block":{"attributes":{"id":{"type":"string","description_kind":"plain","optional":true,"computed":true},"management_cluster_name":{"type":"string","description":"Management cluster name","description_kind":"plain","required":true},"name":{"type":"string","description":"Cluster name","description_kind":"plain","required":true},"provisioner_name":{"type":"string","description":"Cluster provisioner name","description_kind":"plain","required":true}},"block_types":{"meta":{"nesting_mode":"list","block":{"attributes":{"annotations":{"type":["map","string"],"description":"Annotations for the resource","description_kind":"plain","optional":true,"computed":true},"description":{"type":"string","description":"Description of the resource","description_kind":"plain","optional":true},"labels":{"type":["map","string"],"description":"Labels for the resource","description_kind":"plain","optional":true},"resource_version":{"type":"string","description":"Resource version of the resource","description_kind":"plain","computed":true},"uid":{"type":"string","description":"UID of the resource","description_kind":"plain","computed":true}},"description":"Metadata for the resource","description_kind":"plain"},"max_items":1},"spec":{"nesting_mode":"list","block":{"attributes":{"cluster_group_name":{"type":"string","description":"Name of the cluster group to which this cluster belongs.","description_kind":"plain","optional":true},"image_registry":{"type":"string","description":"Name of the image registry configuration to use.","description_kind":"plain","optional":true},"kubeconfig":{"type":"string","description":"Cluster's kubeconfig.","description_kind":"plain","computed":true},"proxy_name":{"type":"string","description":"Name of the proxy configuration to use.","description_kind":"plain","optional":true},"tmc_managed":{"type":"bool","description":"TMC-managed flag indicates if the cluster is managed by tmc.\n(Default: False)","description_kind":"plain","computed":true}},"block_types":{"topology":{"nesting_mode":"list","block":{"attributes":{"cluster_class":{"type":"string","description":"The name of the cluster class for the cluster.","description_kind":"plain","optional":true,"computed":true},"cluster_variables":{"type":"string","description":"Variables configuration for the cluster.","description_kind":"plain","required":true},"version":{"type":"string","description":"Kubernetes version of the cluster.","description_kind":"plain","required":true}},"block_types":{"control_plane":{"nesting_mode":"list","block":{"attributes":{"replicas":{"type":"number","description":"Number of replicas","description_kind":"plain","required":true}},"block_types":{"meta":{"nesting_mode":"list","block":{"attributes":{"annotations":{"type":["map","string"],"description":"Annotations for the resource","description_kind":"plain","optional":true,"computed":true},"description":{"type":"string","description":"Description of the resource","description_kind":"plain","optional":true},"labels":{"type":["map","string"],"description":"Labels for the resource","description_kind":"plain","optional":true},"resource_version":{"type":"string","description":"Resource version of the resource","description_kind":"plain","computed":true},"uid":{"type":"string","description":"UID of the resource","description_kind":"plain","computed":true}},"description":"Metadata for the resource","description_kind":"plain"},"max_items":1},"os_image":{"nesting_mode":"list","block":{"attributes":{"arch":{"type":"string","description":"The architecture of the OS image.","description_kind":"plain","required":true},"name":{"type":"string","description":"The name of the OS image.","description_kind":"plain","required":true},"version":{"type":"string","description":"The version of the OS image.","description_kind":"plain","required":true}},"description":"OS image block","description_kind":"plain"},"max_items":1}},"description":"Control plane specific configuration.","description_kind":"plain"},"min_items":1,"max_items":1},"core_addon":{"nesting_mode":"list","block":{"attributes":{"provider":{"type":"string","description":"Provider of core add on","description_kind":"plain","required":true},"type":{"type":"string","description":"Type of core add on","description_kind":"plain","required":true}},"description":"(Repeatable Block) The core addons.","description_kind":"plain"}},"network":{"nesting_mode":"list","block":{"attributes":{"pod_cidr_blocks":{"type":["list","string"],"description":"Pod CIDR for Kubernetes pods defaults to 192.168.0.0/16.","description_kind":"plain","optional":true},"service_cidr_blocks":{"type":["list","string"],"description":"Service CIDR for kubernetes services defaults to 10.96.0.0/12.","description_kind":"plain","optional":true},"service_domain":{"type":"string","description":"Domain name for services.","description_kind":"plain","optional":true}},"description":"Network specific configuration.","description_kind":"plain"},"max_items":1},"nodepool":{"nesting_mode":"list","block":{"attributes":{"description":{"type":"string","description":"Description of the node pool.","description_kind":"plain","optional":true},"name":{"type":"string","description":"Name of the node pool.","description_kind":"plain","required":true}},"block_types":{"spec":{"nesting_mode":"list","block":{"attributes":{"failure_domain":{"type":"string","description":"The failure domain the machines will be created in.","description_kind":"plain","optional":true},"overrides":{"type":"string","description":"Overrides can be used to override cluster level variables.","description_kind":"plain","optional":true},"replicas":{"type":"number","description":"Number of replicas","description_kind":"plain","required":true},"worker_class":{"type":"string","description":"The name of the machine deployment class used to create the node pool.","description_kind":"plain","required":true}},"block_types":{"meta":{"nesting_mode":"list","block":{"attributes":{"annotations":{"type":["map","string"],"description":"Annotations for the resource","description_kind":"plain","optional":true,"computed":true},"labels":{"type":["map","string"],"description":"Labels for the resource","description_kind":"plain","optional":true}},"description":"Metadata for the resource","description_kind":"plain"},"max_items":1},"os_image":{"nesting_mode":"list","block":{"attributes":{"arch":{"type":"string","description":"The architecture of the OS image.","description_kind":"plain","required":true},"name":{"type":"string","description":"The name of the OS image.","description_kind":"plain","required":true},"version":{"type":"string","description":"The version of the OS image.","description_kind":"plain","required":true}},"description":"OS image block","description_kind":"plain"},"max_items":1}},"description":"Spec for the node pool.","description_kind":"plain"},"min_items":1}},"description":"(Repeatable Block) Node pool definition for the cluster.","description_kind":"plain"},"min_items":1}},"description":"The cluster topology.","description_kind":"plain"},"min_items":1,"max_items":1}},"description":"Spec of tanzu kubernetes cluster.","description_kind":"plain"},"min_items":1,"max_items":1},"timeout_policy":{"nesting_mode":"list","block":{"attributes":{"fail_on_timeout":{"type":"bool","description":"Fail on timeout if timeout is reached and cluster is not ready. (Default = true)","description_kind":"plain","optional":true},"timeout":{"type":"number","description":"Timeout in minutes for tanzu kubernetes creation process. A value of 0 means that no timeout is set. (Default: 60)","description_kind":"plain","optional":true},"wait_for_kubeconfig":{"type":"bool","description":"Wait for kubeconfig. (Default = true)","description_kind":"plain","optional":true}},"description":"Timeout policy for Tanzu Kubernetes cluster.","description_kind":"plain"},"max_items":1}},"description_kind":"plain"}},"tanzu-mission-control_target_location":{"version":0,"block":{"attributes":{"id":{"type":"string","description_kind":"plain","optional":true,"computed":true},"name":{"type":"string","description":"The name of the target location","description_kind":"plain","required":true}},"block_types":{"meta":{"nesting_mode":"list","block":{"attributes":{"annotations":{"type":["map","string"],"description":"Annotations for the resource","description_kind":"plain","optional":true,"computed":true},"description":{"type":"string","description":"Description of the resource","description_kind":"plain","optional":true},"labels":{"type":["map","string"],"description":"Labels for the resource","description_kind":"plain","optional":true},"resource_version":{"type":"string","description":"Resource version of the resource","description_kind":"plain","computed":true},"uid":{"type":"string","description":"UID of the resource","description_kind":"plain","computed":true}},"description":"Metadata for the resource","description_kind":"plain"},"max_items":1},"spec":{"nesting_mode":"list","block":{"attributes":{"bucket":{"type":"string","description":"The bucket to use for object storage.","description_kind":"plain","optional":true},"ca_cert":{"type":"string","description":"A PEM-encoded certificate bundle to trust while connecting to the storage backend.","description_kind":"plain","optional":true},"credential":{"type":["map","string"],"description":"Credentials block","description_kind":"plain","required":true},"region":{"type":"string","description":"The region of the bucket origin.\nRequired only when target location is AWS Self Managed.","description_kind":"plain","optional":true},"sys_bucket_key":{"type":"string","description":"System bucket to use for object storage.\n(Only used for Managed TMC)","description_kind":"plain","computed":true},"sys_region_key":{"type":"string","description":"System bucket region (Only used for Managed TMC)","description_kind":"plain","computed":true},"target_provider":{"type":"string","description":"The target provider of the backup storage.\nValid values are (AWS, AZURE)","description_kind":"plain","required":true}},"block_types":{"assigned_groups":{"nesting_mode":"list","block":{"attributes":{"cluster_groups":{"type":["list","string"],"description":"Cluster group names","description_kind":"plain","optional":true}},"block_types":{"cluster":{"nesting_mode":"list","block":{"attributes":{"management_cluster_name":{"type":"string","description":"Management cluster name","description_kind":"plain","required":true},"name":{"type":"string","description":"Cluster name","description_kind":"plain","required":true},"provisioner_name":{"type":"string","description":"Cluster provisioner name","description_kind":"plain","required":true}},"description":"(Repeatable Block) Cluster block.","description_kind":"plain"}}},"description":"Assigned groups block for the target location.","description_kind":"plain"},"max_items":1},"config":{"nesting_mode":"list","block":{"block_types":{"aws":{"nesting_mode":"list","block":{"attributes":{"s3_bucket_url":{"type":"string","description":"The service endpoint for non-AWS S3 storage solution.","description_kind":"plain","optional":true},"s3_force_path_style":{"type":"bool","description":"A flag for whether to force path style URLs for S3 objects.\nIt is default to false and set it to true when using local storage service like Minio.","description_kind":"plain","optional":true},"s3_public_url":{"type":"string","description":"The service endpoint used for generating download URLs. This field is primarily for local storage services like Minio.","description_kind":"plain","optional":true}},"description":"AWS S3 and S3-compatible target location config block.","description_kind":"plain"},"max_items":1},"azure":{"nesting_mode":"list","block":{"attributes":{"resource_group":{"type":"string","description":"Name of the resource group containing the storage account for this backup storage location.","description_kind":"plain","optional":true},"storage_account":{"type":"string","description":"Subscription ID under which all the resources are being managed in azure.","description_kind":"plain","optional":true},"subscription_id":{"type":"string","description":"Name of the storage account for this backup storage location.","description_kind":"plain","optional":true}},"description":"Azure target location config block.","description_kind":"plain"},"max_items":1}},"description":"Target location config block.\nRequired only when target location is Self Managed and should contain either AWS or Azure blocks but not both.","description_kind":"plain"},"max_items":1}},"description":"Spec block of backup target location","description_kind":"plain"},"min_items":1,"max_items":1}},"description_kind":"plain"}},"tanzu-mission-control_workspace":{"version":0,"block":{"attributes":{"id":{"type":"string","description_kind":"plain","optional":true,"computed":true},"name":{"type":"string","description_kind":"plain","required":true}},"block_types":{"meta":{"nesting_mode":"list","block":{"attributes":{"annotations":{"type":["map","string"],"description":"Annotations for the resource","description_kind":"plain","optional":true,"computed":true},"description":{"type":"string","description":"Description of the resource","description_kind":"plain","optional":true},"labels":{"type":["map","string"],"description":"Labels for the resource","description_kind":"plain","optional":true},"resource_version":{"type":"string","description":"Resource version of the resource","description_kind":"plain","computed":true},"uid":{"type":"string","description":"UID of the resource","description_kind":"plain","computed":true}},"description":"Metadata for the resource","description_kind":"plain"},"max_items":1}},"description_kind":"plain"}}},"data_source_schemas":{"tanzu-mission-control_akscluster":{"version":0,"block":{"attributes":{"credential_name":{"type":"string","description":"Name of the Azure Credential in Tanzu Mission Control","description_kind":"plain","required":true},"id":{"type":"string","description_kind":"plain","optional":true,"computed":true},"kubeconfig":{"type":"string","description":"Kubeconfig for connecting to newly created cluster base64 encoded. This will only be returned if you have elected to wait for kubeconfig.","description_kind":"plain","computed":true},"name":{"type":"string","description":"Name of this cluster","description_kind":"plain","required":true},"ready_wait_timeout":{"type":"string","description":"Wait timeout duration until cluster resource reaches READY state. Accepted timeout duration values like 5s, 45m, or 3h, higher than zero.  The default duration is 30m","description_kind":"plain","optional":true},"resource_group":{"type":"string","description":"Resource group for this cluster","description_kind":"plain","required":true},"subscription_id":{"type":"string","description":"Azure Subscription for this cluster","description_kind":"plain","required":true},"wait_for_kubeconfig":{"type":"bool","description":"Wait until pinniped extension is ready to provide kubeconfig","description_kind":"plain","optional":true}},"block_types":{"meta":{"nesting_mode":"list","block":{"attributes":{"annotations":{"type":["map","string"],"description":"Annotations for the resource","description_kind":"plain","optional":true,"computed":true},"description":{"type":"string","description":"Description of the resource","description_kind":"plain","optional":true},"labels":{"type":["map","string"],"description":"Labels for the resource","description_kind":"plain","optional":true},"resource_version":{"type":"string","description":"Resource version of the resource","description_kind":"plain","computed":true},"uid":{"type":"string","description":"UID of the resource","description_kind":"plain","computed":true}},"description":"Metadata for the resource","description_kind":"plain"},"max_items":1},"spec":{"nesting_mode":"list","block":{"attributes":{"agent_name":{"type":"string","description":"Name of the cluster in TMC","description_kind":"plain","optional":true,"computed":true},"cluster_group":{"type":"string","description":"Name of the cluster group to which this cluster belongs","description_kind":"plain","optional":true},"proxy":{"type":"string","description":"Optional proxy name is the name of the Proxy Config to be used for the cluster","description_kind":"plain","optional":true},"resource_id":{"type":"string","description":"Resource ID of the cluster in Azure.","description_kind":"plain","optional":true,"computed":true}},"block_types":{"config":{"nesting_mode":"list","block":{"attributes":{"disk_encryption_set":{"type":"string","description":"Resource ID of the disk encryption set to use for enabling","description_kind":"plain","optional":true},"kubernetes_version":{"type":"string","description":"Kubernetes version of the cluster","description_kind":"plain","required":true},"location":{"type":"string","description":"The geo-location where the resource lives for the cluster.","description_kind":"plain","required":true},"node_resource_group_name":{"type":"string","description":"Name of the resource group containing nodepools.","description_kind":"plain","optional":true,"computed":true},"tags":{"type":["map","string"],"description":"Metadata to apply to the cluster to assist with categorization and organization","description_kind":"plain","optional":true,"computed":true}},"block_types":{"access_config":{"nesting_mode":"list","block":{"attributes":{"disable_local_accounts":{"type":"bool","description":"Disable local accounts","description_kind":"plain","optional":true},"enable_rbac":{"type":"bool","description":"Enable kubernetes RBAC","description_kind":"plain","optional":true}},"block_types":{"aad_config":{"nesting_mode":"list","block":{"attributes":{"admin_group_ids":{"type":["list","string"],"description":"List of AAD group object IDs that will have admin role of the cluster.","description_kind":"plain","optional":true},"enable_azure_rbac":{"type":"bool","description":"Enable Azure RBAC for Kubernetes authorization","description_kind":"plain","optional":true},"managed":{"type":"bool","description":"Enable Managed RBAC","description_kind":"plain","optional":true},"tenant_id":{"type":"string","description":"AAD tenant ID to use for authentication. If not specified, will use the tenant of the deployment subscription.","description_kind":"plain","optional":true}},"description":"Azure Active Directory config","description_kind":"plain"},"max_items":1}},"description":"Access config","description_kind":"plain"},"max_items":1},"addon_config":{"nesting_mode":"list","block":{"block_types":{"azure_keyvault_secrets_provider_addon_config":{"nesting_mode":"list","block":{"attributes":{"enable":{"type":"bool","description":"Enable Azure Key Vault Secrets Provider","description_kind":"plain","optional":true},"enable_secret_rotation":{"type":"bool","description":"Enable secrets rotation","description_kind":"plain","optional":true},"rotation_poll_interval":{"type":"string","description":"Secret rotation interval","description_kind":"plain","optional":true}},"description":"Keyvault secrets provider addon","description_kind":"plain"}},"azure_policy_addon_config":{"nesting_mode":"list","block":{"attributes":{"enable":{"type":"bool","description":"Enable policy addon","description_kind":"plain","optional":true}},"description":"Azure policy addon","description_kind":"plain"}},"monitor_addon_config":{"nesting_mode":"list","block":{"attributes":{"enable":{"type":"bool","description":"Enable monitor","description_kind":"plain","optional":true},"log_analytics_workspace_id":{"type":"string","description":"Log analytics workspace ID for the monitoring addon","description_kind":"plain","optional":true}},"description":"Monitor addon","description_kind":"plain"}}},"description":"Addons Config","description_kind":"plain"},"max_items":1},"api_server_access_config":{"nesting_mode":"list","block":{"attributes":{"authorized_ip_ranges":{"type":["list","string"],"description":"IP ranges authorized to access the Kubernetes API server","description_kind":"plain","optional":true},"enable_private_cluster":{"type":"bool","description":"Enable Private Cluster","description_kind":"plain","required":true}},"description":"API Server Access Config","description_kind":"plain"},"max_items":1},"auto_upgrade_config":{"nesting_mode":"list","block":{"attributes":{"upgrade_channel":{"type":"string","description":"Upgrade Channel. Allowed values include: NONE, PATCH, STABLE, RAPID or NODE_IMAGE","description_kind":"plain","optional":true}},"description":"Auto Upgrade Config","description_kind":"plain"},"max_items":1},"identity_config":{"nesting_mode":"list","block":{"attributes":{"type":{"type":"string","description":"Type of managed identity used by the cluster (default IDENTITY_TYPE_SYSTEM_ASSIGNED). Allowed values include: IDENTITY_TYPE_SYSTEM_ASSIGNED or IDENTITY_TYPE_USER_ASSIGNED","description_kind":"plain","optional":true}},"block_types":{"user_assigned":{"nesting_mode":"list","block":{"attributes":{"resource_id":{"type":"string","description":"The ARM resource ID of user assigned identity in the form: '/subscriptions/{subscriptionId}/resourceGroups/{resourceGroupName}/providers/Microsoft.ManagedIdentity/userAssignedIdentities/{identityName}'","description_kind":"plain","required":true}},"description":"User Assigned Managed Identity Config","description_kind":"plain"},"max_items":1}},"description":"Managed Identity Config","description_kind":"plain"},"max_items":1},"linux_config":{"nesting_mode":"list","block":{"attributes":{"admin_username":{"type":"string","description":"Administrator username to use for Linux VMs","description_kind":"plain","required":true},"ssh_keys":{"type":["list","string"],"description":"Certificate public key used to authenticate with VMs through SSH. The certificate must be in PEM format with or without headers","description_kind":"plain","optional":true}},"description":"Linux Config","description_kind":"plain"},"max_items":1},"network_config":{"nesting_mode":"list","block":{"attributes":{"dns_prefix":{"type":"string","description":"DNS prefix of the cluster","description_kind":"plain","required":true},"dns_service_ip":{"type":"string","description":"IP address assigned to the Kubernetes DNS service. This key can only be set when the network_config.network_plugin key is set to 'azure'.","description_kind":"plain","optional":true,"computed":true},"docker_bridge_cidr":{"type":"string","description":"A CIDR notation IP range assigned to the Docker bridge network","description_kind":"plain","optional":true,"computed":true},"load_balancer_sku":{"type":"string","description":"Load balancer SKU","description_kind":"plain","optional":true,"computed":true},"network_plugin":{"type":"string","description":"Network plugin. It is used for building Kubernetes network. Allowed values: azure, kubenet. Specify 'azure' for routable pod IPs from VNET, 'kubenet' for non-routable pod IPs with an overlay network, Defaults to 'kubenet'","description_kind":"plain","optional":true,"computed":true},"network_plugin_mode":{"type":"string","description":"Network plugin mode. Allowed values: overlay. Used to control the mode the network plugin should operate in. For example, 'overlay' used with networkPlugin=azure will use an overlay network (non-VNET IPs) for pods in the cluster.","description_kind":"plain","optional":true,"computed":true},"network_policy":{"type":"string","description":"Network policy","description_kind":"plain","optional":true},"pod_cidr":{"type":["list","string"],"description":"CIDR notation IP ranges from which to assign pod IPs","description_kind":"plain","optional":true,"computed":true},"service_cidr":{"type":["list","string"],"description":"CIDR notation IP ranges from which to assign service cluster IP. This key can only be set when the network_config.network_plugin key is set to 'azure'.","description_kind":"plain","optional":true,"computed":true}},"description":"Network Config","description_kind":"plain"},"min_items":1,"max_items":1},"sku":{"nesting_mode":"list","block":{"attributes":{"name":{"type":"string","description":"Name of the cluster SKU. Allowed values include: BASIC.","description_kind":"plain","optional":true,"computed":true},"tier":{"type":"string","description":"Tier of the cluster SKU. Allowed values include: FREE or PAID.","description_kind":"plain","optional":true,"computed":true}},"description":"Azure Kubernetes Service SKU","description_kind":"plain"},"max_items":1},"storage_config":{"nesting_mode":"list","block":{"attributes":{"enable_disk_csi_driver":{"type":"bool","description":"Enable the azure disk CSI driver for the storage","description_kind":"plain","optional":true,"computed":true},"enable_file_csi_driver":{"type":"bool","description":"Enable the azure file CSI driver for the storage","description_kind":"plain","optional":true,"computed":true},"enable_snapshot_controller":{"type":"bool","description":"Enable the snapshot controller for the storage","description_kind":"plain","optional":true,"computed":true}},"description":"Storage Config","description_kind":"plain"},"max_items":1}},"description":"AKS config for the cluster control plane","description_kind":"plain"},"min_items":1,"max_items":1},"nodepool":{"nesting_mode":"list","block":{"attributes":{"name":{"type":"string","description":"Name of the nodepool, immutable","description_kind":"plain","required":true}},"block_types":{"spec":{"nesting_mode":"list","block":{"attributes":{"availability_zones":{"type":["list","string"],"description":"The list of Availability zones to use for nodepool. This can only be specified if the type of the nodepool is AvailabilitySet.","description_kind":"plain","optional":true,"computed":true},"count":{"type":"number","description":"Count is the number of nodes","description_kind":"plain","required":true},"enable_node_public_ip":{"type":"bool","description":"Whether each node is allocated its own public IP","description_kind":"plain","optional":true},"max_pods":{"type":"number","description":"The maximum number of pods that can run on a node","description_kind":"plain","optional":true,"computed":true},"mode":{"type":"string","description":"The mode of the nodepool. Allowed values include: SYSTEM or USER. A cluster must have at least one 'SYSTEM' nodepool at all times.","description_kind":"plain","required":true},"node_image_version":{"type":"string","description":"The node image version of the nodepool.","description_kind":"plain","optional":true,"computed":true},"node_labels":{"type":["map","string"],"description":"The node labels to be persisted across all nodes in nodepool","description_kind":"plain","optional":true},"os_disk_size_gb":{"type":"number","description":"OS Disk Size in GB to be used to specify the disk size for every machine in the nodepool. If you specify 0, it will apply the default osDisk size according to the vmSize specified","description_kind":"plain","optional":true,"computed":true},"os_disk_type":{"type":"string","description":"OS Disk Type. Allowed values include: EPHEMERAL or MANAGED.","description_kind":"plain","optional":true,"computed":true},"os_type":{"type":"string","description":"The OS type of the nodepool. Allowed values include: LINUX.","description_kind":"plain","optional":true},"pod_subnet_id":{"type":"string","description":"The ID of a subnet in an existing VNet into which to assign pods in the cluster. Requires network-plugin to be azure and not compatible with network-plugin-mode overlay","description_kind":"plain","optional":true},"scale_set_eviction_policy":{"type":"string","description":"Scale set eviction policy, Allowed values include: DELETE or DEALLOCATE.","description_kind":"plain","optional":true},"scale_set_priority":{"type":"string","description":"Scale set priority. Allowed values include: REGULAR or SPOT.","description_kind":"plain","optional":true,"computed":true},"spot_max_price":{"type":"number","description":"Max spot price","description_kind":"plain","optional":true},"tags":{"type":["map","string"],"description":"AKS specific node tags","description_kind":"plain","optional":true},"type":{"type":"string","description":"The Nodepool type. Allowed values include: VIRTUAL_MACHINE_SCALE_SETS or AVAILABILITY_SET.","description_kind":"plain","optional":true},"vm_size":{"type":"string","description":"Virtual Machine Size","description_kind":"plain","required":true},"vnet_subnet_id":{"type":"string","description":"The ID of a subnet in an existing VNet into which to deploy the cluster. If this is not specified, a VNET and subnet will be generated and used. If no podSubnetID is specified, this applies to nodes and pods, otherwise it applies to just nodes","description_kind":"plain","optional":true}},"block_types":{"auto_scaling_config":{"nesting_mode":"list","block":{"attributes":{"enable":{"type":"bool","description":"Enable auto scaling","description_kind":"plain","optional":true},"max_count":{"type":"number","description":"Maximum node count","description_kind":"plain","optional":true},"min_count":{"type":"number","description":"Minimum node count","description_kind":"plain","optional":true}},"description":"Auto scaling config.","description_kind":"plain"},"max_items":1},"taints":{"nesting_mode":"list","block":{"attributes":{"effect":{"type":"string","description":"Current effect state of the node pool","description_kind":"plain","optional":true},"key":{"type":"string","description":"The taint key to be applied to a node","description_kind":"plain","optional":true},"value":{"type":"string","description":"The taint value corresponding to the taint key","description_kind":"plain","optional":true}},"description":"The taints added to new nodes during nodepool create and scale","description_kind":"plain"}},"upgrade_config":{"nesting_mode":"list","block":{"attributes":{"max_surge":{"type":"string","description":"Max Surge","description_kind":"plain","optional":true}},"description":"upgrade config","description_kind":"plain"},"max_items":1}},"description":"Spec for the nodepool","description_kind":"plain"},"min_items":1,"max_items":1}},"description":"Nodepool definitions for the cluster","description_kind":"plain"},"min_items":1}},"description":"Spec for the cluster","description_kind":"plain"},"max_items":1}},"description_kind":"plain"}},"tanzu-mission-control_backup_schedule":{"version":0,"block":{"attributes":{"id":{"type":"string","description_kind":"plain","optional":true,"computed":true},"include_total_count":{"type":"bool","description":"Whether to include total count of backups.\n(Default: True)","description_kind":"plain","optional":true},"name":{"type":"string","description":"The name of the backup schedule","description_kind":"plain","optional":true},"query":{"type":"string","description":"Define a query for listing backups","description_kind":"plain","optional":true},"schedules":{"type":["list",["object",{"backup_scope":"string","meta":["list",["object",{"annotations":["map","string"],"description":"string","labels":["map","string"],"resource_version":"string","uid":"string"}]],"name":"string","scope":["list",["object",{"cluster":["list",["object",{"cluster_name":"string","management_cluster_name":"string","provisioner_name":"string"}]],"cluster_group":["list",["object",{"cluster_group_name":"string"}]]}]],"selector":["list",["object",{"excluded_names":["list","string"],"label_selector":["list",["object",{"match_expression":["list",["object",{"key":"string","operator":"string","values":["list","string"]}]],"match_labels":["map","string"]}]],"names":["list","string"]}]],"spec":["list",["object",{"paused":"bool","schedule":["list",["object",{"rate":"string"}]],"template":["list",["object",{"backup_ttl":"string","csi_snapshot_timeout":"string","default_volumes_to_fs_backup":"bool","default_volumes_to_restic":"bool","excluded_cluster_scoped_resources":["list","string"],"excluded_namespace_scoped_resources":["list","string"],"excluded_namespaces":["list","string"],"excluded_resources":["list","string"],"hooks":["list",["object",{"resource":["list",["object",{"excluded_namespaces":["list","string"],"included_namespaces":["list","string"],"label_selector":["list",["object",{"match_expression":["list",["object",{"key":"string","operator":"string","values":["list","string"]}]],"match_labels":["map","string"]}]],"name":"string","post_hook":["list",["object",{"exec":["list",["object",{"command":["list","string"],"container":"string","on_error":"string","timeout":"string"}]]}]],"pre_hook":["list",["object",{"exec":["list",["object",{"command":["list","string"],"container":"string","on_error":"string","timeout":"string"}]]}]]}]]}]],"include_cluster_resources":"bool","included_cluster_scoped_resources":["list","string"],"included_namespace_scoped_resources":["list","string"],"included_namespaces":["list","string"],"included_resources":["list","string"],"label_selector":["list",["object",{"match_expression":["list",["object",{"key":"string","operator":"string","values":["list","string"]}]],"match_labels":["map","string"]}]],"or_label_selector":["list",["object",{"match_expression":["list",["object",{"key":"string","operator":"string","values":["list","string"]}]],"match_labels":["map","string"]}]],"ordered_resources":["map","string"],"snapshot_move_data":"bool","snapshot_volumes":"bool","storage_location":"string","sys_excluded_namespaces":["list","string"],"volume_snapshot_locations":["list","string"]}]]}]]}]],"description":"A list of schedules returned","description_kind":"plain","computed":true},"sort_by":{"type":"string","description":"Sort backups by field.","description_kind":"plain","optional":true},"total_count":{"type":"string","description":"Total count of schedules returned","description_kind":"plain","computed":true}},"block_types":{"scope":{"nesting_mode":"list","block":{"block_types":{"cluster":{"nesting_mode":"list","block":{"attributes":{"cluster_name":{"type":"string","description":"Cluster name","description_kind":"plain","required":true},"management_cluster_name":{"type":"string","description":"Management cluster name","description_kind":"plain","optional":true},"provisioner_name":{"type":"string","description":"Cluster provisioner name","description_kind":"plain","optional":true}},"description":"Cluster scope block","description_kind":"plain"},"max_items":1},"cluster_group":{"nesting_mode":"list","block":{"attributes":{"cluster_group_name":{"type":"string","description":"Cluster group name","description_kind":"plain","required":true}},"description":"Cluster group scope block","description_kind":"plain"},"max_items":1}},"description":"Search scope block","description_kind":"plain"},"min_items":1,"max_items":1}},"description_kind":"plain"}},"tanzu-mission-control_cluster":{"version":0,"block":{"attributes":{"id":{"type":"string","description_kind":"plain","optional":true,"computed":true},"management_cluster_name":{"type":"string","description":"Name of the management cluster","description_kind":"plain","optional":true},"name":{"type":"string","description":"Name of this cluster","description_kind":"plain","required":true},"provisioner_name":{"type":"string","description":"Provisioner of the cluster","description_kind":"plain","optional":true},"ready_wait_timeout":{"type":"string","description":"Wait timeout duration until cluster resource reaches READY state. Accepted timeout duration values like 5s, 45m, or 3h, higher than zero. Should be set to 0 in case of simple attach cluster where kubeconfig input is not provided.","description_kind":"plain","optional":true},"status":{"type":["map","string"],"description":"Status of the cluster","description_kind":"plain","computed":true}},"block_types":{"attach_k8s_cluster":{"nesting_mode":"list","block":{"attributes":{"description":{"type":"string","description":"Attach cluster description","description_kind":"plain","optional":true},"kubeconfig_file":{"type":"string","description":"Attach cluster KUBECONFIG path","description_kind":"plain","optional":true},"kubeconfig_raw":{"type":"string","description":"Attach cluster KUBECONFIG","description_kind":"plain","optional":true,"sensitive":true}},"description_kind":"plain"},"max_items":1},"meta":{"nesting_mode":"list","block":{"attributes":{"annotations":{"type":["map","string"],"description":"Annotations for the resource","description_kind":"plain","optional":true,"computed":true},"description":{"type":"string","description":"Description of the resource","description_kind":"plain","optional":true},"labels":{"type":["map","string"],"description":"Labels for the resource","description_kind":"plain","optional":true},"resource_version":{"type":"string","description":"Resource version of the resource","description_kind":"plain","computed":true},"uid":{"type":"string","description":"UID of the resource","description_kind":"plain","computed":true}},"description":"Metadata for the resource","description_kind":"plain"},"max_items":1},"spec":{"nesting_mode":"list","block":{"attributes":{"cluster_group":{"type":"string","description":"Name of the cluster group to which this cluster belongs","description_kind":"plain","optional":true},"image_registry":{"type":"string","description":"Optional image registry name is the name of the image registry to be used for the cluster","description_kind":"plain","optional":true},"proxy":{"type":"string","description":"Optional proxy name is the name of the Proxy Config to be used for the cluster","description_kind":"plain","optional":true}},"block_types":{"tkg_aws":{"nesting_mode":"list","block":{"block_types":{"advanced_configs":{"nesting_mode":"list","block":{"attributes":{"key":{"type":"string","description":"The key of the advanced configuration parameters","description_kind":"plain","required":true},"value":{"type":"string","description":"The value of the advanced configuration parameters","description_kind":"plain","required":true}},"description":"Advanced configuration for TKGm cluster","description_kind":"plain"}},"distribution":{"nesting_mode":"list","block":{"attributes":{"os_arch":{"type":"string","description":"Arch of the OS used for the cluster","description_kind":"plain","optional":true,"computed":true},"os_name":{"type":"string","description":"Name of the OS used for the cluster","description_kind":"plain","optional":true,"computed":true},"os_version":{"type":"string","description":"Version of the OS used for the cluster","description_kind":"plain","optional":true,"computed":true},"provisioner_credential_name":{"type":"string","description":"Specifies name of the account in which to create the cluster","description_kind":"plain","optional":true},"region":{"type":"string","description":"Specifies region of the cluster","description_kind":"plain","required":true},"version":{"type":"string","description":"Specifies version of the cluster","description_kind":"plain","required":true}},"description":"Kubernetes version distribution for the cluster","description_kind":"plain"},"min_items":1,"max_items":1},"settings":{"nesting_mode":"list","block":{"block_types":{"network":{"nesting_mode":"list","block":{"block_types":{"cluster":{"nesting_mode":"list","block":{"attributes":{"api_server_port":{"type":"number","description":"APIServerPort specifies the port address for the cluster that defaults to 6443.","description_kind":"plain","optional":true}},"block_types":{"pods":{"nesting_mode":"list","block":{"attributes":{"cidr_blocks":{"type":"string","description":"CIDRBlocks specifies one or more of IP address ranges","description_kind":"plain","required":true}},"description":"Pod CIDR for Kubernetes pods defaults to 192.168.0.0/16","description_kind":"plain"},"min_items":1},"services":{"nesting_mode":"list","block":{"attributes":{"cidr_blocks":{"type":"string","description":"CIDRBlocks specifies one or more of IP address ranges","description_kind":"plain","required":true}},"description":"Service CIDR for kubernetes services defaults to 10.96.0.0/12","description_kind":"plain"},"min_items":1}},"description":"Cluster network specifies kubernetes network information for the cluster","description_kind":"plain"},"min_items":1,"max_items":1},"provider":{"nesting_mode":"list","block":{"block_types":{"subnets":{"nesting_mode":"list","block":{"attributes":{"availability_zone":{"type":"string","description":"AWS availability zone e.g. us-west-2a","description_kind":"plain","optional":true},"cidr_block_subnet":{"type":"string","description":"CIDR for AWS subnet which must be in the range of AWS VPC CIDR block","description_kind":"plain","optional":true},"is_public":{"type":"bool","description":"Describes if it is public subnet or private subnet","description_kind":"plain","optional":true},"subnet_id":{"type":"string","description":"This is the subnet ID of AWS. The rest of the fields are ignored if this field is specified","description_kind":"plain","optional":true}},"description":"Optional list of subnets used to place the nodes in the cluster","description_kind":"plain"}},"vpc":{"nesting_mode":"list","block":{"attributes":{"cidr_block_vpc":{"type":"string","description":"CIDR for AWS VPC. A valid example is 10.0.0.0/16","description_kind":"plain","optional":true,"computed":true},"vpc_id":{"type":"string","description":"AWS VPC ID. The rest of the fields are ignored if this field is specified. Kindly add the VPC ID to the terraform script in case of existing VPC.","description_kind":"plain","optional":true,"computed":true}},"description":"AWS VPC configuration for the cluster","description_kind":"plain"},"min_items":1,"max_items":1}},"description":"Provider Network specifies provider specific network information for the cluster","description_kind":"plain"},"min_items":1}},"description":"Network Settings specifies network-related settings for the cluster","description_kind":"plain"},"min_items":1,"max_items":1},"security":{"nesting_mode":"list","block":{"attributes":{"ssh_key":{"type":"string","description":"SSH key for provisioning and accessing the cluster VMs","description_kind":"plain","required":true}},"description":"Security Settings specifies security-related settings for the cluster","description_kind":"plain"},"min_items":1,"max_items":1}},"description":"AWS related settings for workload cluster","description_kind":"plain"},"min_items":1,"max_items":1},"topology":{"nesting_mode":"list","block":{"block_types":{"control_plane":{"nesting_mode":"list","block":{"attributes":{"availability_zones":{"type":["list","string"],"description":"List of availability zones for the control plane nodes","description_kind":"plain","required":true},"high_availability":{"type":"bool","description":"Flag which controls if the cluster needs to be highly available. HA cluster creates three controlplane machines, and non HA creates just one","description_kind":"plain","optional":true},"instance_type":{"type":"string","description":"Control plane instance type","description_kind":"plain","required":true}},"description":"AWS specific control plane configuration for workload cluster object","description_kind":"plain"},"min_items":1,"max_items":1},"node_pools":{"nesting_mode":"list","block":{"block_types":{"info":{"nesting_mode":"list","block":{"attributes":{"description":{"type":"string","description":"Description of the nodepool","description_kind":"plain","optional":true},"name":{"type":"string","description":"Name of the nodepool","description_kind":"plain","required":true}},"description":"Info is the meta information of nodepool for cluster","description_kind":"plain"},"min_items":1,"max_items":1},"spec":{"nesting_mode":"list","block":{"attributes":{"worker_node_count":{"type":"string","description":"Count is the number of nodes","description_kind":"plain","optional":true}},"block_types":{"tkg_aws":{"nesting_mode":"list","block":{"attributes":{"availability_zone":{"type":"string","description":"Availability zone for the nodepool that is to be used when you are creating a nodepool for cluster in TMC hosted AWS solution","description_kind":"plain","optional":true},"instance_type":{"type":"string","description":"Nodepool instance type whose potential values could be found using cluster:options api","description_kind":"plain","required":true},"nodepool_subnet_id":{"type":"string","description":"Subnet ID of the private subnet in which you want the nodes to be created in","description_kind":"plain","computed":true},"version":{"type":"string","description":"Kubernetes version of the node pool","description_kind":"plain","required":true}},"block_types":{"node_placement":{"nesting_mode":"list","block":{"attributes":{"aws_availability_zone":{"type":"string","description":"The Availability Zone where the AWS nodes are placed","description_kind":"plain","required":true}},"description":"List of Availability Zones to place the AWS nodes on. Please use this field to provision a nodepool for workload cluster on an attached TKG AWS management cluster","description_kind":"plain"},"min_items":1,"max_items":1}},"description":"Nodepool config for tkg aws","description_kind":"plain"},"max_items":1}},"description":"Spec for the cluster nodepool","description_kind":"plain"},"max_items":1}},"description":"Nodepool specific configuration","description_kind":"plain"}}},"description":"Topology configuration of the cluster","description_kind":"plain"},"min_items":1,"max_items":1}},"description":"The Tanzu Kubernetes Grid (TKGm) AWS cluster spec","description_kind":"plain"},"max_items":1},"tkg_service_vsphere":{"nesting_mode":"list","block":{"block_types":{"distribution":{"nesting_mode":"list","block":{"attributes":{"os_arch":{"type":"string","description":"Arch of the OS used for the cluster","description_kind":"plain","optional":true,"computed":true},"os_name":{"type":"string","description":"Name of the OS used for the cluster","description_kind":"plain","optional":true,"computed":true},"os_version":{"type":"string","description":"Version of the OS used for the cluster","description_kind":"plain","optional":true,"computed":true},"version":{"type":"string","description":"Version of the cluster","description_kind":"plain","required":true}},"description":"VSphere specific distribution","description_kind":"plain"},"min_items":1,"max_items":1},"settings":{"nesting_mode":"list","block":{"block_types":{"network":{"nesting_mode":"list","block":{"block_types":{"pods":{"nesting_mode":"list","block":{"attributes":{"cidr_blocks":{"type":["list","string"],"description":"CIDRBlocks specifies one or more ranges of IP addresses","description_kind":"plain","required":true}},"description":"Pod CIDR for Kubernetes pods defaults to 192.168.0.0/16","description_kind":"plain"},"min_items":1},"services":{"nesting_mode":"list","block":{"attributes":{"cidr_blocks":{"type":["list","string"],"description":"CIDRBlocks specifies one or more ranges of IP addresses","description_kind":"plain","required":true}},"description":"Service CIDR for kubernetes services defaults to 10.96.0.0/12","description_kind":"plain"},"min_items":1}},"description":"Network Settings specifies network-related settings for the cluster","description_kind":"plain"},"min_items":1,"max_items":1},"storage":{"nesting_mode":"list","block":{"attributes":{"classes":{"type":["list","string"],"description":"Classes is a list of storage classes from the supervisor namespace to expose within a cluster. If omitted, all storage classes from the supervisor namespace will be exposed within the cluster.","description_kind":"plain","optional":true},"default_class":{"type":"string","description":"DefaultClass is the valid storage class name which is treated as the default storage class within a cluster. If omitted, no default storage class is set.","description_kind":"plain","optional":true}},"description":"StorageSettings specifies storage-related settings for the cluster","description_kind":"plain"},"max_items":1}},"description":"VSphere related settings for workload cluster","description_kind":"plain"},"min_items":1,"max_items":1},"topology":{"nesting_mode":"list","block":{"block_types":{"control_plane":{"nesting_mode":"list","block":{"attributes":{"class":{"type":"string","description":"Control plane instance type","description_kind":"plain","required":true},"high_availability":{"type":"bool","description":"High Availability or Non High Availability Cluster. HA cluster creates three controlplane machines, and non HA creates just one","description_kind":"plain","optional":true},"storage_class":{"type":"string","description":"Storage Class to be used for storage of the disks which store the root filesystems of the nodes","description_kind":"plain","required":true}},"block_types":{"volumes":{"nesting_mode":"list","block":{"attributes":{"capacity":{"type":"number","description":"Volume capacity is in gib","description_kind":"plain","optional":true},"mount_path":{"type":"string","description":"It is the directory where the volume device is to be mounted","description_kind":"plain","optional":true},"name":{"type":"string","description":"It is the volume name","description_kind":"plain","optional":true},"pvc_storage_class":{"type":"string","description":"This is the storage class for PVC which in case omitted, default storage class will be used for the disks","description_kind":"plain","optional":true}},"description":"Configurable volumes for control plane nodes","description_kind":"plain"}}},"description":"Control plane specific configuration","description_kind":"plain"},"min_items":1,"max_items":1},"node_pools":{"nesting_mode":"list","block":{"block_types":{"info":{"nesting_mode":"list","block":{"attributes":{"description":{"type":"string","description":"Description for the nodepool","description_kind":"plain","optional":true},"name":{"type":"string","description":"Name of the nodepool","description_kind":"plain","optional":true}},"description":"Info is the meta information of nodepool for cluster","description_kind":"plain"},"min_items":1,"max_items":1},"spec":{"nesting_mode":"list","block":{"attributes":{"cloud_label":{"type":["map","string"],"description":"Cloud labels","description_kind":"plain","optional":true},"node_label":{"type":["map","string"],"description":"Node labels","description_kind":"plain","optional":true},"worker_node_count":{"type":"string","description":"Count is the number of nodes","description_kind":"plain","optional":true}},"block_types":{"tkg_service_vsphere":{"nesting_mode":"list","block":{"attributes":{"class":{"type":"string","description":"Control plane instance type","description_kind":"plain","required":true},"failure_domain":{"type":"string","description":"Configure the failure domain of node pool. The potential values could be found using cluster:options api.","description_kind":"plain","optional":true},"storage_class":{"type":"string","description":"Storage Class to be used for storage of the disks which store the root filesystems of the nodes","description_kind":"plain","required":true}},"block_types":{"volumes":{"nesting_mode":"list","block":{"attributes":{"capacity":{"type":"number","description":"Volume capacity is in gib","description_kind":"plain","optional":true},"mount_path":{"type":"string","description":"It is the directory where the volume device is to be mounted","description_kind":"plain","optional":true},"name":{"type":"string","description":"It is the volume name","description_kind":"plain","optional":true},"pvc_storage_class":{"type":"string","description":"This is the storage class for PVC which in case omitted, default storage class will be used for the disks","description_kind":"plain","optional":true}},"description":"Configurable volumes for control plane nodes","description_kind":"plain"}}},"description":"Nodepool config for tkg service vsphere","description_kind":"plain"},"max_items":1}},"description":"Spec for the cluster nodepool","description_kind":"plain"},"max_items":1}},"description":"Nodepool specific configuration","description_kind":"plain"}}},"description":"Topology specific configuration","description_kind":"plain"},"min_items":1,"max_items":1}},"description":"The Tanzu Kubernetes Grid Service (TKGs) cluster spec","description_kind":"plain"},"max_items":1},"tkg_vsphere":{"nesting_mode":"list","block":{"block_types":{"advanced_configs":{"nesting_mode":"list","block":{"attributes":{"key":{"type":"string","description":"The key of the advanced configuration parameters","description_kind":"plain","required":true},"value":{"type":"string","description":"The value of the advanced configuration parameters","description_kind":"plain","required":true}},"description":"Advanced configuration for TKGm cluster","description_kind":"plain"}},"distribution":{"nesting_mode":"list","block":{"attributes":{"os_arch":{"type":"string","description":"Arch of the OS used for the cluster","description_kind":"plain","optional":true,"computed":true},"os_name":{"type":"string","description":"Name of the OS used for the cluster","description_kind":"plain","optional":true,"computed":true},"os_version":{"type":"string","description":"Version of the OS used for the cluster","description_kind":"plain","optional":true,"computed":true},"version":{"type":"string","description":"Version specifies the version of the Kubernetes cluster","description_kind":"plain","required":true}},"block_types":{"workspace":{"nesting_mode":"list","block":{"attributes":{"datacenter":{"type":"string","description_kind":"plain","required":true},"datastore":{"type":"string","description_kind":"plain","required":true},"folder":{"type":"string","description_kind":"plain","required":true},"resource_pool":{"type":"string","description_kind":"plain","required":true},"workspace_network":{"type":"string","description_kind":"plain","required":true}},"description":"Workspace defines a workspace configuration for the vSphere cloud provider","description_kind":"plain"},"min_items":1,"max_items":1}},"description":"VSphere specific distribution","description_kind":"plain"},"min_items":1,"max_items":1},"settings":{"nesting_mode":"list","block":{"block_types":{"network":{"nesting_mode":"list","block":{"attributes":{"api_server_port":{"type":"number","description":"APIServerPort specifies the port address for the cluster that defaults to 6443.","description_kind":"plain","optional":true},"control_plane_end_point":{"type":"string","description":"ControlPlaneEndpoint specifies the control plane virtual IP address. The value should be unique for every create request, else cluster creation shall fail. This field is not needed when AVI enabled while creating a legacy cluster on TKGm.","description_kind":"plain","optional":true}},"block_types":{"pods":{"nesting_mode":"list","block":{"attributes":{"cidr_blocks":{"type":["list","string"],"description":"CIDRBlocks specifies one or more ranges of IP addresses","description_kind":"plain","required":true}},"description":"Pod CIDR for Kubernetes pods defaults to 192.168.0.0/16","description_kind":"plain"},"min_items":1},"services":{"nesting_mode":"list","block":{"attributes":{"cidr_blocks":{"type":["list","string"],"description":"CIDRBlocks specifies one or more ranges of IP addresses","description_kind":"plain","required":true}},"description":"Service CIDR for kubernetes services defaults to 10.96.0.0/12","description_kind":"plain"},"min_items":1}},"description":"Network Settings specifies network-related settings for the cluster","description_kind":"plain"},"min_items":1,"max_items":1},"security":{"nesting_mode":"list","block":{"attributes":{"ssh_key":{"type":"string","description":"SSH key for provisioning and accessing the cluster VMs","description_kind":"plain","required":true}},"description":"Security Settings specifies security-related settings for the cluster","description_kind":"plain"},"min_items":1,"max_items":1}},"description":"VSphere related settings for workload cluster","description_kind":"plain"},"min_items":1,"max_items":1},"topology":{"nesting_mode":"list","block":{"block_types":{"control_plane":{"nesting_mode":"list","block":{"attributes":{"high_availability":{"type":"bool","description":"High Availability or Non High Availability Cluster. HA cluster creates three controlplane machines, and non HA creates just one","description_kind":"plain","optional":true}},"block_types":{"vm_config":{"nesting_mode":"list","block":{"attributes":{"cpu":{"type":"string","description":"Number of CPUs per node","description_kind":"plain","optional":true},"disk_size":{"type":"string","description":"Root disk size in gigabytes for the VM","description_kind":"plain","optional":true},"memory":{"type":"string","description":"Memory associated with the node in megabytes","description_kind":"plain","optional":true}},"description":"VM specific configuration","description_kind":"plain"},"min_items":1,"max_items":1}},"description":"VSphere specific control plane configuration for workload cluster object","description_kind":"plain"},"min_items":1,"max_items":1},"node_pools":{"nesting_mode":"list","block":{"block_types":{"info":{"nesting_mode":"list","block":{"attributes":{"description":{"type":"string","description":"Description of the nodepool","description_kind":"plain","optional":true},"name":{"type":"string","description":"Name of the nodepool","description_kind":"plain","required":true}},"description":"Info is the meta information of nodepool for cluster","description_kind":"plain"},"min_items":1,"max_items":1},"spec":{"nesting_mode":"list","block":{"attributes":{"worker_node_count":{"type":"string","description":"Count is the number of nodes","description_kind":"plain","optional":true}},"block_types":{"tkg_vsphere":{"nesting_mode":"list","block":{"block_types":{"vm_config":{"nesting_mode":"list","block":{"attributes":{"cpu":{"type":"string","description":"Number of CPUs per node","description_kind":"plain","optional":true},"disk_size":{"type":"string","description":"Root disk size in gigabytes for the VM","description_kind":"plain","optional":true},"memory":{"type":"string","description":"Memory associated with the node in megabytes","description_kind":"plain","optional":true}},"description":"VM specific configuration","description_kind":"plain"},"min_items":1,"max_items":1}},"description":"Nodepool config for tkgm vsphere","description_kind":"plain"},"max_items":1}},"description":"Spec for the cluster nodepool","description_kind":"plain"},"max_items":1}},"description":"Nodepool specific configuration","description_kind":"plain"}}},"description":"Topology specific configuration","description_kind":"plain"},"min_items":1,"max_items":1}},"description":"The Tanzu Kubernetes Grid (TKGm) vSphere cluster spec","description_kind":"plain"},"max_items":1}},"description":"Spec for the cluster","description_kind":"plain"},"max_items":1}},"description_kind":"plain"}},"tanzu-mission-control_cluster_class":{"version":0,"block":{"attributes":{"id":{"type":"string","description_kind":"plain","optional":true,"computed":true},"management_cluster_name":{"type":"string","description":"Management cluster name","description_kind":"plain","required":true},"name":{"type":"string","description":"Cluster class name","description_kind":"plain","required":true},"provisioner_name":{"type":"string","description":"Cluster provisioner name","description_kind":"plain","required":true},"variables_schema":{"type":"string","description":"JSON encoded OpenAPIV3 schema for the cluster class variables","description_kind":"plain","computed":true},"variables_template":{"type":"string","description":"JSON encoded example template for the cluster class variables","description_kind":"plain","computed":true},"worker_classes":{"type":["list","string"],"description":"Available worker classes in cluster class","description_kind":"plain","computed":true}},"description_kind":"plain"}},"tanzu-mission-control_cluster_group":{"version":0,"block":{"attributes":{"id":{"type":"string","description_kind":"plain","optional":true,"computed":true},"name":{"type":"string","description_kind":"plain","required":true}},"block_types":{"meta":{"nesting_mode":"list","block":{"attributes":{"annotations":{"type":["map","string"],"description":"Annotations for the resource","description_kind":"plain","optional":true,"computed":true},"description":{"type":"string","description":"Description of the resource","description_kind":"plain","optional":true},"labels":{"type":["map","string"],"description":"Labels for the resource","description_kind":"plain","optional":true},"resource_version":{"type":"string","description":"Resource version of the resource","description_kind":"plain","computed":true},"uid":{"type":"string","description":"UID of the resource","description_kind":"plain","computed":true}},"description":"Metadata for the resource","description_kind":"plain"},"max_items":1}},"description_kind":"plain"}},"tanzu-mission-control_cluster_node_pool":{"version":0,"block":{"attributes":{"cluster_name":{"type":"string","description":"Name of the cluster","description_kind":"plain","required":true},"id":{"type":"string","description_kind":"plain","optional":true,"computed":true},"management_cluster_name":{"type":"string","description":"Name of the management cluster","description_kind":"plain","required":true},"name":{"type":"string","description":"Name of this nodepool","description_kind":"plain","required":true},"provisioner_name":{"type":"string","description":"Provisioner of the cluster","description_kind":"plain","required":true},"ready_wait_timeout":{"type":"string","description":"Wait timeout duration until nodepool resource reaches READY state. Accepted timeout duration values like 5s, 45m, or 3h, higher than zero.","description_kind":"plain","optional":true},"status":{"type":["map","string"],"description":"Status of node pool resource","description_kind":"plain","computed":true}},"block_types":{"meta":{"nesting_mode":"list","block":{"attributes":{"annotations":{"type":["map","string"],"description":"Annotations for the resource","description_kind":"plain","optional":true,"computed":true},"description":{"type":"string","description":"Description of the resource","description_kind":"plain","optional":true},"labels":{"type":["map","string"],"description":"Labels for the resource","description_kind":"plain","optional":true},"resource_version":{"type":"string","description":"Resource version of the resource","description_kind":"plain","computed":true},"uid":{"type":"string","description":"UID of the resource","description_kind":"plain","computed":true}},"description":"Metadata for the resource","description_kind":"plain"},"max_items":1},"spec":{"nesting_mode":"list","block":{"attributes":{"cloud_labels":{"type":["map","string"],"description":"Cloud labels","description_kind":"plain","optional":true},"node_labels":{"type":["map","string"],"description":"Node labels","description_kind":"plain","optional":true},"worker_node_count":{"type":"string","description":"Count is the number of nodes","description_kind":"plain","required":true}},"block_types":{"tkg_aws":{"nesting_mode":"list","block":{"attributes":{"class":{"type":"string","description":"Nodepool instance type","description_kind":"plain","optional":true},"storage_class":{"type":"string","description":"Storage Class to be used for storage of the disks which store the root filesystem of the nodes","description_kind":"plain","optional":true}},"description":"TKGAWSNodepool is the nodepool spec for TKG AWS cluster","description_kind":"plain"}},"tkg_service_vsphere":{"nesting_mode":"list","block":{"attributes":{"class":{"type":"string","description":"Nodepool instance type","description_kind":"plain","required":true},"failure_domain":{"type":"string","description":"Configure the failure domain of node pool. The potential values could be found using cluster:options api. This parameter will be ignored by the backend if the TKG service vsphere cluster doesn't support.","description_kind":"plain","optional":true},"storage_class":{"type":"string","description":"Storage Class to be used for storage of the disks which store the root filesystem of the nodes","description_kind":"plain","required":true}},"block_types":{"volumes":{"nesting_mode":"list","block":{"attributes":{"capacity":{"type":"number","description":"Volume capacity is in gib","description_kind":"plain","optional":true},"mount_path":{"type":"string","description":"It is the directory where the volume device is to be mounted","description_kind":"plain","optional":true},"name":{"type":"string","description":"It is the volume name","description_kind":"plain","optional":true},"pvc_storage_class":{"type":"string","description":"This is the storage class for PVC which in case omitted, default storage class will be used for the disks","description_kind":"plain","optional":true}},"description":"Configurable volumes for nodepool nodes","description_kind":"plain"}}},"description":"TKGServiceVsphereNodepool is the nodepool spec for TKG service vsphere cluster","description_kind":"plain"}},"tkg_vsphere":{"nesting_mode":"list","block":{"block_types":{"vm_config":{"nesting_mode":"list","block":{"attributes":{"cpu":{"type":"string","description":"Number of CPUs per node","description_kind":"plain","optional":true},"disk_size":{"type":"string","description":"Root disk size in gigabytes for the VM","description_kind":"plain","optional":true},"memory":{"type":"string","description":"Memory associated with the node in megabytes","description_kind":"plain","optional":true}},"description":"VM specific configuration","description_kind":"plain"},"min_items":1,"max_items":1}},"description":"TkgVsphereNodepool is the nodepool config for the TKG vsphere cluster","description_kind":"plain"}}},"description":"Spec for the cluster nodepool","description_kind":"plain"}}},"description_kind":"plain"}},"tanzu-mission-control_credential":{"version":0,"block":{"attributes":{"id":{"type":"string","description_kind":"plain","optional":true,"computed":true},"name":{"type":"string","description":"Name of this credential","description_kind":"plain","required":true},"ready_wait_timeout":{"type":"string","description":"Wait timeout duration until credential resource reaches VALID state. Accepted timeout duration values like 5s, 5m, or 1h, higher than zero.","description_kind":"plain","optional":true},"status":{"type":["map","string"],"description":"Status of credential resource","description_kind":"plain","computed":true}},"block_types":{"meta":{"nesting_mode":"list","block":{"attributes":{"annotations":{"type":["map","string"],"description":"Annotations for the resource","description_kind":"plain","optional":true,"computed":true},"description":{"type":"string","description":"Description of the resource","description_kind":"plain","optional":true},"labels":{"type":["map","string"],"description":"Labels for the resource","description_kind":"plain","optional":true},"resource_version":{"type":"string","description":"Resource version of the resource","description_kind":"plain","computed":true},"uid":{"type":"string","description":"UID of the resource","description_kind":"plain","computed":true}},"description":"Metadata for the resource","description_kind":"plain"},"max_items":1},"spec":{"nesting_mode":"list","block":{"attributes":{"capability":{"type":"string","description":"The Tanzu capability for which the credential shall be used. Value must be in list [DATA_PROTECTION TANZU_OBSERVABILITY TANZU_SERVICE_MESH PROXY_CONFIG MANAGED_K8S_PROVIDER IMAGE_REGISTRY]","description_kind":"plain","optional":true},"provider":{"type":"string","description":"The Tanzu provider for which describes credential data type. Value must be in list [PROVIDER_UNSPECIFIED,AWS_EC2,GENERIC_S3,AZURE_AD,AWS_EKS,AZURE_AKS,GENERIC_KEY_VALUE]","description_kind":"plain","optional":true}},"block_types":{"data":{"nesting_mode":"list","block":{"attributes":{"generic_credential":{"type":"string","description":"Generic credential data type used to hold a blob of data represented as string","description_kind":"plain","optional":true}},"block_types":{"aws_credential":{"nesting_mode":"list","block":{"attributes":{"account_id":{"type":"string","description":"Account ID of the AWS credential","description_kind":"plain","optional":true},"generic_credential":{"type":"string","description":"Generic credential","description_kind":"plain","optional":true}},"block_types":{"iam_role":{"nesting_mode":"list","block":{"attributes":{"arn":{"type":"string","description":"AWS IAM role ARN","description_kind":"plain","optional":true},"ext_id":{"type":"string","description":"An external ID used to assume an AWS IAM role","description_kind":"plain","optional":true}},"description":"AWS IAM role ARN and external ID","description_kind":"plain"},"max_items":1}},"description":"AWS credential data type","description_kind":"plain"},"max_items":1},"azure_credential":{"nesting_mode":"list","block":{"block_types":{"service_principal":{"nesting_mode":"list","block":{"attributes":{"azure_cloud_name":{"type":"string","description":"Azure Cloud name","description_kind":"plain","optional":true},"client_id":{"type":"string","description":"Client ID of the Service Principal","description_kind":"plain","required":true},"client_secret":{"type":"string","description":"Client Secret of the Service Principal","description_kind":"plain","optional":true},"resource_group":{"type":"string","description":"Resource Group name","description_kind":"plain","required":true},"subscription_id":{"type":"string","description":"Subscription ID of the Azure credential","description_kind":"plain","required":true},"tenant_id":{"type":"string","description":"Tenant ID of the Azure credential","description_kind":"plain","required":true}},"description":"Azure service principal","description_kind":"plain"},"max_items":1},"service_principal_with_certificate":{"nesting_mode":"list","block":{"attributes":{"azure_cloud_name":{"type":"string","description":"Azure Cloud name","description_kind":"plain","optional":true},"client_certificate":{"type":"string","description":"Client certificate of the Service Principal","description_kind":"plain","required":true},"client_id":{"type":"string","description":"Client ID of the Service Principal","description_kind":"plain","required":true},"managed_subscriptions":{"type":["list","string"],"description":"IDs of the Azure Subscriptions that the Service Principal can manage","description_kind":"plain","optional":true},"subscription_id":{"type":"string","description":"Subscription ID of the Azure credential","description_kind":"plain","required":true},"tenant_id":{"type":"string","description":"Tenant ID of the Azure credential","description_kind":"plain","required":true}},"description":"Azure service principal","description_kind":"plain"},"max_items":1}},"description":"Azure credential","description_kind":"plain"},"max_items":1},"key_value":{"nesting_mode":"list","block":{"attributes":{"data":{"type":["map","string"],"description":"Data secret data in the format of key-value pair","description_kind":"plain","optional":true},"type":{"type":"string","description":"Type of Secret data, usually mapped to k8s secret type. Supported types: [SECRET_TYPE_UNSPECIFIED,OPAQUE_SECRET_TYPE,DOCKERCONFIGJSON_SECRET_TYPE]","description_kind":"plain","optional":true}},"description":"Key Value credential","description_kind":"plain"},"max_items":1}},"description":"Holds credentials sensitive data","description_kind":"plain"},"max_items":1}},"description":"Spec of credential resource","description_kind":"plain"},"max_items":1}},"description_kind":"plain"}},"tanzu-mission-control_ekscluster":{"version":0,"block":{"attributes":{"credential_name":{"type":"string","description":"Name of the AWS Credential in Tanzu Mission Control","description_kind":"plain","required":true},"id":{"type":"string","description_kind":"plain","optional":true,"computed":true},"kubeconfig":{"type":"string","description":"Kubeconfig for connecting to newly created cluster base64 encoded. This will only be returned if you have elected to wait for kubeconfig.","description_kind":"plain","computed":true},"name":{"type":"string","description":"Name of this cluster","description_kind":"plain","required":true},"ready_wait_timeout":{"type":"string","description":"Wait timeout duration until cluster resource reaches READY state. Accepted timeout duration values like 5s, 45m, or 3h, higher than zero","description_kind":"plain","optional":true},"region":{"type":"string","description":"AWS Region of this cluster","description_kind":"plain","required":true},"status":{"type":["map","string"],"description":"Status of the cluster","description_kind":"plain","computed":true},"wait_for_kubeconfig":{"type":"bool","description":"Wait until pinniped extension is ready to provide kubeconfig","description_kind":"plain","optional":true}},"block_types":{"meta":{"nesting_mode":"list","block":{"attributes":{"annotations":{"type":["map","string"],"description":"Annotations for the resource","description_kind":"plain","optional":true,"computed":true},"description":{"type":"string","description":"Description of the resource","description_kind":"plain","optional":true},"labels":{"type":["map","string"],"description":"Labels for the resource","description_kind":"plain","optional":true},"resource_version":{"type":"string","description":"Resource version of the resource","description_kind":"plain","computed":true},"uid":{"type":"string","description":"UID of the resource","description_kind":"plain","computed":true}},"description":"Metadata for the resource","description_kind":"plain"},"max_items":1},"spec":{"nesting_mode":"list","block":{"attributes":{"cluster_group":{"type":"string","description":"Name of the cluster group to which this cluster belongs","description_kind":"plain","optional":true},"proxy":{"type":"string","description":"Optional proxy name is the name of the Proxy Config to be used for the cluster","description_kind":"plain","optional":true}},"block_types":{"config":{"nesting_mode":"list","block":{"attributes":{"kubernetes_version":{"type":"string","description":"Kubernetes version of the cluster","description_kind":"plain","required":true},"role_arn":{"type":"string","description":"ARN of the IAM role that provides permissions for the Kubernetes control plane to make calls to AWS API operations","description_kind":"plain","required":true},"tags":{"type":["map","string"],"description":"The metadata to apply to the cluster to assist with categorization and organization","description_kind":"plain","optional":true,"computed":true}},"block_types":{"addons_config":{"nesting_mode":"list","block":{"block_types":{"vpc_cni_config":{"nesting_mode":"list","block":{"block_types":{"eni_config":{"nesting_mode":"list","block":{"attributes":{"id":{"type":"string","description":"Subnet id for the ENI","description_kind":"plain","required":true},"security_groups":{"type":["set","string"],"description":"Security groups for the ENI","description_kind":"plain","optional":true}},"description":"ENI config for the VPC CNI addon","description_kind":"plain"}}},"description":"VPC CNI addon config contains the configuration for the VPC CNI addon of the cluster","description_kind":"plain"},"max_items":1}},"description":"Addons config contains the configuration for all the addons of the cluster, which support customization of addon configuration","description_kind":"plain"},"max_items":1},"kubernetes_network_config":{"nesting_mode":"list","block":{"attributes":{"service_cidr":{"type":"string","description":"Service CIDR for Kubernetes services","description_kind":"plain","required":true}},"description":"Kubernetes Network Config","description_kind":"plain"},"max_items":1},"logging":{"nesting_mode":"list","block":{"attributes":{"api_server":{"type":"bool","description":"Enable API server logs","description_kind":"plain","optional":true},"audit":{"type":"bool","description":"Enable audit logs","description_kind":"plain","optional":true},"authenticator":{"type":"bool","description":"Enable authenticator logs","description_kind":"plain","optional":true},"controller_manager":{"type":"bool","description":"Enable controller manager logs","description_kind":"plain","optional":true},"scheduler":{"type":"bool","description":"Enable scheduler logs","description_kind":"plain","optional":true}},"description":"EKS logging configuration","description_kind":"plain"},"max_items":1},"vpc":{"nesting_mode":"list","block":{"attributes":{"enable_private_access":{"type":"bool","description":"Enable Kubernetes API requests within your cluster's VPC (such as node to control plane communication) use the private VPC endpoint (see [Amazon EKS cluster endpoint access control](https://docs.aws.amazon.com/eks/latest/userguide/cluster-endpoint.html))","description_kind":"plain","optional":true},"enable_public_access":{"type":"bool","description":"Enable cluster API server access from the internet. You can, optionally, limit the CIDR blocks that can access the public endpoint using public_access_cidrs (see [Amazon EKS cluster endpoint access control](https://docs.aws.amazon.com/eks/latest/userguide/cluster-endpoint.html))","description_kind":"plain","optional":true},"public_access_cidrs":{"type":["set","string"],"description":"Specify which addresses from the internet can communicate to the public endpoint, if public endpoint is enabled (see [Amazon EKS cluster endpoint access control](https://docs.aws.amazon.com/eks/latest/userguide/cluster-endpoint.html))","description_kind":"plain","optional":true},"security_groups":{"type":["set","string"],"description":"Security groups for the cluster VMs","description_kind":"plain","optional":true},"subnet_ids":{"type":["set","string"],"description":"Subnet ids used by the cluster (see [Amazon EKS VPC and subnet requirements and considerations](https://docs.aws.amazon.com/eks/latest/userguide/network_reqs.html#network-requirements-subnets))","description_kind":"plain","required":true}},"description":"VPC config","description_kind":"plain"},"min_items":1,"max_items":1}},"description":"EKS config for the cluster control plane","description_kind":"plain"},"min_items":1,"max_items":1},"nodepool":{"nesting_mode":"list","block":{"block_types":{"info":{"nesting_mode":"list","block":{"attributes":{"description":{"type":"string","description":"Description for the nodepool","description_kind":"plain","optional":true},"name":{"type":"string","description":"Name of the nodepool, immutable","description_kind":"plain","required":true}},"description":"Info for the nodepool","description_kind":"plain"},"min_items":1,"max_items":1},"spec":{"nesting_mode":"list","block":{"attributes":{"ami_type":{"type":"string","description":"AMI type, immutable","description_kind":"plain","optional":true,"computed":true},"capacity_type":{"type":"string","description":"Capacity Type","description_kind":"plain","optional":true,"computed":true},"instance_types":{"type":["set","string"],"description":"Nodepool instance types, immutable","description_kind":"plain","optional":true,"computed":true},"node_labels":{"type":["map","string"],"description":"Kubernetes node labels","description_kind":"plain","optional":true},"release_version":{"type":"string","description":"AMI release version","description_kind":"plain","optional":true,"computed":true},"role_arn":{"type":"string","description":"ARN of the IAM role that provides permissions for the Kubernetes nodepool to make calls to AWS API operations, immutable","description_kind":"plain","required":true},"root_disk_size":{"type":"number","description":"Root disk size in GiB, immutable","description_kind":"plain","optional":true,"computed":true},"subnet_ids":{"type":["set","string"],"description":"Subnets required for the nodepool","description_kind":"plain","required":true},"tags":{"type":["map","string"],"description":"EKS specific tags","description_kind":"plain","optional":true}},"block_types":{"ami_info":{"nesting_mode":"list","block":{"attributes":{"ami_id":{"type":"string","description":"ID of the AMI to be used","description_kind":"plain","optional":true},"override_bootstrap_cmd":{"type":"string","description":"Override bootstrap command for the custom AMI","description_kind":"plain","optional":true}},"description":"AMI info for the nodepool if AMI type is specified as CUSTOM","description_kind":"plain"},"max_items":1},"launch_template":{"nesting_mode":"list","block":{"attributes":{"id":{"type":"string","description":"The ID of the launch template","description_kind":"plain","optional":true},"name":{"type":"string","description":"The name of the launch template","description_kind":"plain","optional":true},"version":{"type":"string","description":"The version of the launch template to use","description_kind":"plain","optional":true}},"description":"Launch template for the nodepool","description_kind":"plain"},"max_items":1},"remote_access":{"nesting_mode":"list","block":{"attributes":{"security_groups":{"type":["set","string"],"description":"Security groups for the VMs","description_kind":"plain","optional":true},"ssh_key":{"type":"string","description":"SSH key allows you to connect to your instances and gather diagnostic information if there are issues.","description_kind":"plain","optional":true}},"description":"Remote access to worker nodes, immutable","description_kind":"plain"},"max_items":1},"scaling_config":{"nesting_mode":"list","block":{"attributes":{"desired_size":{"type":"number","description":"Desired size of nodepool","description_kind":"plain","optional":true},"max_size":{"type":"number","description":"Maximum size of nodepool","description_kind":"plain","optional":true},"min_size":{"type":"number","description":"Minimum size of nodepool","description_kind":"plain","optional":true}},"description":"Nodepool scaling config","description_kind":"plain"},"max_items":1},"taints":{"nesting_mode":"list","block":{"attributes":{"effect":{"type":"string","description":"Current effect state of the node pool","description_kind":"plain","optional":true},"key":{"type":"string","description":"The taint key to be applied to a node","description_kind":"plain","optional":true},"value":{"type":"string","description":"The taint value corresponding to the taint key","description_kind":"plain","optional":true}},"description":"If specified, the node's taints","description_kind":"plain"}},"update_config":{"nesting_mode":"list","block":{"attributes":{"max_unavailable_nodes":{"type":"string","description":"Maximum number of nodes unavailable at once during a version update","description_kind":"plain","optional":true},"max_unavailable_percentage":{"type":"string","description":"Maximum percentage of nodes unavailable during a version update","description_kind":"plain","optional":true}},"description":"Update config for the nodepool","description_kind":"plain"},"max_items":1}},"description":"Spec for the cluster","description_kind":"plain"},"min_items":1,"max_items":1}},"description":"Nodepool definitions for the cluster","description_kind":"plain"},"min_items":1}},"description":"Spec for the cluster","description_kind":"plain"},"max_items":1}},"description_kind":"plain"}},"tanzu-mission-control_git_repository":{"version":0,"block":{"attributes":{"id":{"type":"string","description_kind":"plain","optional":true,"computed":true},"name":{"type":"string","description":"Name of the Repository.","description_kind":"plain","required":true},"namespace_name":{"type":"string","description":"Name of Namespace.","description_kind":"plain","required":true},"spec":{"type":["list",["object",{"git_implementation":"string","interval":"string","ref":["list",["object",{"branch":"string","commit":"string","semver":"string","tag":"string"}]],"secret_ref":"string","url":"string"}]],"description":"Spec for the Repository.","description_kind":"plain","computed":true},"status":{"type":["map","string"],"description":"Status for the Repository.","description_kind":"plain","computed":true}},"block_types":{"meta":{"nesting_mode":"list","block":{"attributes":{"annotations":{"type":["map","string"],"description":"Annotations for the resource","description_kind":"plain","optional":true,"computed":true},"description":{"type":"string","description":"Description of the resource","description_kind":"plain","optional":true},"labels":{"type":["map","string"],"description":"Labels for the resource","description_kind":"plain","optional":true},"resource_version":{"type":"string","description":"Resource version of the resource","description_kind":"plain","computed":true},"uid":{"type":"string","description":"UID of the resource","description_kind":"plain","computed":true}},"description":"Metadata for the resource","description_kind":"plain"},"max_items":1},"scope":{"nesting_mode":"list","block":{"block_types":{"cluster":{"nesting_mode":"list","block":{"attributes":{"management_cluster_name":{"type":"string","description":"Name of the management cluster","description_kind":"plain","optional":true},"name":{"type":"string","description":"Name of this cluster","description_kind":"plain","required":true},"provisioner_name":{"type":"string","description":"Provisioner of the cluster","description_kind":"plain","optional":true}},"description":"The schema for cluster full name","description_kind":"plain"},"max_items":1},"cluster_group":{"nesting_mode":"list","block":{"attributes":{"name":{"type":"string","description":"Name of the cluster group","description_kind":"plain","required":true}},"description":"The schema for cluster group full name","description_kind":"plain"},"max_items":1}},"description":"Scope for the git repository, having one of the valid scopes: cluster, cluster_group.","description_kind":"plain"},"min_items":1,"max_items":1}},"description_kind":"plain"}},"tanzu-mission-control_helm_charts":{"version":0,"block":{"attributes":{"chart_metadata_name":{"type":"string","description":"Name of the helm chart.","description_kind":"plain","optional":true},"charts":{"type":["list",["object",{"chart_metadata_name":"string","name":"string","spec":["list",["object",{"api_version":"string","app_version":"string","dependencies":["list",["object",{"alias":"string","chart_name":"string","chart_version":"bool","condition":"string","import_values":["list","string"],"repository":["list","string"],"tags":["list","string"]}]],"deprecated":"bool","kube_version":"string","released_at":"string","sources":["list","string"],"urls":["list","string"],"values_config":"string"}]]}]],"description":"List Helm charts.","description_kind":"plain","computed":true},"id":{"type":"string","description_kind":"plain","optional":true,"computed":true},"name":{"type":"string","description":"Version of helm chart such as 0.5.1","description_kind":"plain","optional":true},"repository_name":{"type":"string","description":"Name of helm repository.","description_kind":"plain","optional":true}},"description_kind":"plain"}},"tanzu-mission-control_helm_feature":{"version":0,"block":{"attributes":{"id":{"type":"string","description_kind":"plain","optional":true,"computed":true},"status":{"type":["map","string"],"description":"Status for the helm feature.","description_kind":"plain","computed":true}},"block_types":{"meta":{"nesting_mode":"list","block":{"attributes":{"annotations":{"type":["map","string"],"description":"Annotations for the resource","description_kind":"plain","optional":true,"computed":true},"description":{"type":"string","description":"Description of the resource","description_kind":"plain","optional":true},"labels":{"type":["map","string"],"description":"Labels for the resource","description_kind":"plain","optional":true},"resource_version":{"type":"string","description":"Resource version of the resource","description_kind":"plain","computed":true},"uid":{"type":"string","description":"UID of the resource","description_kind":"plain","computed":true}},"description":"Metadata for the resource","description_kind":"plain"},"max_items":1},"scope":{"nesting_mode":"list","block":{"block_types":{"cluster":{"nesting_mode":"list","block":{"attributes":{"management_cluster_name":{"type":"string","description":"Name of the management cluster","description_kind":"plain","optional":true},"name":{"type":"string","description":"Name of this cluster","description_kind":"plain","required":true},"provisioner_name":{"type":"string","description":"Provisioner of the cluster","description_kind":"plain","optional":true}},"description":"The schema for cluster full name","description_kind":"plain"},"max_items":1},"cluster_group":{"nesting_mode":"list","block":{"attributes":{"name":{"type":"string","description":"Name of the cluster group","description_kind":"plain","required":true}},"description":"The schema for cluster group full name","description_kind":"plain"},"max_items":1}},"description":"Scope for the Helm feature, having one of the valid scopes: cluster, cluster_group.","description_kind":"plain"},"min_items":1,"max_items":1}},"description_kind":"plain"}},"tanzu-mission-control_helm_repository":{"version":0,"block":{"attributes":{"id":{"type":"string","description_kind":"plain","optional":true,"computed":true},"name":{"type":"string","description":"Name of the helm repository.","description_kind":"plain","optional":true},"namespace_name":{"type":"string","description":"Name of Namespace.","description_kind":"plain","optional":true},"spec":{"type":["list",["object",{"url":"string"}]],"description":"Spec for the Helm Repository.","description_kind":"plain","computed":true},"status":{"type":["map","string"],"description":"Status for the Helm Repository resource.","description_kind":"plain","computed":true}},"block_types":{"meta":{"nesting_mode":"list","block":{"attributes":{"annotations":{"type":["map","string"],"description":"Annotations for the resource","description_kind":"plain","optional":true,"computed":true},"description":{"type":"string","description":"Description of the resource","description_kind":"plain","optional":true},"labels":{"type":["map","string"],"description":"Labels for the resource","description_kind":"plain","optional":true},"resource_version":{"type":"string","description":"Resource version of the resource","description_kind":"plain","computed":true},"uid":{"type":"string","description":"UID of the resource","description_kind":"plain","computed":true}},"description":"Metadata for the resource","description_kind":"plain"},"max_items":1},"scope":{"nesting_mode":"list","block":{"block_types":{"cluster":{"nesting_mode":"list","block":{"attributes":{"management_cluster_name":{"type":"string","description":"Name of the management cluster","description_kind":"plain","optional":true},"name":{"type":"string","description":"Name of this cluster","description_kind":"plain","required":true},"provisioner_name":{"type":"string","description":"Provisioner of the cluster","description_kind":"plain","optional":true}},"description":"The schema for cluster full name","description_kind":"plain"},"max_items":1}},"description":"Scope for the Helm Repository, having one of the valid scopes: cluster.","description_kind":"plain"},"min_items":1,"max_items":1}},"description_kind":"plain"}},"tanzu-mission-control_inspection_results":{"version":0,"block":{"attributes":{"cluster_name":{"type":"string","description":"Cluster name.","description_kind":"plain","required":true},"id":{"type":"string","description_kind":"plain","optional":true,"computed":true},"management_cluster_name":{"type":"string","description":"Management cluster name.","description_kind":"plain","required":true},"name":{"type":"string","description":"Inspection name.","description_kind":"plain","required":true},"provisioner_name":{"type":"string","description":"Cluster provisioner name.","description_kind":"plain","required":true},"status":{"type":["map","string"],"description":"Status of inspection resource","description_kind":"plain","computed":true}},"description_kind":"plain"}},"tanzu-mission-control_inspections":{"version":0,"block":{"attributes":{"cluster_name":{"type":"string","description":"Cluster name.","description_kind":"plain","required":true},"id":{"type":"string","description_kind":"plain","optional":true,"computed":true},"inspections":{"type":["list",["object",{"cluster_name":"string","management_cluster_name":"string","name":"string","provisioner_name":"string","status":["map","string"]}]],"description":"Inspection objects.","description_kind":"plain","computed":true},"management_cluster_name":{"type":"string","description":"Management cluster name.","description_kind":"plain","required":true},"name":{"type":"string","description":"Inspection name.","description_kind":"plain","optional":true},"provisioner_name":{"type":"string","description":"Cluster provisioner name.","description_kind":"plain","required":true},"total_count":{"type":"string","description":"Total count of inspections returned.","description_kind":"plain","computed":true}},"description_kind":"plain"}},"tanzu-mission-control_integration":{"version":0,"block":{"attributes":{"cluster_name":{"type":"string","description":"Name of this cluster","description_kind":"plain","required":true},"id":{"type":"string","description_kind":"plain","optional":true,"computed":true},"integration_name":{"type":"string","description":"Name of the Integration; valid options are currently only ['tanzu-service-mesh']","description_kind":"plain","required":true},"management_cluster_name":{"type":"string","description":"Name of the management cluster","description_kind":"plain","optional":true},"provisioner_name":{"type":"string","description":"Provisioner of the cluster","description_kind":"plain","optional":true},"status":{"type":["map","string"],"description":"Status of Integration","description_kind":"plain","computed":true}},"block_types":{"meta":{"nesting_mode":"list","block":{"attributes":{"annotations":{"type":["map","string"],"description":"Annotations for the resource","description_kind":"plain","optional":true,"computed":true},"description":{"type":"string","description":"Description of the resource","description_kind":"plain","optional":true},"labels":{"type":["map","string"],"description":"Labels for the resource","description_kind":"plain","optional":true},"resource_version":{"type":"string","description":"Resource version of the resource","description_kind":"plain","computed":true},"uid":{"type":"string","description":"UID of the resource","description_kind":"plain","computed":true}},"description":"Metadata for the resource","description_kind":"plain"},"max_items":1},"spec":{"nesting_mode":"list","block":{"attributes":{"configurations":{"type":"string","description":"Integration specific configurations in JSON format","description_kind":"plain","optional":true}},"description":"Specification for the Integration","description_kind":"plain"},"min_items":1,"max_items":1}},"description_kind":"plain"}},"tanzu-mission-control_kubernetes_secret":{"version":0,"block":{"attributes":{"export":{"type":"bool","description":"Export the secret to all namespaces.","description_kind":"plain","computed":true},"id":{"type":"string","description_kind":"plain","optional":true,"computed":true},"name":{"type":"string","description":"Name of the secret resource.","description_kind":"plain","required":true},"namespace_name":{"type":"string","description":"Name of Namespace where secret will be created.","description_kind":"plain","required":true},"org_id":{"type":"string","description":"ID of Organization.","description_kind":"plain","optional":true},"spec":{"type":["list",["object",{"docker_config_json":["list",["object",{"image_registry_url":"string","password":"string","username":"string"}]],"opaque":["map","string"]}]],"description":"Spec for the kubernetes secret","description_kind":"plain","computed":true},"status":{"type":["map","string"],"description":"Status for the kubernetes Secret.","description_kind":"plain","computed":true}},"block_types":{"meta":{"nesting_mode":"list","block":{"attributes":{"annotations":{"type":["map","string"],"description":"Annotations for the resource","description_kind":"plain","optional":true,"computed":true},"description":{"type":"string","description":"Description of the resource","description_kind":"plain","optional":true},"labels":{"type":["map","string"],"description":"Labels for the resource","description_kind":"plain","optional":true},"resource_version":{"type":"string","description":"Resource version of the resource","description_kind":"plain","computed":true},"uid":{"type":"string","description":"UID of the resource","description_kind":"plain","computed":true}},"description":"Metadata for the resource","description_kind":"plain"},"max_items":1},"scope":{"nesting_mode":"list","block":{"block_types":{"cluster":{"nesting_mode":"list","block":{"attributes":{"management_cluster_name":{"type":"string","description":"Name of the management cluster","description_kind":"plain","optional":true},"name":{"type":"string","description":"Name of this cluster","description_kind":"plain","required":true},"provisioner_name":{"type":"string","description":"Provisioner of the cluster","description_kind":"plain","optional":true}},"description":"The schema for cluster full name","description_kind":"plain"},"max_items":1},"cluster_group":{"nesting_mode":"list","block":{"attributes":{"name":{"type":"string","description":"Name of the cluster group","description_kind":"plain","required":true}},"description":"The schema for cluster group full name","description_kind":"plain"},"max_items":1}},"description":"Scope for the kubernetes secret, having one of the valid scopes: cluster, cluster_group.","description_kind":"plain"},"min_items":1,"max_items":1}},"description_kind":"plain"}},"tanzu-mission-control_management_cluster":{"version":0,"block":{"attributes":{"id":{"type":"string","description_kind":"plain","optional":true,"computed":true},"name":{"type":"string","description":"Name of this management cluster","description_kind":"plain","required":true},"org_id":{"type":"string","description":"ID of Organization.","description_kind":"plain","optional":true},"ready_wait_timeout":{"type":"string","description":"Wait timeout duration.","description_kind":"plain","optional":true},"status":{"type":["map","string"],"description":"Status of the management cluster","description_kind":"plain","computed":true}},"block_types":{"meta":{"nesting_mode":"list","block":{"attributes":{"annotations":{"type":["map","string"],"description":"Annotations for the resource","description_kind":"plain","optional":true,"computed":true},"description":{"type":"string","description":"Description of the resource","description_kind":"plain","optional":true},"labels":{"type":["map","string"],"description":"Labels for the resource","description_kind":"plain","optional":true},"resource_version":{"type":"string","description":"Resource version of the resource","description_kind":"plain","computed":true},"uid":{"type":"string","description":"UID of the resource","description_kind":"plain","computed":true}},"description":"Metadata for the resource","description_kind":"plain"},"max_items":1},"register_management_cluster":{"nesting_mode":"list","block":{"attributes":{"tkgm_description":{"type":"string","description":"Register management cluster description for only TKGm","description_kind":"plain","optional":true},"tkgm_kubeconfig_file":{"type":"string","description":"Register management cluster KUBECONFIG path for only TKGm","description_kind":"plain","optional":true},"tkgm_kubeconfig_raw":{"type":"string","description":"Register management cluster KUBECONFIG for only TKGm","description_kind":"plain","optional":true,"sensitive":true}},"description_kind":"plain"},"max_items":1},"spec":{"nesting_mode":"list","block":{"attributes":{"cluster_group":{"type":"string","description":"Cluster group name to be used by default for workload clusters","description_kind":"plain","required":true},"image_registry":{"type":"string","description":"Image registry which is only allowed for TKGm","description_kind":"plain","optional":true},"kubernetes_provider_type":{"type":"string","description":"Kubernetes provider type","description_kind":"plain","required":true},"managed_workload_cluster_image_registry":{"type":"string","description":"Managed workload cluster image registry","description_kind":"plain","optional":true},"managed_workload_cluster_proxy_name":{"type":"string","description":"Managed workload cluster proxy name","description_kind":"plain","optional":true},"management_proxy_name":{"type":"string","description":"Management cluster proxy name","description_kind":"plain","optional":true}},"description_kind":"plain"},"max_items":1}},"description_kind":"plain"}},"tanzu-mission-control_namespace":{"version":0,"block":{"attributes":{"cluster_name":{"type":"string","description_kind":"plain","required":true},"id":{"type":"string","description_kind":"plain","optional":true,"computed":true},"management_cluster_name":{"type":"string","description_kind":"plain","optional":true},"name":{"type":"string","description_kind":"plain","required":true},"provisioner_name":{"type":"string","description_kind":"plain","optional":true},"status":{"type":["map","string"],"description_kind":"plain","computed":true}},"block_types":{"meta":{"nesting_mode":"list","block":{"attributes":{"annotations":{"type":["map","string"],"description":"Annotations for the resource","description_kind":"plain","optional":true,"computed":true},"description":{"type":"string","description":"Description of the resource","description_kind":"plain","optional":true},"labels":{"type":["map","string"],"description":"Labels for the resource","description_kind":"plain","optional":true},"resource_version":{"type":"string","description":"Resource version of the resource","description_kind":"plain","computed":true},"uid":{"type":"string","description":"UID of the resource","description_kind":"plain","computed":true}},"description":"Metadata for the resource","description_kind":"plain"},"max_items":1},"spec":{"nesting_mode":"list","block":{"attributes":{"attach":{"type":"bool","description_kind":"plain","optional":true},"workspace_name":{"type":"string","description_kind":"plain","optional":true}},"description_kind":"plain"},"max_items":1}},"description_kind":"plain"}},"tanzu-mission-control_package":{"version":0,"block":{"attributes":{"id":{"type":"string","description_kind":"plain","optional":true,"computed":true},"metadata_name":{"type":"string","description":"Metadata name of package.","description_kind":"plain","required":true},"name":{"type":"string","description":"Name of the package. It represents version of the Package metadata","description_kind":"plain","required":true},"namespace_name":{"type":"string","description":"Namespace of package.","description_kind":"plain","computed":true},"spec":{"type":["list",["object",{"capacity_requirements_description":"string","licenses":["set","string"],"release_notes":["list",["object",{"metadata_name":"string","url":"string","version":"string"}]],"released_at":"string","repository_name":"string","values_schema":["list",["object",{"template":["list",["object",{"raw":["list",["object",{"examples":["list",["object",{"namespace":"string"}]],"properties":["list",["object",{"namespace":["list",["object",{"default":"string","description":"string","type":"string"}]]}]],"title":"string"}]]}]]}]]}]],"description":"Spec for the Repository.","description_kind":"plain","computed":true}},"block_types":{"meta":{"nesting_mode":"list","block":{"attributes":{"annotations":{"type":["map","string"],"description":"Annotations for the resource","description_kind":"plain","optional":true,"computed":true},"description":{"type":"string","description":"Description of the resource","description_kind":"plain","optional":true},"labels":{"type":["map","string"],"description":"Labels for the resource","description_kind":"plain","optional":true},"resource_version":{"type":"string","description":"Resource version of the resource","description_kind":"plain","computed":true},"uid":{"type":"string","description":"UID of the resource","description_kind":"plain","computed":true}},"description":"Metadata for the resource","description_kind":"plain"},"max_items":1},"scope":{"nesting_mode":"list","block":{"block_types":{"cluster":{"nesting_mode":"list","block":{"attributes":{"management_cluster_name":{"type":"string","description":"Name of the management cluster","description_kind":"plain","optional":true},"name":{"type":"string","description":"Name of this cluster","description_kind":"plain","required":true},"provisioner_name":{"type":"string","description":"Provisioner of the cluster","description_kind":"plain","optional":true}},"description":"The schema for cluster full name","description_kind":"plain"},"max_items":1}},"description":"Scope for the data source, having one of the valid scopes: cluster.","description_kind":"plain"},"min_items":1,"max_items":1}},"description_kind":"plain"}},"tanzu-mission-control_package_install":{"version":0,"block":{"attributes":{"id":{"type":"string","description_kind":"plain","optional":true,"computed":true},"name":{"type":"string","description":"Name of the package install resource.","description_kind":"plain","required":true},"namespace":{"type":"string","description":"Name of Namespace where package install will be created.","description_kind":"plain","required":true},"spec":{"type":["list",["object",{"inline_values":["map","string"],"package_ref":["list",["object",{"package_metadata_name":"string","version_selection":["list",["object",{"constraints":"string"}]]}]],"role_binding_scope":"string"}]],"description":"spec for package install.","description_kind":"plain","computed":true},"status":{"type":["list",["object",{"generated_resources":["list",["object",{"cluster_role_name":"string","role_binding_name":"string","service_account_name":"string"}]],"managed":"bool","package_install_phase":"string","referred_by":["list","string"],"resolved_version":"string"}]],"description":"status for package install.","description_kind":"plain","computed":true}},"block_types":{"meta":{"nesting_mode":"list","block":{"attributes":{"annotations":{"type":["map","string"],"description":"Annotations for the resource","description_kind":"plain","optional":true,"computed":true},"description":{"type":"string","description":"Description of the resource","description_kind":"plain","optional":true},"labels":{"type":["map","string"],"description":"Labels for the resource","description_kind":"plain","optional":true},"resource_version":{"type":"string","description":"Resource version of the resource","description_kind":"plain","computed":true},"uid":{"type":"string","description":"UID of the resource","description_kind":"plain","computed":true}},"description":"Metadata for the resource","description_kind":"plain"},"max_items":1},"scope":{"nesting_mode":"list","block":{"block_types":{"cluster":{"nesting_mode":"list","block":{"attributes":{"management_cluster_name":{"type":"string","description":"Name of the management cluster","description_kind":"plain","optional":true},"name":{"type":"string","description":"Name of this cluster","description_kind":"plain","required":true},"provisioner_name":{"type":"string","description":"Provisioner of the cluster","description_kind":"plain","optional":true}},"description":"The schema for cluster full name","description_kind":"plain"},"max_items":1}},"description":"Scope for the package install, having one of the valid scopes: cluster.","description_kind":"plain"},"min_items":1,"max_items":1}},"description_kind":"plain"}},"tanzu-mission-control_package_repository":{"version":0,"block":{"attributes":{"disabled":{"type":"bool","description":"If true, Package Repository is disabled for cluster.","description_kind":"plain","optional":true},"id":{"type":"string","description_kind":"plain","optional":true,"computed":true},"name":{"type":"string","description":"Name of the package repository resource.","description_kind":"plain","required":true},"namespace_name":{"type":"string","description":"Name of Namespace where package repository will be created.","description_kind":"plain","computed":true},"spec":{"type":["list",["object",{"imgpkg_bundle":["list",["object",{"image":"string"}]]}]],"description":"spec for package repository.","description_kind":"plain","computed":true},"state":{"type":["list",["object",{"disabled":"bool","managed":"bool","package_repository_phase":"string","subscribed":"bool"}]],"description":"status for package repository.","description_kind":"plain","computed":true}},"block_types":{"meta":{"nesting_mode":"list","block":{"attributes":{"annotations":{"type":["map","string"],"description":"Annotations for the resource","description_kind":"plain","optional":true,"computed":true},"description":{"type":"string","description":"Description of the resource","description_kind":"plain","optional":true},"labels":{"type":["map","string"],"description":"Labels for the resource","description_kind":"plain","optional":true},"resource_version":{"type":"string","description":"Resource version of the resource","description_kind":"plain","computed":true},"uid":{"type":"string","description":"UID of the resource","description_kind":"plain","computed":true}},"description":"Metadata for the resource","description_kind":"plain"},"max_items":1},"scope":{"nesting_mode":"list","block":{"block_types":{"cluster":{"nesting_mode":"list","block":{"attributes":{"management_cluster_name":{"type":"string","description":"Name of the management cluster","description_kind":"plain","optional":true},"name":{"type":"string","description":"Name of this cluster","description_kind":"plain","required":true},"provisioner_name":{"type":"string","description":"Provisioner of the cluster","description_kind":"plain","optional":true}},"description":"The schema for cluster full name","description_kind":"plain"},"max_items":1}},"description":"Scope for the package repository, having one of the valid scopes: cluster.","description_kind":"plain"},"min_items":1,"max_items":1}},"description_kind":"plain"}},"tanzu-mission-control_packages":{"version":0,"block":{"attributes":{"id":{"type":"string","description_kind":"plain","optional":true,"computed":true},"metadata_name":{"type":"string","description":"Metadata name of package.","description_kind":"plain","optional":true},"namespace_name":{"type":"string","description":"Namespae of package.","description_kind":"plain","computed":true},"packages":{"type":["list",["object",{"name":"string","spec":["list",["object",{"capacity_requirements_description":"string","licenses":["set","string"],"release_notes":["list",["object",{"metadata_name":"string","url":"string","version":"string"}]],"released_at":"string","repository_name":"string","values_schema":["list",["object",{"template":["list",["object",{"raw":["list",["object",{"examples":["list",["object",{"namespace":"string"}]],"properties":["list",["object",{"namespace":["list",["object",{"default":"string","description":"string","type":"string"}]]}]],"title":"string"}]]}]]}]]}]]}]],"description_kind":"plain","computed":true}},"block_types":{"scope":{"nesting_mode":"list","block":{"block_types":{"cluster":{"nesting_mode":"list","block":{"attributes":{"management_cluster_name":{"type":"string","description":"Name of the management cluster","description_kind":"plain","optional":true},"name":{"type":"string","description":"Name of this cluster","description_kind":"plain","required":true},"provisioner_name":{"type":"string","description":"Provisioner of the cluster","description_kind":"plain","optional":true}},"description":"The schema for cluster full name","description_kind":"plain"},"max_items":1}},"description":"Scope for the data source, having one of the valid scopes: cluster.","description_kind":"plain"},"min_items":1,"max_items":1}},"description_kind":"plain"}},"tanzu-mission-control_permission_template":{"version":0,"block":{"attributes":{"credentials_name":{"type":"string","description":"The name of the credentials to get permission template for.","description_kind":"plain","required":true},"id":{"type":"string","description_kind":"plain","optional":true,"computed":true},"tanzu_capability":{"type":"string","description":"The Tanzu capability of the credentials.\nWhen tanzu_capability is set to 'DATA_PROTECTION' tanzu_provider must be set to 'AWS_EC2'.\nWhen tanzu_capability is set to 'MANAGED_K8S_PROVIDER' tanzu_provider must be set to 'AWS_EKS'.\nValid values are: [DATA_PROTECTION MANAGED_K8S_PROVIDER]","description_kind":"plain","required":true},"tanzu_provider":{"type":"string","description":"The Tanzu provider of the credentials.\nWhen tanzu_provider is set to 'AWS_EC2' tanzu_capability must be set to 'DATA_PROTECTION'.\nWhen tanzu_provider is set to 'AWS_EKS' tanzu_capability must be set to 'MANAGED_K8S_PROVIDER'.\nValid values are: [AWS_EC2 AWS_EKS]","description_kind":"plain","required":true},"template":{"type":"string","description":"Base64 encoded permission template.","description_kind":"plain","computed":true},"template_url":{"type":"string","description":"URL for permission template.","description_kind":"plain","computed":true},"template_values":{"type":["map","string"],"description":"Values to be sent as parameters for the template.","description_kind":"plain","computed":true},"undefined_template_values":{"type":["map","string"],"description":"Values which are not defined in the template parameters definition.","description_kind":"plain","computed":true}},"description_kind":"plain"}},"tanzu-mission-control_provisioner":{"version":0,"block":{"attributes":{"id":{"type":"string","description_kind":"plain","optional":true,"computed":true}},"block_types":{"provisioners":{"nesting_mode":"list","block":{"attributes":{"management_cluster":{"type":"string","description":"Name of the management cluster","description_kind":"plain","required":true},"name":{"type":"string","description":"Name of the provisioner","description_kind":"plain","optional":true},"org_id":{"type":"string","description":"ID of the organization","description_kind":"plain","optional":true}},"block_types":{"meta":{"nesting_mode":"list","block":{"attributes":{"annotations":{"type":["map","string"],"description":"Annotations for the resource","description_kind":"plain","optional":true,"computed":true},"description":{"type":"string","description":"Description of the resource","description_kind":"plain","optional":true},"labels":{"type":["map","string"],"description":"Labels for the resource","description_kind":"plain","optional":true},"resource_version":{"type":"string","description":"Resource version of the resource","description_kind":"plain","computed":true},"uid":{"type":"string","description":"UID of the resource","description_kind":"plain","computed":true}},"description":"Metadata for the resource","description_kind":"plain"},"max_items":1}},"description":"Provisioners info","description_kind":"plain"}}},"description_kind":"plain"}},"tanzu-mission-control_repository_credential":{"version":0,"block":{"attributes":{"id":{"type":"string","description_kind":"plain","optional":true,"computed":true},"name":{"type":"string","description":"Name of the source secret.","description_kind":"plain","required":true},"org_id":{"type":"string","description":"ID of Organization.","description_kind":"plain","optional":true},"spec":{"type":["list",["object",{"data":["list",["object",{"ssh_key":["list",["object",{"identity":"string","known_hosts":"string"}]],"username_password":["list",["object",{"password":"string","username":"string"}]]}]]}]],"description":"Spec for source secret.","description_kind":"plain","computed":true}},"block_types":{"meta":{"nesting_mode":"list","block":{"attributes":{"annotations":{"type":["map","string"],"description":"Annotations for the resource","description_kind":"plain","optional":true,"computed":true},"description":{"type":"string","description":"Description of the resource","description_kind":"plain","optional":true},"labels":{"type":["map","string"],"description":"Labels for the resource","description_kind":"plain","optional":true},"resource_version":{"type":"string","description":"Resource version of the resource","description_kind":"plain","computed":true},"uid":{"type":"string","description":"UID of the resource","description_kind":"plain","computed":true}},"description":"Metadata for the resource","description_kind":"plain"},"max_items":1},"scope":{"nesting_mode":"list","block":{"block_types":{"cluster":{"nesting_mode":"list","block":{"attributes":{"management_cluster_name":{"type":"string","description":"Name of the management cluster","description_kind":"plain","optional":true},"name":{"type":"string","description":"Name of this cluster","description_kind":"plain","required":true},"provisioner_name":{"type":"string","description":"Provisioner of the cluster","description_kind":"plain","optional":true}},"description":"The schema for cluster full name","description_kind":"plain"},"max_items":1},"cluster_group":{"nesting_mode":"list","block":{"attributes":{"name":{"type":"string","description":"Name of the cluster group","description_kind":"plain","required":true}},"description":"The schema for cluster group full name","description_kind":"plain"},"max_items":1}},"description":"Scope for the source secret, having one of the valid scopes: cluster, cluster_group.","description_kind":"plain"},"min_items":1,"max_items":1}},"description_kind":"plain"}},"tanzu-mission-control_target_location":{"version":0,"block":{"attributes":{"id":{"type":"string","description_kind":"plain","optional":true,"computed":true},"include_total_count":{"type":"bool","description":"Whether to include total count of target locations.\n(Default: True)","description_kind":"plain","optional":true},"query":{"type":"string","description":"Define a query for listing target locations","description_kind":"plain","optional":true},"sort_by":{"type":"string","description":"Sort target locations by field.","description_kind":"plain","optional":true},"target_locations":{"type":["list",["object",{"meta":["list",["object",{"annotations":["map","string"],"description":"string","labels":["map","string"],"resource_version":"string","uid":"string"}]],"name":"string","spec":["list",["object",{"assigned_groups":["list",["object",{"cluster":["list",["object",{"management_cluster_name":"string","name":"string","provisioner_name":"string"}]],"cluster_groups":["list","string"]}]],"bucket":"string","ca_cert":"string","config":["list",["object",{"aws":["list",["object",{"s3_bucket_url":"string","s3_force_path_style":"bool","s3_public_url":"string"}]],"azure":["list",["object",{"resource_group":"string","storage_account":"string","subscription_id":"string"}]]}]],"credential":["map","string"],"region":"string","sys_bucket_key":"string","sys_region_key":"string","target_provider":"string"}]]}]],"description":"A list of target locations returned","description_kind":"plain","computed":true},"total_count":{"type":"string","description":"Total count of target locations returned","description_kind":"plain","computed":true}},"block_types":{"scope":{"nesting_mode":"list","block":{"block_types":{"cluster":{"nesting_mode":"list","block":{"attributes":{"cluster_name":{"type":"string","description":"Cluster name","description_kind":"plain","required":true},"management_cluster_name":{"type":"string","description":"Management cluster name","description_kind":"plain","optional":true},"name":{"type":"string","description":"The name of the target location","description_kind":"plain","optional":true},"provisioner_name":{"type":"string","description":"Cluster provisioner name","description_kind":"plain","optional":true}},"description_kind":"plain"},"max_items":1},"provider":{"nesting_mode":"list","block":{"attributes":{"assigned_group_name":{"type":"string","description":"A cluster or cluster group assigned for the target location.","description_kind":"plain","optional":true},"credential_name":{"type":"string","description":"The name of the credentials used for the target location.","description_kind":"plain","optional":true},"name":{"type":"string","description":"The name of the target location.","description_kind":"plain","optional":true}},"description_kind":"plain"},"max_items":1}},"description":"Search scope block can contain either cluster scope or provider scope but not both.","description_kind":"plain"},"min_items":1,"max_items":1}},"description_kind":"plain"}},"tanzu-mission-control_workspace":{"version":0,"block":{"attributes":{"id":{"type":"string","description_kind":"plain","optional":true,"computed":true},"name":{"type":"string","description_kind":"plain","required":true}},"block_types":{"meta":{"nesting_mode":"list","block":{"attributes":{"annotations":{"type":["map","string"],"description":"Annotations for the resource","description_kind":"plain","optional":true,"computed":true},"description":{"type":"string","description":"Description of the resource","description_kind":"plain","optional":true},"labels":{"type":["map","string"],"description":"Labels for the resource","description_kind":"plain","optional":true},"resource_version":{"type":"string","description":"Resource version of the resource","description_kind":"plain","computed":true},"uid":{"type":"string","description":"UID of the resource","description_kind":"plain","computed":true}},"description":"Metadata for the resource","description_kind":"plain"},"max_items":1}},"description_kind":"plain"}}}}}}
